
Microsoft Visual Studio Solution File, Format Version 12.00
# Visual Studio Version 17
VisualStudioVersion = 17.0.31903.59
MinimumVisualStudioVersion = 10.0.40219.1
Project("{FAE04EC0-301F-11D3-BF4B-00C04F79EFBC}") = "TournamentManager.Api", "TournamentManager.Api\TournamentManager.Api.csproj", "{068D3355-70F7-4710-90E8-E75E5F74BCBE}"
EndProject
Project("{FAE04EC0-301F-11D3-BF4B-00C04F79EFBC}") = "TournamentManager.Application", "TournamentManager.Application\TournamentManager.Application.csproj", "{DC1093C0-C471-4952-A333-8F82FFE9AAD0}"
EndProject
Project("{FAE04EC0-301F-11D3-BF4B-00C04F79EFBC}") = "TournamentManager.Domain", "TournamentManager.Domain\TournamentManager.Domain.csproj", "{9980A864-FCCF-4F7C-8342-83BA3AC56A70}"
EndProject
Project("{FAE04EC0-301F-11D3-BF4B-00C04F79EFBC}") = "TournamentManager.Infrastructure", "TournamentManager.Infrastructure\TournamentManager.Infrastructure.csproj", "{12C87F47-BB59-4EA2-9FAB-61F2DDBF101D}"
EndProject
Project("{FAE04EC0-301F-11D3-BF4B-00C04F79EFBC}") = "TournamentManager.Api.Test", "TournamentManager.Api.Test\TournamentManager.Api.Test.csproj", "{5C539AC1-19D5-43CF-A5D0-440EFDACB30A}"
EndProject
Project("{FAE04EC0-301F-11D3-BF4B-00C04F79EFBC}") = "TournamentManager.Application.Test", "TournamentManager.Application.Test\TournamentManager.Application.Test.csproj", "{D57745CD-2B93-437C-8868-94034FC9D558}"
EndProject
Project("{FAE04EC0-301F-11D3-BF4B-00C04F79EFBC}") = "TournamentManager.Infrastructure.Test", "TournamentManager.Infrastructure.Test\TournamentManager.Infrastructure.Test.csproj", "{3E799EE3-4183-4447-B6DC-079B962A1312}"
EndProject
Project("{FAE04EC0-301F-11D3-BF4B-00C04F79EFBC}") = "TournamentManager.Domain.Test", "TournamentManager.Domain.Test\TournamentManager.Domain.Test.csproj", "{1F9BC8F9-876F-4D88-84B4-285E3C12ACB2}"
EndProject
Global
	GlobalSection(SolutionConfigurationPlatforms) = preSolution
		Debug|Any CPU = Debug|Any CPU
		Release|Any CPU = Release|Any CPU
	EndGlobalSection
	GlobalSection(SolutionProperties) = preSolution
		HideSolutionNode = FALSE
	EndGlobalSection
	GlobalSection(ProjectConfigurationPlatforms) = postSolution
		{068D3355-70F7-4710-90E8-E75E5F74BCBE}.Debug|Any CPU.ActiveCfg = Debug|Any CPU
		{068D3355-70F7-4710-90E8-E75E5F74BCBE}.Debug|Any CPU.Build.0 = Debug|Any CPU
		{068D3355-70F7-4710-90E8-E75E5F74BCBE}.Release|Any CPU.ActiveCfg = Release|Any CPU
		{068D3355-70F7-4710-90E8-E75E5F74BCBE}.Release|Any CPU.Build.0 = Release|Any CPU
		{DC1093C0-C471-4952-A333-8F82FFE9AAD0}.Debug|Any CPU.ActiveCfg = Debug|Any CPU
		{DC1093C0-C471-4952-A333-8F82FFE9AAD0}.Debug|Any CPU.Build.0 = Debug|Any CPU
		{DC1093C0-C471-4952-A333-8F82FFE9AAD0}.Release|Any CPU.ActiveCfg = Release|Any CPU
		{DC1093C0-C471-4952-A333-8F82FFE9AAD0}.Release|Any CPU.Build.0 = Release|Any CPU
		{9980A864-FCCF-4F7C-8342-83BA3AC56A70}.Debug|Any CPU.ActiveCfg = Debug|Any CPU
		{9980A864-FCCF-4F7C-8342-83BA3AC56A70}.Debug|Any CPU.Build.0 = Debug|Any CPU
		{9980A864-FCCF-4F7C-8342-83BA3AC56A70}.Release|Any CPU.ActiveCfg = Release|Any CPU
		{9980A864-FCCF-4F7C-8342-83BA3AC56A70}.Release|Any CPU.Build.0 = Release|Any CPU
		{12C87F47-BB59-4EA2-9FAB-61F2DDBF101D}.Debug|Any CPU.ActiveCfg = Debug|Any CPU
		{12C87F47-BB59-4EA2-9FAB-61F2DDBF101D}.Debug|Any CPU.Build.0 = Debug|Any CPU
		{12C87F47-BB59-4EA2-9FAB-61F2DDBF101D}.Release|Any CPU.ActiveCfg = Release|Any CPU
		{12C87F47-BB59-4EA2-9FAB-61F2DDBF101D}.Release|Any CPU.Build.0 = Release|Any CPU
		{5C539AC1-19D5-43CF-A5D0-440EFDACB30A}.Debug|Any CPU.ActiveCfg = Debug|Any CPU
		{5C539AC1-19D5-43CF-A5D0-440EFDACB30A}.Debug|Any CPU.Build.0 = Debug|Any CPU
		{5C539AC1-19D5-43CF-A5D0-440EFDACB30A}.Release|Any CPU.ActiveCfg = Release|Any CPU
		{5C539AC1-19D5-43CF-A5D0-440EFDACB30A}.Release|Any CPU.Build.0 = Release|Any CPU
		{D57745CD-2B93-437C-8868-94034FC9D558}.Debug|Any CPU.ActiveCfg = Debug|Any CPU
		{D57745CD-2B93-437C-8868-94034FC9D558}.Debug|Any CPU.Build.0 = Debug|Any CPU
		{D57745CD-2B93-437C-8868-94034FC9D558}.Release|Any CPU.ActiveCfg = Release|Any CPU
		{D57745CD-2B93-437C-8868-94034FC9D558}.Release|Any CPU.Build.0 = Release|Any CPU
		{3E799EE3-4183-4447-B6DC-079B962A1312}.Debug|Any CPU.ActiveCfg = Debug|Any CPU
		{3E799EE3-4183-4447-B6DC-079B962A1312}.Debug|Any CPU.Build.0 = Debug|Any CPU
		{3E799EE3-4183-4447-B6DC-079B962A1312}.Release|Any CPU.ActiveCfg = Release|Any CPU
		{3E799EE3-4183-4447-B6DC-079B962A1312}.Release|Any CPU.Build.0 = Release|Any CPU
		{1F9BC8F9-876F-4D88-84B4-285E3C12ACB2}.Debug|Any CPU.ActiveCfg = Debug|Any CPU
		{1F9BC8F9-876F-4D88-84B4-285E3C12ACB2}.Debug|Any CPU.Build.0 = Debug|Any CPU
		{1F9BC8F9-876F-4D88-84B4-285E3C12ACB2}.Release|Any CPU.ActiveCfg = Release|Any CPU
		{1F9BC8F9-876F-4D88-84B4-285E3C12ACB2}.Release|Any CPU.Build.0 = Release|Any CPU
	EndGlobalSection
EndGlobal
