
Microsoft Visual Studio Solution File, Format Version 12.00
# Visual Studio Version 17
VisualStudioVersion = 17.0.31903.59
MinimumVisualStudioVersion = 10.0.40219.1
Project("{FAE04EC0-301F-11D3-BF4B-00C04F79EFBC}") = "TournamentManager.Api", "TournamentManager.Api\TournamentManager.Api.csproj", "{068D3355-70F7-4710-90E8-E75E5F74BCBE}"
EndProject
Project("{FAE04EC0-301F-11D3-BF4B-00C04F79EFBC}") = "TournamentManager.Application", "TournamentManager.Application\TournamentManager.Application.csproj", "{DC1093C0-C471-4952-A333-8F82FFE9AAD0}"
EndProject
Project("{FAE04EC0-301F-11D3-BF4B-00C04F79EFBC}") = "TournamentManager.Domain", "TournamentManager.Domain\TournamentManager.Domain.csproj", "{9980A864-FCCF-4F7C-8342-83BA3AC56A70}"
EndProject
Project("{FAE04EC0-301F-11D3-BF4B-00C04F79EFBC}") = "TournamentManager.Infrastructure", "TournamentManager.Infrastructure\TournamentManager.Infrastructure.csproj", "{12C87F47-BB59-4EA2-9FAB-61F2DDBF101D}"
EndProject
Project("{FAE04EC0-301F-11D3-BF4B-00C04F79EFBC}") = "TournamentManager.Api.Test", "TournamentManager.Api.Test\TournamentManager.Api.Test.csproj", "{5C539AC1-19D5-43CF-A5D0-440EFDACB30A}"
EndProject
Project("{FAE04EC0-301F-11D3-BF4B-00C04F79EFBC}") = "TournamentManager.Application.Test", "TournamentManager.Application.Test\TournamentManager.Application.Test.csproj", "{D57745CD-2B93-437C-8868-94034FC9D558}"
EndProject
Project("{FAE04EC0-301F-11D3-BF4B-00C04F79EFBC}") = "TournamentManager.Infrastructure.Test", "TournamentManager.Infrastructure.Test\TournamentManager.Infrastructure.Test.csproj", "{3E799EE3-4183-4447-B6DC-079B962A1312}"
EndProject
Project("{FAE04EC0-301F-11D3-BF4B-00C04F79EFBC}") = "TournamentManager.Domain.Test", "TournamentManager.Domain.Test\TournamentManager.Domain.Test.csproj", "{1F9BC8F9-876F-4D88-84B4-285E3C12ACB2}"
EndProject
Project("{FAE04EC0-301F-11D3-BF4B-00C04F79EFBC}") = "TournamentManager.TestHelper", "TournamentManager.TestHelper\TournamentManager.TestHelper.csproj", "{85FA7D93-E71E-46E5-9514-DA87831D8210}"
EndProject
Project("{FAE04EC0-301F-11D3-BF4B-00C04F79EFBC}") = "EventBus", "EventBus\EventBus.csproj", "{F7B13377-C768-4A85-BAF6-E916D80AB44D}"
EndProject
Project("{2150E333-8FDC-42A3-9474-1A3956D46DE8}") = "Design.Test", "Design.Test", "{FD45C50A-5C20-4A1A-B4A4-155C890D021D}"
EndProject
Project("{2150E333-8FDC-42A3-9474-1A3956D46DE8}") = "Design", "Design", "{CD928FE8-A9E0-4352-89AA-DBDBE7AE3203}"
EndProject
Project("{FAE04EC0-301F-11D3-BF4B-00C04F79EFBC}") = "Design.Api", "Design\Design.Api\Design.Api.csproj", "{48696B02-1DE7-4315-B034-28B6537896EA}"
EndProject
Project("{FAE04EC0-301F-11D3-BF4B-00C04F79EFBC}") = "Design.Application", "Design\Design.Application\Design.Application.csproj", "{A8C7DF26-A545-4361-8D50-6ED0D5009AAA}"
EndProject
Project("{FAE04EC0-301F-11D3-BF4B-00C04F79EFBC}") = "Design.Domain", "Design\Design.Domain\Design.Domain.csproj", "{01C3AC9D-5C8D-4A8E-9354-F9329793322B}"
EndProject
Project("{FAE04EC0-301F-11D3-BF4B-00C04F79EFBC}") = "Design.Infrastructure", "Design\Design.Infrastructure\Design.Infrastructure.csproj", "{06990D14-C36C-467B-A830-853BB76D53D6}"
EndProject
Project("{FAE04EC0-301F-11D3-BF4B-00C04F79EFBC}") = "Test.Design.Domain", "Design.Test\Test.Design.Domain\Test.Design.Domain.csproj", "{81FE9038-B6ED-4423-9A72-7591D8CA52E1}"
EndProject
Project("{FAE04EC0-301F-11D3-BF4B-00C04F79EFBC}") = "Test.Design.Infrastructure", "Design.Test\Test.Design.Infrastructure\Test.Design.Infrastructure.csproj", "{E81700B5-D1C5-451D-A308-46AA789E9442}"
EndProject
Project("{FAE04EC0-301F-11D3-BF4B-00C04F79EFBC}") = "Test.Design.Application", "Design.Test\Test.Design.Application\Test.Design.Application.csproj", "{7E1478F7-AA7C-40EC-8C95-9BFD45B4630F}"
EndProject
Project("{FAE04EC0-301F-11D3-BF4B-00C04F79EFBC}") = "Test.Design.Api", "Design.Test\Test.Design.Api\Test.Design.Api.csproj", "{6C606B74-4311-4DAE-9FA4-B3D7BD659345}"
EndProject
Project("{2150E333-8FDC-42A3-9474-1A3956D46DE8}") = "Modules", "Modules", "{CA253913-39DE-BFD0-C9A3-4B7EC6FBDF17}"
EndProject
Project("{2150E333-8FDC-42A3-9474-1A3956D46DE8}") = "Templates", "Templates", "{C85EA180-0BFC-26C4-3C54-D13AF55619A0}"
EndProject
Project("{FAE04EC0-301F-11D3-BF4B-00C04F79EFBC}") = "Templates.Api", "Modules\Templates\Templates.Api\Templates.Api.csproj", "{BB145CCC-B032-4D57-ACA8-1E4B85F4E237}"
EndProject
Project("{FAE04EC0-301F-11D3-BF4B-00C04F79EFBC}") = "Templates.Application", "Modules\Templates\Templates.Application\Templates.Application.csproj", "{F5271D48-D638-47EA-A940-180D48FA0A12}"
EndProject
Project("{FAE04EC0-301F-11D3-BF4B-00C04F79EFBC}") = "Templates.Domain", "Modules\Templates\Templates.Domain\Templates.Domain.csproj", "{5D44949C-41D1-4C89-BFF0-89751620C8CC}"
EndProject
Project("{FAE04EC0-301F-11D3-BF4B-00C04F79EFBC}") = "Templates.Test", "Modules\Templates\Templates.Test\Templates.Test.csproj", "{3B037E3F-40CC-428D-9FE6-E1077F1C831D}"
EndProject
Project("{2150E333-8FDC-42A3-9474-1A3956D46DE8}") = "Design", "Design", "{AD2EC51B-67E0-7A23-BB90-F38C2E728003}"
EndProject
Project("{FAE04EC0-301F-11D3-BF4B-00C04F79EFBC}") = "Design.Api", "Modules\Design\Design.Api\Design.Api.csproj", "{A85873C9-527B-4D82-A095-2A5095C5AD8E}"
EndProject
Project("{FAE04EC0-301F-11D3-BF4B-00C04F79EFBC}") = "Design.Application", "Modules\Design\Design.Application\Design.Application.csproj", "{85A33405-867E-407C-A0B3-AAEF62F483FF}"
EndProject
Project("{FAE04EC0-301F-11D3-BF4B-00C04F79EFBC}") = "Design.Domain", "Modules\Design\Design.Domain\Design.Domain.csproj", "{6346923B-0CDD-45B8-B8EA-B74B067D2B84}"
EndProject
Project("{FAE04EC0-301F-11D3-BF4B-00C04F79EFBC}") = "Design.Test", "Modules\Design\Design.Test\Design.Test.csproj", "{8CEA24E8-DD6C-425F-BB35-E9482119AFFF}"
EndProject
Project("{2150E333-8FDC-42A3-9474-1A3956D46DE8}") = "Generation", "Generation", "{7DE1F934-7CCF-E3EE-A908-C1647228BE54}"
EndProject
Project("{FAE04EC0-301F-11D3-BF4B-00C04F79EFBC}") = "Generation.Api", "Modules\Generation\Generation.Api\Generation.Api.csproj", "{80857BD6-BEE9-4F3B-8090-E502DDCED0AC}"
EndProject
Project("{FAE04EC0-301F-11D3-BF4B-00C04F79EFBC}") = "Generation.Application", "Modules\Generation\Generation.Application\Generation.Application.csproj", "{2387897A-E0DF-4FE4-9E81-BEF9B286303D}"
EndProject
Project("{FAE04EC0-301F-11D3-BF4B-00C04F79EFBC}") = "Generation.Domain", "Modules\Generation\Generation.Domain\Generation.Domain.csproj", "{08569F8B-561F-468A-9E59-21DE0EAF6433}"
EndProject
Project("{FAE04EC0-301F-11D3-BF4B-00C04F79EFBC}") = "Generation.Test", "Modules\Generation\Generation.Test\Generation.Test.csproj", "{4579F089-3695-4AC7-BC67-DF9C9A547634}"
EndProject
Project("{2150E333-8FDC-42A3-9474-1A3956D46DE8}") = "Competition", "Competition", "{142EC8A7-3ED3-F1D5-72C0-B33FD9E7512F}"
EndProject
Project("{FAE04EC0-301F-11D3-BF4B-00C04F79EFBC}") = "Competition.Api", "Modules\Competition\Competition.Api\Competition.Api.csproj", "{435C1698-3E6B-477E-B49C-E7CFDC49AA61}"
EndProject
Project("{FAE04EC0-301F-11D3-BF4B-00C04F79EFBC}") = "Competition.Application", "Modules\Competition\Competition.Application\Competition.Application.csproj", "{84AFB7C5-8A1C-4950-946A-A01C80866A3B}"
EndProject
Project("{FAE04EC0-301F-11D3-BF4B-00C04F79EFBC}") = "Competition.Domain", "Modules\Competition\Competition.Domain\Competition.Domain.csproj", "{56727F32-06CD-4B47-9A2C-27826675B88B}"
EndProject
Project("{FAE04EC0-301F-11D3-BF4B-00C04F79EFBC}") = "Competition.Test", "Modules\Competition\Competition.Test\Competition.Test.csproj", "{C2E85C83-AAF5-4804-9533-F395B9F4F432}"
EndProject
Project("{2150E333-8FDC-42A3-9474-1A3956D46DE8}") = "Sports.TableTennis", "Sports.TableTennis", "{78C93EB0-24DF-82A4-F1B1-96E98AE41D44}"
EndProject
Project("{FAE04EC0-301F-11D3-BF4B-00C04F79EFBC}") = "Sports.TableTennis.Api", "Modules\Sports.TableTennis\Sports.TableTennis.Api\Sports.TableTennis.Api.csproj", "{EA82E1EF-4888-4C4C-9D20-BFA876025D20}"
EndProject
Project("{FAE04EC0-301F-11D3-BF4B-00C04F79EFBC}") = "Sports.TableTennis.Application", "Modules\Sports.TableTennis\Sports.TableTennis.Application\Sports.TableTennis.Application.csproj", "{4B57C887-0402-4AEA-BE74-B6690C3178F8}"
EndProject
Project("{FAE04EC0-301F-11D3-BF4B-00C04F79EFBC}") = "Sports.TableTennis.Domain", "Modules\Sports.TableTennis\Sports.TableTennis.Domain\Sports.TableTennis.Domain.csproj", "{4EF03034-5A12-42A9-A126-C711CA3D8EE1}"
EndProject
Project("{FAE04EC0-301F-11D3-BF4B-00C04F79EFBC}") = "Sports.TableTennis.Test", "Modules\Sports.TableTennis\Sports.TableTennis.Test\Sports.TableTennis.Test.csproj", "{E82F3206-2E80-435B-B9B5-AB243FDA8C1D}"
EndProject
Project("{2150E333-8FDC-42A3-9474-1A3956D46DE8}") = "Watch", "Watch", "{942087FA-8007-6B91-A3C0-CAD18D66AC9A}"
EndProject
Project("{FAE04EC0-301F-11D3-BF4B-00C04F79EFBC}") = "Watch.Api", "Modules\Watch\Watch.Api\Watch.Api.csproj", "{569A1966-F823-47C3-B440-5301069B1460}"
EndProject
Project("{FAE04EC0-301F-11D3-BF4B-00C04F79EFBC}") = "Watch.Application", "Modules\Watch\Watch.Application\Watch.Application.csproj", "{8880170D-A214-4D24-BB00-F856FAF4040F}"
EndProject
Project("{FAE04EC0-301F-11D3-BF4B-00C04F79EFBC}") = "Watch.Domain", "Modules\Watch\Watch.Domain\Watch.Domain.csproj", "{1155C9C6-8A81-4111-B9D5-BBA01418B56B}"
EndProject
Project("{FAE04EC0-301F-11D3-BF4B-00C04F79EFBC}") = "Watch.Test", "Modules\Watch\Watch.Test\Watch.Test.csproj", "{C6B0D0E7-2DE3-4555-8440-4D6FD8151FC2}"
EndProject
Global
	GlobalSection(SolutionConfigurationPlatforms) = preSolution
		Debug|Any CPU = Debug|Any CPU
		Debug|x64 = Debug|x64
		Debug|x86 = Debug|x86
		Release|Any CPU = Release|Any CPU
		Release|x64 = Release|x64
		Release|x86 = Release|x86
	EndGlobalSection
	GlobalSection(ProjectConfigurationPlatforms) = postSolution
		{068D3355-70F7-4710-90E8-E75E5F74BCBE}.Debug|Any CPU.ActiveCfg = Debug|Any CPU
		{068D3355-70F7-4710-90E8-E75E5F74BCBE}.Debug|Any CPU.Build.0 = Debug|Any CPU
		{068D3355-70F7-4710-90E8-E75E5F74BCBE}.Debug|x64.ActiveCfg = Debug|Any CPU
		{068D3355-70F7-4710-90E8-E75E5F74BCBE}.Debug|x64.Build.0 = Debug|Any CPU
		{068D3355-70F7-4710-90E8-E75E5F74BCBE}.Debug|x86.ActiveCfg = Debug|Any CPU
		{068D3355-70F7-4710-90E8-E75E5F74BCBE}.Debug|x86.Build.0 = Debug|Any CPU
		{068D3355-70F7-4710-90E8-E75E5F74BCBE}.Release|Any CPU.ActiveCfg = Release|Any CPU
		{068D3355-70F7-4710-90E8-E75E5F74BCBE}.Release|Any CPU.Build.0 = Release|Any CPU
		{068D3355-70F7-4710-90E8-E75E5F74BCBE}.Release|x64.ActiveCfg = Release|Any CPU
		{068D3355-70F7-4710-90E8-E75E5F74BCBE}.Release|x64.Build.0 = Release|Any CPU
		{068D3355-70F7-4710-90E8-E75E5F74BCBE}.Release|x86.ActiveCfg = Release|Any CPU
		{068D3355-70F7-4710-90E8-E75E5F74BCBE}.Release|x86.Build.0 = Release|Any CPU
		{DC1093C0-C471-4952-A333-8F82FFE9AAD0}.Debug|Any CPU.ActiveCfg = Debug|Any CPU
		{DC1093C0-C471-4952-A333-8F82FFE9AAD0}.Debug|Any CPU.Build.0 = Debug|Any CPU
		{DC1093C0-C471-4952-A333-8F82FFE9AAD0}.Debug|x64.ActiveCfg = Debug|Any CPU
		{DC1093C0-C471-4952-A333-8F82FFE9AAD0}.Debug|x64.Build.0 = Debug|Any CPU
		{DC1093C0-C471-4952-A333-8F82FFE9AAD0}.Debug|x86.ActiveCfg = Debug|Any CPU
		{DC1093C0-C471-4952-A333-8F82FFE9AAD0}.Debug|x86.Build.0 = Debug|Any CPU
		{DC1093C0-C471-4952-A333-8F82FFE9AAD0}.Release|Any CPU.ActiveCfg = Release|Any CPU
		{DC1093C0-C471-4952-A333-8F82FFE9AAD0}.Release|Any CPU.Build.0 = Release|Any CPU
		{DC1093C0-C471-4952-A333-8F82FFE9AAD0}.Release|x64.ActiveCfg = Release|Any CPU
		{DC1093C0-C471-4952-A333-8F82FFE9AAD0}.Release|x64.Build.0 = Release|Any CPU
		{DC1093C0-C471-4952-A333-8F82FFE9AAD0}.Release|x86.ActiveCfg = Release|Any CPU
		{DC1093C0-C471-4952-A333-8F82FFE9AAD0}.Release|x86.Build.0 = Release|Any CPU
		{9980A864-FCCF-4F7C-8342-83BA3AC56A70}.Debug|Any CPU.ActiveCfg = Debug|Any CPU
		{9980A864-FCCF-4F7C-8342-83BA3AC56A70}.Debug|Any CPU.Build.0 = Debug|Any CPU
		{9980A864-FCCF-4F7C-8342-83BA3AC56A70}.Debug|x64.ActiveCfg = Debug|Any CPU
		{9980A864-FCCF-4F7C-8342-83BA3AC56A70}.Debug|x64.Build.0 = Debug|Any CPU
		{9980A864-FCCF-4F7C-8342-83BA3AC56A70}.Debug|x86.ActiveCfg = Debug|Any CPU
		{9980A864-FCCF-4F7C-8342-83BA3AC56A70}.Debug|x86.Build.0 = Debug|Any CPU
		{9980A864-FCCF-4F7C-8342-83BA3AC56A70}.Release|Any CPU.ActiveCfg = Release|Any CPU
		{9980A864-FCCF-4F7C-8342-83BA3AC56A70}.Release|Any CPU.Build.0 = Release|Any CPU
		{9980A864-FCCF-4F7C-8342-83BA3AC56A70}.Release|x64.ActiveCfg = Release|Any CPU
		{9980A864-FCCF-4F7C-8342-83BA3AC56A70}.Release|x64.Build.0 = Release|Any CPU
		{9980A864-FCCF-4F7C-8342-83BA3AC56A70}.Release|x86.ActiveCfg = Release|Any CPU
		{9980A864-FCCF-4F7C-8342-83BA3AC56A70}.Release|x86.Build.0 = Release|Any CPU
		{12C87F47-BB59-4EA2-9FAB-61F2DDBF101D}.Debug|Any CPU.ActiveCfg = Debug|Any CPU
		{12C87F47-BB59-4EA2-9FAB-61F2DDBF101D}.Debug|Any CPU.Build.0 = Debug|Any CPU
		{12C87F47-BB59-4EA2-9FAB-61F2DDBF101D}.Debug|x64.ActiveCfg = Debug|Any CPU
		{12C87F47-BB59-4EA2-9FAB-61F2DDBF101D}.Debug|x64.Build.0 = Debug|Any CPU
		{12C87F47-BB59-4EA2-9FAB-61F2DDBF101D}.Debug|x86.ActiveCfg = Debug|Any CPU
		{12C87F47-BB59-4EA2-9FAB-61F2DDBF101D}.Debug|x86.Build.0 = Debug|Any CPU
		{12C87F47-BB59-4EA2-9FAB-61F2DDBF101D}.Release|Any CPU.ActiveCfg = Release|Any CPU
		{12C87F47-BB59-4EA2-9FAB-61F2DDBF101D}.Release|Any CPU.Build.0 = Release|Any CPU
		{12C87F47-BB59-4EA2-9FAB-61F2DDBF101D}.Release|x64.ActiveCfg = Release|Any CPU
		{12C87F47-BB59-4EA2-9FAB-61F2DDBF101D}.Release|x64.Build.0 = Release|Any CPU
		{12C87F47-BB59-4EA2-9FAB-61F2DDBF101D}.Release|x86.ActiveCfg = Release|Any CPU
		{12C87F47-BB59-4EA2-9FAB-61F2DDBF101D}.Release|x86.Build.0 = Release|Any CPU
		{5C539AC1-19D5-43CF-A5D0-440EFDACB30A}.Debug|Any CPU.ActiveCfg = Debug|Any CPU
		{5C539AC1-19D5-43CF-A5D0-440EFDACB30A}.Debug|Any CPU.Build.0 = Debug|Any CPU
		{5C539AC1-19D5-43CF-A5D0-440EFDACB30A}.Debug|x64.ActiveCfg = Debug|Any CPU
		{5C539AC1-19D5-43CF-A5D0-440EFDACB30A}.Debug|x64.Build.0 = Debug|Any CPU
		{5C539AC1-19D5-43CF-A5D0-440EFDACB30A}.Debug|x86.ActiveCfg = Debug|Any CPU
		{5C539AC1-19D5-43CF-A5D0-440EFDACB30A}.Debug|x86.Build.0 = Debug|Any CPU
		{5C539AC1-19D5-43CF-A5D0-440EFDACB30A}.Release|Any CPU.ActiveCfg = Release|Any CPU
		{5C539AC1-19D5-43CF-A5D0-440EFDACB30A}.Release|Any CPU.Build.0 = Release|Any CPU
		{5C539AC1-19D5-43CF-A5D0-440EFDACB30A}.Release|x64.ActiveCfg = Release|Any CPU
		{5C539AC1-19D5-43CF-A5D0-440EFDACB30A}.Release|x64.Build.0 = Release|Any CPU
		{5C539AC1-19D5-43CF-A5D0-440EFDACB30A}.Release|x86.ActiveCfg = Release|Any CPU
		{5C539AC1-19D5-43CF-A5D0-440EFDACB30A}.Release|x86.Build.0 = Release|Any CPU
		{D57745CD-2B93-437C-8868-94034FC9D558}.Debug|Any CPU.ActiveCfg = Debug|Any CPU
		{D57745CD-2B93-437C-8868-94034FC9D558}.Debug|Any CPU.Build.0 = Debug|Any CPU
		{D57745CD-2B93-437C-8868-94034FC9D558}.Debug|x64.ActiveCfg = Debug|Any CPU
		{D57745CD-2B93-437C-8868-94034FC9D558}.Debug|x64.Build.0 = Debug|Any CPU
		{D57745CD-2B93-437C-8868-94034FC9D558}.Debug|x86.ActiveCfg = Debug|Any CPU
		{D57745CD-2B93-437C-8868-94034FC9D558}.Debug|x86.Build.0 = Debug|Any CPU
		{D57745CD-2B93-437C-8868-94034FC9D558}.Release|Any CPU.ActiveCfg = Release|Any CPU
		{D57745CD-2B93-437C-8868-94034FC9D558}.Release|Any CPU.Build.0 = Release|Any CPU
		{D57745CD-2B93-437C-8868-94034FC9D558}.Release|x64.ActiveCfg = Release|Any CPU
		{D57745CD-2B93-437C-8868-94034FC9D558}.Release|x64.Build.0 = Release|Any CPU
		{D57745CD-2B93-437C-8868-94034FC9D558}.Release|x86.ActiveCfg = Release|Any CPU
		{D57745CD-2B93-437C-8868-94034FC9D558}.Release|x86.Build.0 = Release|Any CPU
		{3E799EE3-4183-4447-B6DC-079B962A1312}.Debug|Any CPU.ActiveCfg = Debug|Any CPU
		{3E799EE3-4183-4447-B6DC-079B962A1312}.Debug|Any CPU.Build.0 = Debug|Any CPU
		{3E799EE3-4183-4447-B6DC-079B962A1312}.Debug|x64.ActiveCfg = Debug|Any CPU
		{3E799EE3-4183-4447-B6DC-079B962A1312}.Debug|x64.Build.0 = Debug|Any CPU
		{3E799EE3-4183-4447-B6DC-079B962A1312}.Debug|x86.ActiveCfg = Debug|Any CPU
		{3E799EE3-4183-4447-B6DC-079B962A1312}.Debug|x86.Build.0 = Debug|Any CPU
		{3E799EE3-4183-4447-B6DC-079B962A1312}.Release|Any CPU.ActiveCfg = Release|Any CPU
		{3E799EE3-4183-4447-B6DC-079B962A1312}.Release|Any CPU.Build.0 = Release|Any CPU
		{3E799EE3-4183-4447-B6DC-079B962A1312}.Release|x64.ActiveCfg = Release|Any CPU
		{3E799EE3-4183-4447-B6DC-079B962A1312}.Release|x64.Build.0 = Release|Any CPU
		{3E799EE3-4183-4447-B6DC-079B962A1312}.Release|x86.ActiveCfg = Release|Any CPU
		{3E799EE3-4183-4447-B6DC-079B962A1312}.Release|x86.Build.0 = Release|Any CPU
		{1F9BC8F9-876F-4D88-84B4-285E3C12ACB2}.Debug|Any CPU.ActiveCfg = Debug|Any CPU
		{1F9BC8F9-876F-4D88-84B4-285E3C12ACB2}.Debug|Any CPU.Build.0 = Debug|Any CPU
		{1F9BC8F9-876F-4D88-84B4-285E3C12ACB2}.Debug|x64.ActiveCfg = Debug|Any CPU
		{1F9BC8F9-876F-4D88-84B4-285E3C12ACB2}.Debug|x64.Build.0 = Debug|Any CPU
		{1F9BC8F9-876F-4D88-84B4-285E3C12ACB2}.Debug|x86.ActiveCfg = Debug|Any CPU
		{1F9BC8F9-876F-4D88-84B4-285E3C12ACB2}.Debug|x86.Build.0 = Debug|Any CPU
		{1F9BC8F9-876F-4D88-84B4-285E3C12ACB2}.Release|Any CPU.ActiveCfg = Release|Any CPU
		{1F9BC8F9-876F-4D88-84B4-285E3C12ACB2}.Release|Any CPU.Build.0 = Release|Any CPU
		{1F9BC8F9-876F-4D88-84B4-285E3C12ACB2}.Release|x64.ActiveCfg = Release|Any CPU
		{1F9BC8F9-876F-4D88-84B4-285E3C12ACB2}.Release|x64.Build.0 = Release|Any CPU
		{1F9BC8F9-876F-4D88-84B4-285E3C12ACB2}.Release|x86.ActiveCfg = Release|Any CPU
		{1F9BC8F9-876F-4D88-84B4-285E3C12ACB2}.Release|x86.Build.0 = Release|Any CPU
		{85FA7D93-E71E-46E5-9514-DA87831D8210}.Debug|Any CPU.ActiveCfg = Debug|Any CPU
		{85FA7D93-E71E-46E5-9514-DA87831D8210}.Debug|Any CPU.Build.0 = Debug|Any CPU
		{85FA7D93-E71E-46E5-9514-DA87831D8210}.Debug|x64.ActiveCfg = Debug|Any CPU
		{85FA7D93-E71E-46E5-9514-DA87831D8210}.Debug|x64.Build.0 = Debug|Any CPU
		{85FA7D93-E71E-46E5-9514-DA87831D8210}.Debug|x86.ActiveCfg = Debug|Any CPU
		{85FA7D93-E71E-46E5-9514-DA87831D8210}.Debug|x86.Build.0 = Debug|Any CPU
		{85FA7D93-E71E-46E5-9514-DA87831D8210}.Release|Any CPU.ActiveCfg = Release|Any CPU
		{85FA7D93-E71E-46E5-9514-DA87831D8210}.Release|Any CPU.Build.0 = Release|Any CPU
		{85FA7D93-E71E-46E5-9514-DA87831D8210}.Release|x64.ActiveCfg = Release|Any CPU
		{85FA7D93-E71E-46E5-9514-DA87831D8210}.Release|x64.Build.0 = Release|Any CPU
		{85FA7D93-E71E-46E5-9514-DA87831D8210}.Release|x86.ActiveCfg = Release|Any CPU
		{85FA7D93-E71E-46E5-9514-DA87831D8210}.Release|x86.Build.0 = Release|Any CPU
		{F7B13377-C768-4A85-BAF6-E916D80AB44D}.Debug|Any CPU.ActiveCfg = Debug|Any CPU
		{F7B13377-C768-4A85-BAF6-E916D80AB44D}.Debug|Any CPU.Build.0 = Debug|Any CPU
		{F7B13377-C768-4A85-BAF6-E916D80AB44D}.Debug|x64.ActiveCfg = Debug|Any CPU
		{F7B13377-C768-4A85-BAF6-E916D80AB44D}.Debug|x64.Build.0 = Debug|Any CPU
		{F7B13377-C768-4A85-BAF6-E916D80AB44D}.Debug|x86.ActiveCfg = Debug|Any CPU
		{F7B13377-C768-4A85-BAF6-E916D80AB44D}.Debug|x86.Build.0 = Debug|Any CPU
		{F7B13377-C768-4A85-BAF6-E916D80AB44D}.Release|Any CPU.ActiveCfg = Release|Any CPU
		{F7B13377-C768-4A85-BAF6-E916D80AB44D}.Release|Any CPU.Build.0 = Release|Any CPU
		{F7B13377-C768-4A85-BAF6-E916D80AB44D}.Release|x64.ActiveCfg = Release|Any CPU
		{F7B13377-C768-4A85-BAF6-E916D80AB44D}.Release|x64.Build.0 = Release|Any CPU
		{F7B13377-C768-4A85-BAF6-E916D80AB44D}.Release|x86.ActiveCfg = Release|Any CPU
		{F7B13377-C768-4A85-BAF6-E916D80AB44D}.Release|x86.Build.0 = Release|Any CPU
		{48696B02-1DE7-4315-B034-28B6537896EA}.Debug|Any CPU.ActiveCfg = Debug|Any CPU
		{48696B02-1DE7-4315-B034-28B6537896EA}.Debug|Any CPU.Build.0 = Debug|Any CPU
		{48696B02-1DE7-4315-B034-28B6537896EA}.Debug|x64.ActiveCfg = Debug|Any CPU
		{48696B02-1DE7-4315-B034-28B6537896EA}.Debug|x64.Build.0 = Debug|Any CPU
		{48696B02-1DE7-4315-B034-28B6537896EA}.Debug|x86.ActiveCfg = Debug|Any CPU
		{48696B02-1DE7-4315-B034-28B6537896EA}.Debug|x86.Build.0 = Debug|Any CPU
		{48696B02-1DE7-4315-B034-28B6537896EA}.Release|Any CPU.ActiveCfg = Release|Any CPU
		{48696B02-1DE7-4315-B034-28B6537896EA}.Release|Any CPU.Build.0 = Release|Any CPU
		{48696B02-1DE7-4315-B034-28B6537896EA}.Release|x64.ActiveCfg = Release|Any CPU
		{48696B02-1DE7-4315-B034-28B6537896EA}.Release|x64.Build.0 = Release|Any CPU
		{48696B02-1DE7-4315-B034-28B6537896EA}.Release|x86.ActiveCfg = Release|Any CPU
		{48696B02-1DE7-4315-B034-28B6537896EA}.Release|x86.Build.0 = Release|Any CPU
		{A8C7DF26-A545-4361-8D50-6ED0D5009AAA}.Debug|Any CPU.ActiveCfg = Debug|Any CPU
		{A8C7DF26-A545-4361-8D50-6ED0D5009AAA}.Debug|Any CPU.Build.0 = Debug|Any CPU
		{A8C7DF26-A545-4361-8D50-6ED0D5009AAA}.Debug|x64.ActiveCfg = Debug|Any CPU
		{A8C7DF26-A545-4361-8D50-6ED0D5009AAA}.Debug|x64.Build.0 = Debug|Any CPU
		{A8C7DF26-A545-4361-8D50-6ED0D5009AAA}.Debug|x86.ActiveCfg = Debug|Any CPU
		{A8C7DF26-A545-4361-8D50-6ED0D5009AAA}.Debug|x86.Build.0 = Debug|Any CPU
		{A8C7DF26-A545-4361-8D50-6ED0D5009AAA}.Release|Any CPU.ActiveCfg = Release|Any CPU
		{A8C7DF26-A545-4361-8D50-6ED0D5009AAA}.Release|Any CPU.Build.0 = Release|Any CPU
		{A8C7DF26-A545-4361-8D50-6ED0D5009AAA}.Release|x64.ActiveCfg = Release|Any CPU
		{A8C7DF26-A545-4361-8D50-6ED0D5009AAA}.Release|x64.Build.0 = Release|Any CPU
		{A8C7DF26-A545-4361-8D50-6ED0D5009AAA}.Release|x86.ActiveCfg = Release|Any CPU
		{A8C7DF26-A545-4361-8D50-6ED0D5009AAA}.Release|x86.Build.0 = Release|Any CPU
		{01C3AC9D-5C8D-4A8E-9354-F9329793322B}.Debug|Any CPU.ActiveCfg = Debug|Any CPU
		{01C3AC9D-5C8D-4A8E-9354-F9329793322B}.Debug|Any CPU.Build.0 = Debug|Any CPU
		{01C3AC9D-5C8D-4A8E-9354-F9329793322B}.Debug|x64.ActiveCfg = Debug|Any CPU
		{01C3AC9D-5C8D-4A8E-9354-F9329793322B}.Debug|x64.Build.0 = Debug|Any CPU
		{01C3AC9D-5C8D-4A8E-9354-F9329793322B}.Debug|x86.ActiveCfg = Debug|Any CPU
		{01C3AC9D-5C8D-4A8E-9354-F9329793322B}.Debug|x86.Build.0 = Debug|Any CPU
		{01C3AC9D-5C8D-4A8E-9354-F9329793322B}.Release|Any CPU.ActiveCfg = Release|Any CPU
		{01C3AC9D-5C8D-4A8E-9354-F9329793322B}.Release|Any CPU.Build.0 = Release|Any CPU
		{01C3AC9D-5C8D-4A8E-9354-F9329793322B}.Release|x64.ActiveCfg = Release|Any CPU
		{01C3AC9D-5C8D-4A8E-9354-F9329793322B}.Release|x64.Build.0 = Release|Any CPU
		{01C3AC9D-5C8D-4A8E-9354-F9329793322B}.Release|x86.ActiveCfg = Release|Any CPU
		{01C3AC9D-5C8D-4A8E-9354-F9329793322B}.Release|x86.Build.0 = Release|Any CPU
		{06990D14-C36C-467B-A830-853BB76D53D6}.Debug|Any CPU.ActiveCfg = Debug|Any CPU
		{06990D14-C36C-467B-A830-853BB76D53D6}.Debug|Any CPU.Build.0 = Debug|Any CPU
		{06990D14-C36C-467B-A830-853BB76D53D6}.Debug|x64.ActiveCfg = Debug|Any CPU
		{06990D14-C36C-467B-A830-853BB76D53D6}.Debug|x64.Build.0 = Debug|Any CPU
		{06990D14-C36C-467B-A830-853BB76D53D6}.Debug|x86.ActiveCfg = Debug|Any CPU
		{06990D14-C36C-467B-A830-853BB76D53D6}.Debug|x86.Build.0 = Debug|Any CPU
		{06990D14-C36C-467B-A830-853BB76D53D6}.Release|Any CPU.ActiveCfg = Release|Any CPU
		{06990D14-C36C-467B-A830-853BB76D53D6}.Release|Any CPU.Build.0 = Release|Any CPU
		{06990D14-C36C-467B-A830-853BB76D53D6}.Release|x64.ActiveCfg = Release|Any CPU
		{06990D14-C36C-467B-A830-853BB76D53D6}.Release|x64.Build.0 = Release|Any CPU
		{06990D14-C36C-467B-A830-853BB76D53D6}.Release|x86.ActiveCfg = Release|Any CPU
		{06990D14-C36C-467B-A830-853BB76D53D6}.Release|x86.Build.0 = Release|Any CPU
		{81FE9038-B6ED-4423-9A72-7591D8CA52E1}.Debug|Any CPU.ActiveCfg = Debug|Any CPU
		{81FE9038-B6ED-4423-9A72-7591D8CA52E1}.Debug|Any CPU.Build.0 = Debug|Any CPU
		{81FE9038-B6ED-4423-9A72-7591D8CA52E1}.Debug|x64.ActiveCfg = Debug|Any CPU
		{81FE9038-B6ED-4423-9A72-7591D8CA52E1}.Debug|x64.Build.0 = Debug|Any CPU
		{81FE9038-B6ED-4423-9A72-7591D8CA52E1}.Debug|x86.ActiveCfg = Debug|Any CPU
		{81FE9038-B6ED-4423-9A72-7591D8CA52E1}.Debug|x86.Build.0 = Debug|Any CPU
		{81FE9038-B6ED-4423-9A72-7591D8CA52E1}.Release|Any CPU.ActiveCfg = Release|Any CPU
		{81FE9038-B6ED-4423-9A72-7591D8CA52E1}.Release|Any CPU.Build.0 = Release|Any CPU
		{81FE9038-B6ED-4423-9A72-7591D8CA52E1}.Release|x64.ActiveCfg = Release|Any CPU
		{81FE9038-B6ED-4423-9A72-7591D8CA52E1}.Release|x64.Build.0 = Release|Any CPU
		{81FE9038-B6ED-4423-9A72-7591D8CA52E1}.Release|x86.ActiveCfg = Release|Any CPU
		{81FE9038-B6ED-4423-9A72-7591D8CA52E1}.Release|x86.Build.0 = Release|Any CPU
		{E81700B5-D1C5-451D-A308-46AA789E9442}.Debug|Any CPU.ActiveCfg = Debug|Any CPU
		{E81700B5-D1C5-451D-A308-46AA789E9442}.Debug|Any CPU.Build.0 = Debug|Any CPU
		{E81700B5-D1C5-451D-A308-46AA789E9442}.Debug|x64.ActiveCfg = Debug|Any CPU
		{E81700B5-D1C5-451D-A308-46AA789E9442}.Debug|x64.Build.0 = Debug|Any CPU
		{E81700B5-D1C5-451D-A308-46AA789E9442}.Debug|x86.ActiveCfg = Debug|Any CPU
		{E81700B5-D1C5-451D-A308-46AA789E9442}.Debug|x86.Build.0 = Debug|Any CPU
		{E81700B5-D1C5-451D-A308-46AA789E9442}.Release|Any CPU.ActiveCfg = Release|Any CPU
		{E81700B5-D1C5-451D-A308-46AA789E9442}.Release|Any CPU.Build.0 = Release|Any CPU
		{E81700B5-D1C5-451D-A308-46AA789E9442}.Release|x64.ActiveCfg = Release|Any CPU
		{E81700B5-D1C5-451D-A308-46AA789E9442}.Release|x64.Build.0 = Release|Any CPU
		{E81700B5-D1C5-451D-A308-46AA789E9442}.Release|x86.ActiveCfg = Release|Any CPU
		{E81700B5-D1C5-451D-A308-46AA789E9442}.Release|x86.Build.0 = Release|Any CPU
		{7E1478F7-AA7C-40EC-8C95-9BFD45B4630F}.Debug|Any CPU.ActiveCfg = Debug|Any CPU
		{7E1478F7-AA7C-40EC-8C95-9BFD45B4630F}.Debug|Any CPU.Build.0 = Debug|Any CPU
		{7E1478F7-AA7C-40EC-8C95-9BFD45B4630F}.Debug|x64.ActiveCfg = Debug|Any CPU
		{7E1478F7-AA7C-40EC-8C95-9BFD45B4630F}.Debug|x64.Build.0 = Debug|Any CPU
		{7E1478F7-AA7C-40EC-8C95-9BFD45B4630F}.Debug|x86.ActiveCfg = Debug|Any CPU
		{7E1478F7-AA7C-40EC-8C95-9BFD45B4630F}.Debug|x86.Build.0 = Debug|Any CPU
		{7E1478F7-AA7C-40EC-8C95-9BFD45B4630F}.Release|Any CPU.ActiveCfg = Release|Any CPU
		{7E1478F7-AA7C-40EC-8C95-9BFD45B4630F}.Release|Any CPU.Build.0 = Release|Any CPU
		{7E1478F7-AA7C-40EC-8C95-9BFD45B4630F}.Release|x64.ActiveCfg = Release|Any CPU
		{7E1478F7-AA7C-40EC-8C95-9BFD45B4630F}.Release|x64.Build.0 = Release|Any CPU
		{7E1478F7-AA7C-40EC-8C95-9BFD45B4630F}.Release|x86.ActiveCfg = Release|Any CPU
		{7E1478F7-AA7C-40EC-8C95-9BFD45B4630F}.Release|x86.Build.0 = Release|Any CPU
		{6C606B74-4311-4DAE-9FA4-B3D7BD659345}.Debug|Any CPU.ActiveCfg = Debug|Any CPU
		{6C606B74-4311-4DAE-9FA4-B3D7BD659345}.Debug|Any CPU.Build.0 = Debug|Any CPU
		{6C606B74-4311-4DAE-9FA4-B3D7BD659345}.Debug|x64.ActiveCfg = Debug|Any CPU
		{6C606B74-4311-4DAE-9FA4-B3D7BD659345}.Debug|x64.Build.0 = Debug|Any CPU
		{6C606B74-4311-4DAE-9FA4-B3D7BD659345}.Debug|x86.ActiveCfg = Debug|Any CPU
		{6C606B74-4311-4DAE-9FA4-B3D7BD659345}.Debug|x86.Build.0 = Debug|Any CPU
		{6C606B74-4311-4DAE-9FA4-B3D7BD659345}.Release|Any CPU.ActiveCfg = Release|Any CPU
		{6C606B74-4311-4DAE-9FA4-B3D7BD659345}.Release|Any CPU.Build.0 = Release|Any CPU
		{6C606B74-4311-4DAE-9FA4-B3D7BD659345}.Release|x64.ActiveCfg = Release|Any CPU
		{6C606B74-4311-4DAE-9FA4-B3D7BD659345}.Release|x64.Build.0 = Release|Any CPU
		{6C606B74-4311-4DAE-9FA4-B3D7BD659345}.Release|x86.ActiveCfg = Release|Any CPU
		{6C606B74-4311-4DAE-9FA4-B3D7BD659345}.Release|x86.Build.0 = Release|Any CPU
		{BB145CCC-B032-4D57-ACA8-1E4B85F4E237}.Debug|Any CPU.ActiveCfg = Debug|Any CPU
		{BB145CCC-B032-4D57-ACA8-1E4B85F4E237}.Debug|Any CPU.Build.0 = Debug|Any CPU
		{BB145CCC-B032-4D57-ACA8-1E4B85F4E237}.Debug|x64.ActiveCfg = Debug|Any CPU
		{BB145CCC-B032-4D57-ACA8-1E4B85F4E237}.Debug|x64.Build.0 = Debug|Any CPU
		{BB145CCC-B032-4D57-ACA8-1E4B85F4E237}.Debug|x86.ActiveCfg = Debug|Any CPU
		{BB145CCC-B032-4D57-ACA8-1E4B85F4E237}.Debug|x86.Build.0 = Debug|Any CPU
		{BB145CCC-B032-4D57-ACA8-1E4B85F4E237}.Release|Any CPU.ActiveCfg = Release|Any CPU
		{BB145CCC-B032-4D57-ACA8-1E4B85F4E237}.Release|Any CPU.Build.0 = Release|Any CPU
		{BB145CCC-B032-4D57-ACA8-1E4B85F4E237}.Release|x64.ActiveCfg = Release|Any CPU
		{BB145CCC-B032-4D57-ACA8-1E4B85F4E237}.Release|x64.Build.0 = Release|Any CPU
		{BB145CCC-B032-4D57-ACA8-1E4B85F4E237}.Release|x86.ActiveCfg = Release|Any CPU
		{BB145CCC-B032-4D57-ACA8-1E4B85F4E237}.Release|x86.Build.0 = Release|Any CPU
		{F5271D48-D638-47EA-A940-180D48FA0A12}.Debug|Any CPU.ActiveCfg = Debug|Any CPU
		{F5271D48-D638-47EA-A940-180D48FA0A12}.Debug|Any CPU.Build.0 = Debug|Any CPU
		{F5271D48-D638-47EA-A940-180D48FA0A12}.Debug|x64.ActiveCfg = Debug|Any CPU
		{F5271D48-D638-47EA-A940-180D48FA0A12}.Debug|x64.Build.0 = Debug|Any CPU
		{F5271D48-D638-47EA-A940-180D48FA0A12}.Debug|x86.ActiveCfg = Debug|Any CPU
		{F5271D48-D638-47EA-A940-180D48FA0A12}.Debug|x86.Build.0 = Debug|Any CPU
		{F5271D48-D638-47EA-A940-180D48FA0A12}.Release|Any CPU.ActiveCfg = Release|Any CPU
		{F5271D48-D638-47EA-A940-180D48FA0A12}.Release|Any CPU.Build.0 = Release|Any CPU
		{F5271D48-D638-47EA-A940-180D48FA0A12}.Release|x64.ActiveCfg = Release|Any CPU
		{F5271D48-D638-47EA-A940-180D48FA0A12}.Release|x64.Build.0 = Release|Any CPU
		{F5271D48-D638-47EA-A940-180D48FA0A12}.Release|x86.ActiveCfg = Release|Any CPU
		{F5271D48-D638-47EA-A940-180D48FA0A12}.Release|x86.Build.0 = Release|Any CPU
		{5D44949C-41D1-4C89-BFF0-89751620C8CC}.Debug|Any CPU.ActiveCfg = Debug|Any CPU
		{5D44949C-41D1-4C89-BFF0-89751620C8CC}.Debug|Any CPU.Build.0 = Debug|Any CPU
		{5D44949C-41D1-4C89-BFF0-89751620C8CC}.Debug|x64.ActiveCfg = Debug|Any CPU
		{5D44949C-41D1-4C89-BFF0-89751620C8CC}.Debug|x64.Build.0 = Debug|Any CPU
		{5D44949C-41D1-4C89-BFF0-89751620C8CC}.Debug|x86.ActiveCfg = Debug|Any CPU
		{5D44949C-41D1-4C89-BFF0-89751620C8CC}.Debug|x86.Build.0 = Debug|Any CPU
		{5D44949C-41D1-4C89-BFF0-89751620C8CC}.Release|Any CPU.ActiveCfg = Release|Any CPU
		{5D44949C-41D1-4C89-BFF0-89751620C8CC}.Release|Any CPU.Build.0 = Release|Any CPU
		{5D44949C-41D1-4C89-BFF0-89751620C8CC}.Release|x64.ActiveCfg = Release|Any CPU
		{5D44949C-41D1-4C89-BFF0-89751620C8CC}.Release|x64.Build.0 = Release|Any CPU
		{5D44949C-41D1-4C89-BFF0-89751620C8CC}.Release|x86.ActiveCfg = Release|Any CPU
		{5D44949C-41D1-4C89-BFF0-89751620C8CC}.Release|x86.Build.0 = Release|Any CPU
		{3B037E3F-40CC-428D-9FE6-E1077F1C831D}.Debug|Any CPU.ActiveCfg = Debug|Any CPU
		{3B037E3F-40CC-428D-9FE6-E1077F1C831D}.Debug|Any CPU.Build.0 = Debug|Any CPU
		{3B037E3F-40CC-428D-9FE6-E1077F1C831D}.Debug|x64.ActiveCfg = Debug|Any CPU
		{3B037E3F-40CC-428D-9FE6-E1077F1C831D}.Debug|x64.Build.0 = Debug|Any CPU
		{3B037E3F-40CC-428D-9FE6-E1077F1C831D}.Debug|x86.ActiveCfg = Debug|Any CPU
		{3B037E3F-40CC-428D-9FE6-E1077F1C831D}.Debug|x86.Build.0 = Debug|Any CPU
		{3B037E3F-40CC-428D-9FE6-E1077F1C831D}.Release|Any CPU.ActiveCfg = Release|Any CPU
		{3B037E3F-40CC-428D-9FE6-E1077F1C831D}.Release|Any CPU.Build.0 = Release|Any CPU
		{3B037E3F-40CC-428D-9FE6-E1077F1C831D}.Release|x64.ActiveCfg = Release|Any CPU
		{3B037E3F-40CC-428D-9FE6-E1077F1C831D}.Release|x64.Build.0 = Release|Any CPU
		{3B037E3F-40CC-428D-9FE6-E1077F1C831D}.Release|x86.ActiveCfg = Release|Any CPU
		{3B037E3F-40CC-428D-9FE6-E1077F1C831D}.Release|x86.Build.0 = Release|Any CPU
		{A85873C9-527B-4D82-A095-2A5095C5AD8E}.Debug|Any CPU.ActiveCfg = Debug|Any CPU
		{A85873C9-527B-4D82-A095-2A5095C5AD8E}.Debug|Any CPU.Build.0 = Debug|Any CPU
		{A85873C9-527B-4D82-A095-2A5095C5AD8E}.Debug|x64.ActiveCfg = Debug|Any CPU
		{A85873C9-527B-4D82-A095-2A5095C5AD8E}.Debug|x64.Build.0 = Debug|Any CPU
		{A85873C9-527B-4D82-A095-2A5095C5AD8E}.Debug|x86.ActiveCfg = Debug|Any CPU
		{A85873C9-527B-4D82-A095-2A5095C5AD8E}.Debug|x86.Build.0 = Debug|Any CPU
		{A85873C9-527B-4D82-A095-2A5095C5AD8E}.Release|Any CPU.ActiveCfg = Release|Any CPU
		{A85873C9-527B-4D82-A095-2A5095C5AD8E}.Release|Any CPU.Build.0 = Release|Any CPU
		{A85873C9-527B-4D82-A095-2A5095C5AD8E}.Release|x64.ActiveCfg = Release|Any CPU
		{A85873C9-527B-4D82-A095-2A5095C5AD8E}.Release|x64.Build.0 = Release|Any CPU
		{A85873C9-527B-4D82-A095-2A5095C5AD8E}.Release|x86.ActiveCfg = Release|Any CPU
		{A85873C9-527B-4D82-A095-2A5095C5AD8E}.Release|x86.Build.0 = Release|Any CPU
		{85A33405-867E-407C-A0B3-AAEF62F483FF}.Debug|Any CPU.ActiveCfg = Debug|Any CPU
		{85A33405-867E-407C-A0B3-AAEF62F483FF}.Debug|Any CPU.Build.0 = Debug|Any CPU
		{85A33405-867E-407C-A0B3-AAEF62F483FF}.Debug|x64.ActiveCfg = Debug|Any CPU
		{85A33405-867E-407C-A0B3-AAEF62F483FF}.Debug|x64.Build.0 = Debug|Any CPU
		{85A33405-867E-407C-A0B3-AAEF62F483FF}.Debug|x86.ActiveCfg = Debug|Any CPU
		{85A33405-867E-407C-A0B3-AAEF62F483FF}.Debug|x86.Build.0 = Debug|Any CPU
		{85A33405-867E-407C-A0B3-AAEF62F483FF}.Release|Any CPU.ActiveCfg = Release|Any CPU
		{85A33405-867E-407C-A0B3-AAEF62F483FF}.Release|Any CPU.Build.0 = Release|Any CPU
		{85A33405-867E-407C-A0B3-AAEF62F483FF}.Release|x64.ActiveCfg = Release|Any CPU
		{85A33405-867E-407C-A0B3-AAEF62F483FF}.Release|x64.Build.0 = Release|Any CPU
		{85A33405-867E-407C-A0B3-AAEF62F483FF}.Release|x86.ActiveCfg = Release|Any CPU
		{85A33405-867E-407C-A0B3-AAEF62F483FF}.Release|x86.Build.0 = Release|Any CPU
		{6346923B-0CDD-45B8-B8EA-B74B067D2B84}.Debug|Any CPU.ActiveCfg = Debug|Any CPU
		{6346923B-0CDD-45B8-B8EA-B74B067D2B84}.Debug|Any CPU.Build.0 = Debug|Any CPU
		{6346923B-0CDD-45B8-B8EA-B74B067D2B84}.Debug|x64.ActiveCfg = Debug|Any CPU
		{6346923B-0CDD-45B8-B8EA-B74B067D2B84}.Debug|x64.Build.0 = Debug|Any CPU
		{6346923B-0CDD-45B8-B8EA-B74B067D2B84}.Debug|x86.ActiveCfg = Debug|Any CPU
		{6346923B-0CDD-45B8-B8EA-B74B067D2B84}.Debug|x86.Build.0 = Debug|Any CPU
		{6346923B-0CDD-45B8-B8EA-B74B067D2B84}.Release|Any CPU.ActiveCfg = Release|Any CPU
		{6346923B-0CDD-45B8-B8EA-B74B067D2B84}.Release|Any CPU.Build.0 = Release|Any CPU
		{6346923B-0CDD-45B8-B8EA-B74B067D2B84}.Release|x64.ActiveCfg = Release|Any CPU
		{6346923B-0CDD-45B8-B8EA-B74B067D2B84}.Release|x64.Build.0 = Release|Any CPU
		{6346923B-0CDD-45B8-B8EA-B74B067D2B84}.Release|x86.ActiveCfg = Release|Any CPU
		{6346923B-0CDD-45B8-B8EA-B74B067D2B84}.Release|x86.Build.0 = Release|Any CPU
		{8CEA24E8-DD6C-425F-BB35-E9482119AFFF}.Debug|Any CPU.ActiveCfg = Debug|Any CPU
		{8CEA24E8-DD6C-425F-BB35-E9482119AFFF}.Debug|Any CPU.Build.0 = Debug|Any CPU
		{8CEA24E8-DD6C-425F-BB35-E9482119AFFF}.Debug|x64.ActiveCfg = Debug|Any CPU
		{8CEA24E8-DD6C-425F-BB35-E9482119AFFF}.Debug|x64.Build.0 = Debug|Any CPU
		{8CEA24E8-DD6C-425F-BB35-E9482119AFFF}.Debug|x86.ActiveCfg = Debug|Any CPU
		{8CEA24E8-DD6C-425F-BB35-E9482119AFFF}.Debug|x86.Build.0 = Debug|Any CPU
		{8CEA24E8-DD6C-425F-BB35-E9482119AFFF}.Release|Any CPU.ActiveCfg = Release|Any CPU
		{8CEA24E8-DD6C-425F-BB35-E9482119AFFF}.Release|Any CPU.Build.0 = Release|Any CPU
		{8CEA24E8-DD6C-425F-BB35-E9482119AFFF}.Release|x64.ActiveCfg = Release|Any CPU
		{8CEA24E8-DD6C-425F-BB35-E9482119AFFF}.Release|x64.Build.0 = Release|Any CPU
		{8CEA24E8-DD6C-425F-BB35-E9482119AFFF}.Release|x86.ActiveCfg = Release|Any CPU
		{8CEA24E8-DD6C-425F-BB35-E9482119AFFF}.Release|x86.Build.0 = Release|Any CPU
		{80857BD6-BEE9-4F3B-8090-E502DDCED0AC}.Debug|Any CPU.ActiveCfg = Debug|Any CPU
		{80857BD6-BEE9-4F3B-8090-E502DDCED0AC}.Debug|Any CPU.Build.0 = Debug|Any CPU
		{80857BD6-BEE9-4F3B-8090-E502DDCED0AC}.Debug|x64.ActiveCfg = Debug|Any CPU
		{80857BD6-BEE9-4F3B-8090-E502DDCED0AC}.Debug|x64.Build.0 = Debug|Any CPU
		{80857BD6-BEE9-4F3B-8090-E502DDCED0AC}.Debug|x86.ActiveCfg = Debug|Any CPU
		{80857BD6-BEE9-4F3B-8090-E502DDCED0AC}.Debug|x86.Build.0 = Debug|Any CPU
		{80857BD6-BEE9-4F3B-8090-E502DDCED0AC}.Release|Any CPU.ActiveCfg = Release|Any CPU
		{80857BD6-BEE9-4F3B-8090-E502DDCED0AC}.Release|Any CPU.Build.0 = Release|Any CPU
		{80857BD6-BEE9-4F3B-8090-E502DDCED0AC}.Release|x64.ActiveCfg = Release|Any CPU
		{80857BD6-BEE9-4F3B-8090-E502DDCED0AC}.Release|x64.Build.0 = Release|Any CPU
		{80857BD6-BEE9-4F3B-8090-E502DDCED0AC}.Release|x86.ActiveCfg = Release|Any CPU
		{80857BD6-BEE9-4F3B-8090-E502DDCED0AC}.Release|x86.Build.0 = Release|Any CPU
		{2387897A-E0DF-4FE4-9E81-BEF9B286303D}.Debug|Any CPU.ActiveCfg = Debug|Any CPU
		{2387897A-E0DF-4FE4-9E81-BEF9B286303D}.Debug|Any CPU.Build.0 = Debug|Any CPU
		{2387897A-E0DF-4FE4-9E81-BEF9B286303D}.Debug|x64.ActiveCfg = Debug|Any CPU
		{2387897A-E0DF-4FE4-9E81-BEF9B286303D}.Debug|x64.Build.0 = Debug|Any CPU
		{2387897A-E0DF-4FE4-9E81-BEF9B286303D}.Debug|x86.ActiveCfg = Debug|Any CPU
		{2387897A-E0DF-4FE4-9E81-BEF9B286303D}.Debug|x86.Build.0 = Debug|Any CPU
		{2387897A-E0DF-4FE4-9E81-BEF9B286303D}.Release|Any CPU.ActiveCfg = Release|Any CPU
		{2387897A-E0DF-4FE4-9E81-BEF9B286303D}.Release|Any CPU.Build.0 = Release|Any CPU
		{2387897A-E0DF-4FE4-9E81-BEF9B286303D}.Release|x64.ActiveCfg = Release|Any CPU
		{2387897A-E0DF-4FE4-9E81-BEF9B286303D}.Release|x64.Build.0 = Release|Any CPU
		{2387897A-E0DF-4FE4-9E81-BEF9B286303D}.Release|x86.ActiveCfg = Release|Any CPU
		{2387897A-E0DF-4FE4-9E81-BEF9B286303D}.Release|x86.Build.0 = Release|Any CPU
		{08569F8B-561F-468A-9E59-21DE0EAF6433}.Debug|Any CPU.ActiveCfg = Debug|Any CPU
		{08569F8B-561F-468A-9E59-21DE0EAF6433}.Debug|Any CPU.Build.0 = Debug|Any CPU
		{08569F8B-561F-468A-9E59-21DE0EAF6433}.Debug|x64.ActiveCfg = Debug|Any CPU
		{08569F8B-561F-468A-9E59-21DE0EAF6433}.Debug|x64.Build.0 = Debug|Any CPU
		{08569F8B-561F-468A-9E59-21DE0EAF6433}.Debug|x86.ActiveCfg = Debug|Any CPU
		{08569F8B-561F-468A-9E59-21DE0EAF6433}.Debug|x86.Build.0 = Debug|Any CPU
		{08569F8B-561F-468A-9E59-21DE0EAF6433}.Release|Any CPU.ActiveCfg = Release|Any CPU
		{08569F8B-561F-468A-9E59-21DE0EAF6433}.Release|Any CPU.Build.0 = Release|Any CPU
		{08569F8B-561F-468A-9E59-21DE0EAF6433}.Release|x64.ActiveCfg = Release|Any CPU
		{08569F8B-561F-468A-9E59-21DE0EAF6433}.Release|x64.Build.0 = Release|Any CPU
		{08569F8B-561F-468A-9E59-21DE0EAF6433}.Release|x86.ActiveCfg = Release|Any CPU
		{08569F8B-561F-468A-9E59-21DE0EAF6433}.Release|x86.Build.0 = Release|Any CPU
		{4579F089-3695-4AC7-BC67-DF9C9A547634}.Debug|Any CPU.ActiveCfg = Debug|Any CPU
		{4579F089-3695-4AC7-BC67-DF9C9A547634}.Debug|Any CPU.Build.0 = Debug|Any CPU
		{4579F089-3695-4AC7-BC67-DF9C9A547634}.Debug|x64.ActiveCfg = Debug|Any CPU
		{4579F089-3695-4AC7-BC67-DF9C9A547634}.Debug|x64.Build.0 = Debug|Any CPU
		{4579F089-3695-4AC7-BC67-DF9C9A547634}.Debug|x86.ActiveCfg = Debug|Any CPU
		{4579F089-3695-4AC7-BC67-DF9C9A547634}.Debug|x86.Build.0 = Debug|Any CPU
		{4579F089-3695-4AC7-BC67-DF9C9A547634}.Release|Any CPU.ActiveCfg = Release|Any CPU
		{4579F089-3695-4AC7-BC67-DF9C9A547634}.Release|Any CPU.Build.0 = Release|Any CPU
		{4579F089-3695-4AC7-BC67-DF9C9A547634}.Release|x64.ActiveCfg = Release|Any CPU
		{4579F089-3695-4AC7-BC67-DF9C9A547634}.Release|x64.Build.0 = Release|Any CPU
		{4579F089-3695-4AC7-BC67-DF9C9A547634}.Release|x86.ActiveCfg = Release|Any CPU
		{4579F089-3695-4AC7-BC67-DF9C9A547634}.Release|x86.Build.0 = Release|Any CPU
		{435C1698-3E6B-477E-B49C-E7CFDC49AA61}.Debug|Any CPU.ActiveCfg = Debug|Any CPU
		{435C1698-3E6B-477E-B49C-E7CFDC49AA61}.Debug|Any CPU.Build.0 = Debug|Any CPU
		{435C1698-3E6B-477E-B49C-E7CFDC49AA61}.Debug|x64.ActiveCfg = Debug|Any CPU
		{435C1698-3E6B-477E-B49C-E7CFDC49AA61}.Debug|x64.Build.0 = Debug|Any CPU
		{435C1698-3E6B-477E-B49C-E7CFDC49AA61}.Debug|x86.ActiveCfg = Debug|Any CPU
		{435C1698-3E6B-477E-B49C-E7CFDC49AA61}.Debug|x86.Build.0 = Debug|Any CPU
		{435C1698-3E6B-477E-B49C-E7CFDC49AA61}.Release|Any CPU.ActiveCfg = Release|Any CPU
		{435C1698-3E6B-477E-B49C-E7CFDC49AA61}.Release|Any CPU.Build.0 = Release|Any CPU
		{435C1698-3E6B-477E-B49C-E7CFDC49AA61}.Release|x64.ActiveCfg = Release|Any CPU
		{435C1698-3E6B-477E-B49C-E7CFDC49AA61}.Release|x64.Build.0 = Release|Any CPU
		{435C1698-3E6B-477E-B49C-E7CFDC49AA61}.Release|x86.ActiveCfg = Release|Any CPU
		{435C1698-3E6B-477E-B49C-E7CFDC49AA61}.Release|x86.Build.0 = Release|Any CPU
		{84AFB7C5-8A1C-4950-946A-A01C80866A3B}.Debug|Any CPU.ActiveCfg = Debug|Any CPU
		{84AFB7C5-8A1C-4950-946A-A01C80866A3B}.Debug|Any CPU.Build.0 = Debug|Any CPU
		{84AFB7C5-8A1C-4950-946A-A01C80866A3B}.Debug|x64.ActiveCfg = Debug|Any CPU
		{84AFB7C5-8A1C-4950-946A-A01C80866A3B}.Debug|x64.Build.0 = Debug|Any CPU
		{84AFB7C5-8A1C-4950-946A-A01C80866A3B}.Debug|x86.ActiveCfg = Debug|Any CPU
		{84AFB7C5-8A1C-4950-946A-A01C80866A3B}.Debug|x86.Build.0 = Debug|Any CPU
		{84AFB7C5-8A1C-4950-946A-A01C80866A3B}.Release|Any CPU.ActiveCfg = Release|Any CPU
		{84AFB7C5-8A1C-4950-946A-A01C80866A3B}.Release|Any CPU.Build.0 = Release|Any CPU
		{84AFB7C5-8A1C-4950-946A-A01C80866A3B}.Release|x64.ActiveCfg = Release|Any CPU
		{84AFB7C5-8A1C-4950-946A-A01C80866A3B}.Release|x64.Build.0 = Release|Any CPU
		{84AFB7C5-8A1C-4950-946A-A01C80866A3B}.Release|x86.ActiveCfg = Release|Any CPU
		{84AFB7C5-8A1C-4950-946A-A01C80866A3B}.Release|x86.Build.0 = Release|Any CPU
		{56727F32-06CD-4B47-9A2C-27826675B88B}.Debug|Any CPU.ActiveCfg = Debug|Any CPU
		{56727F32-06CD-4B47-9A2C-27826675B88B}.Debug|Any CPU.Build.0 = Debug|Any CPU
		{56727F32-06CD-4B47-9A2C-27826675B88B}.Debug|x64.ActiveCfg = Debug|Any CPU
		{56727F32-06CD-4B47-9A2C-27826675B88B}.Debug|x64.Build.0 = Debug|Any CPU
		{56727F32-06CD-4B47-9A2C-27826675B88B}.Debug|x86.ActiveCfg = Debug|Any CPU
		{56727F32-06CD-4B47-9A2C-27826675B88B}.Debug|x86.Build.0 = Debug|Any CPU
		{56727F32-06CD-4B47-9A2C-27826675B88B}.Release|Any CPU.ActiveCfg = Release|Any CPU
		{56727F32-06CD-4B47-9A2C-27826675B88B}.Release|Any CPU.Build.0 = Release|Any CPU
		{56727F32-06CD-4B47-9A2C-27826675B88B}.Release|x64.ActiveCfg = Release|Any CPU
		{56727F32-06CD-4B47-9A2C-27826675B88B}.Release|x64.Build.0 = Release|Any CPU
		{56727F32-06CD-4B47-9A2C-27826675B88B}.Release|x86.ActiveCfg = Release|Any CPU
		{56727F32-06CD-4B47-9A2C-27826675B88B}.Release|x86.Build.0 = Release|Any CPU
		{C2E85C83-AAF5-4804-9533-F395B9F4F432}.Debug|Any CPU.ActiveCfg = Debug|Any CPU
		{C2E85C83-AAF5-4804-9533-F395B9F4F432}.Debug|Any CPU.Build.0 = Debug|Any CPU
		{C2E85C83-AAF5-4804-9533-F395B9F4F432}.Debug|x64.ActiveCfg = Debug|Any CPU
		{C2E85C83-AAF5-4804-9533-F395B9F4F432}.Debug|x64.Build.0 = Debug|Any CPU
		{C2E85C83-AAF5-4804-9533-F395B9F4F432}.Debug|x86.ActiveCfg = Debug|Any CPU
		{C2E85C83-AAF5-4804-9533-F395B9F4F432}.Debug|x86.Build.0 = Debug|Any CPU
		{C2E85C83-AAF5-4804-9533-F395B9F4F432}.Release|Any CPU.ActiveCfg = Release|Any CPU
		{C2E85C83-AAF5-4804-9533-F395B9F4F432}.Release|Any CPU.Build.0 = Release|Any CPU
		{C2E85C83-AAF5-4804-9533-F395B9F4F432}.Release|x64.ActiveCfg = Release|Any CPU
		{C2E85C83-AAF5-4804-9533-F395B9F4F432}.Release|x64.Build.0 = Release|Any CPU
		{C2E85C83-AAF5-4804-9533-F395B9F4F432}.Release|x86.ActiveCfg = Release|Any CPU
		{C2E85C83-AAF5-4804-9533-F395B9F4F432}.Release|x86.Build.0 = Release|Any CPU
		{EA82E1EF-4888-4C4C-9D20-BFA876025D20}.Debug|Any CPU.ActiveCfg = Debug|Any CPU
		{EA82E1EF-4888-4C4C-9D20-BFA876025D20}.Debug|Any CPU.Build.0 = Debug|Any CPU
		{EA82E1EF-4888-4C4C-9D20-BFA876025D20}.Debug|x64.ActiveCfg = Debug|Any CPU
		{EA82E1EF-4888-4C4C-9D20-BFA876025D20}.Debug|x64.Build.0 = Debug|Any CPU
		{EA82E1EF-4888-4C4C-9D20-BFA876025D20}.Debug|x86.ActiveCfg = Debug|Any CPU
		{EA82E1EF-4888-4C4C-9D20-BFA876025D20}.Debug|x86.Build.0 = Debug|Any CPU
		{EA82E1EF-4888-4C4C-9D20-BFA876025D20}.Release|Any CPU.ActiveCfg = Release|Any CPU
		{EA82E1EF-4888-4C4C-9D20-BFA876025D20}.Release|Any CPU.Build.0 = Release|Any CPU
		{EA82E1EF-4888-4C4C-9D20-BFA876025D20}.Release|x64.ActiveCfg = Release|Any CPU
		{EA82E1EF-4888-4C4C-9D20-BFA876025D20}.Release|x64.Build.0 = Release|Any CPU
		{EA82E1EF-4888-4C4C-9D20-BFA876025D20}.Release|x86.ActiveCfg = Release|Any CPU
		{EA82E1EF-4888-4C4C-9D20-BFA876025D20}.Release|x86.Build.0 = Release|Any CPU
		{4B57C887-0402-4AEA-BE74-B6690C3178F8}.Debug|Any CPU.ActiveCfg = Debug|Any CPU
		{4B57C887-0402-4AEA-BE74-B6690C3178F8}.Debug|Any CPU.Build.0 = Debug|Any CPU
		{4B57C887-0402-4AEA-BE74-B6690C3178F8}.Debug|x64.ActiveCfg = Debug|Any CPU
		{4B57C887-0402-4AEA-BE74-B6690C3178F8}.Debug|x64.Build.0 = Debug|Any CPU
		{4B57C887-0402-4AEA-BE74-B6690C3178F8}.Debug|x86.ActiveCfg = Debug|Any CPU
		{4B57C887-0402-4AEA-BE74-B6690C3178F8}.Debug|x86.Build.0 = Debug|Any CPU
		{4B57C887-0402-4AEA-BE74-B6690C3178F8}.Release|Any CPU.ActiveCfg = Release|Any CPU
		{4B57C887-0402-4AEA-BE74-B6690C3178F8}.Release|Any CPU.Build.0 = Release|Any CPU
		{4B57C887-0402-4AEA-BE74-B6690C3178F8}.Release|x64.ActiveCfg = Release|Any CPU
		{4B57C887-0402-4AEA-BE74-B6690C3178F8}.Release|x64.Build.0 = Release|Any CPU
		{4B57C887-0402-4AEA-BE74-B6690C3178F8}.Release|x86.ActiveCfg = Release|Any CPU
		{4B57C887-0402-4AEA-BE74-B6690C3178F8}.Release|x86.Build.0 = Release|Any CPU
		{4EF03034-5A12-42A9-A126-C711CA3D8EE1}.Debug|Any CPU.ActiveCfg = Debug|Any CPU
		{4EF03034-5A12-42A9-A126-C711CA3D8EE1}.Debug|Any CPU.Build.0 = Debug|Any CPU
		{4EF03034-5A12-42A9-A126-C711CA3D8EE1}.Debug|x64.ActiveCfg = Debug|Any CPU
		{4EF03034-5A12-42A9-A126-C711CA3D8EE1}.Debug|x64.Build.0 = Debug|Any CPU
		{4EF03034-5A12-42A9-A126-C711CA3D8EE1}.Debug|x86.ActiveCfg = Debug|Any CPU
		{4EF03034-5A12-42A9-A126-C711CA3D8EE1}.Debug|x86.Build.0 = Debug|Any CPU
		{4EF03034-5A12-42A9-A126-C711CA3D8EE1}.Release|Any CPU.ActiveCfg = Release|Any CPU
		{4EF03034-5A12-42A9-A126-C711CA3D8EE1}.Release|Any CPU.Build.0 = Release|Any CPU
		{4EF03034-5A12-42A9-A126-C711CA3D8EE1}.Release|x64.ActiveCfg = Release|Any CPU
		{4EF03034-5A12-42A9-A126-C711CA3D8EE1}.Release|x64.Build.0 = Release|Any CPU
		{4EF03034-5A12-42A9-A126-C711CA3D8EE1}.Release|x86.ActiveCfg = Release|Any CPU
		{4EF03034-5A12-42A9-A126-C711CA3D8EE1}.Release|x86.Build.0 = Release|Any CPU
		{E82F3206-2E80-435B-B9B5-AB243FDA8C1D}.Debug|Any CPU.ActiveCfg = Debug|Any CPU
		{E82F3206-2E80-435B-B9B5-AB243FDA8C1D}.Debug|Any CPU.Build.0 = Debug|Any CPU
		{E82F3206-2E80-435B-B9B5-AB243FDA8C1D}.Debug|x64.ActiveCfg = Debug|Any CPU
		{E82F3206-2E80-435B-B9B5-AB243FDA8C1D}.Debug|x64.Build.0 = Debug|Any CPU
		{E82F3206-2E80-435B-B9B5-AB243FDA8C1D}.Debug|x86.ActiveCfg = Debug|Any CPU
		{E82F3206-2E80-435B-B9B5-AB243FDA8C1D}.Debug|x86.Build.0 = Debug|Any CPU
		{E82F3206-2E80-435B-B9B5-AB243FDA8C1D}.Release|Any CPU.ActiveCfg = Release|Any CPU
		{E82F3206-2E80-435B-B9B5-AB243FDA8C1D}.Release|Any CPU.Build.0 = Release|Any CPU
		{E82F3206-2E80-435B-B9B5-AB243FDA8C1D}.Release|x64.ActiveCfg = Release|Any CPU
		{E82F3206-2E80-435B-B9B5-AB243FDA8C1D}.Release|x64.Build.0 = Release|Any CPU
		{E82F3206-2E80-435B-B9B5-AB243FDA8C1D}.Release|x86.ActiveCfg = Release|Any CPU
		{E82F3206-2E80-435B-B9B5-AB243FDA8C1D}.Release|x86.Build.0 = Release|Any CPU
		{569A1966-F823-47C3-B440-5301069B1460}.Debug|Any CPU.ActiveCfg = Debug|Any CPU
		{569A1966-F823-47C3-B440-5301069B1460}.Debug|Any CPU.Build.0 = Debug|Any CPU
		{569A1966-F823-47C3-B440-5301069B1460}.Debug|x64.ActiveCfg = Debug|Any CPU
		{569A1966-F823-47C3-B440-5301069B1460}.Debug|x64.Build.0 = Debug|Any CPU
		{569A1966-F823-47C3-B440-5301069B1460}.Debug|x86.ActiveCfg = Debug|Any CPU
		{569A1966-F823-47C3-B440-5301069B1460}.Debug|x86.Build.0 = Debug|Any CPU
		{569A1966-F823-47C3-B440-5301069B1460}.Release|Any CPU.ActiveCfg = Release|Any CPU
		{569A1966-F823-47C3-B440-5301069B1460}.Release|Any CPU.Build.0 = Release|Any CPU
		{569A1966-F823-47C3-B440-5301069B1460}.Release|x64.ActiveCfg = Release|Any CPU
		{569A1966-F823-47C3-B440-5301069B1460}.Release|x64.Build.0 = Release|Any CPU
		{569A1966-F823-47C3-B440-5301069B1460}.Release|x86.ActiveCfg = Release|Any CPU
		{569A1966-F823-47C3-B440-5301069B1460}.Release|x86.Build.0 = Release|Any CPU
		{8880170D-A214-4D24-BB00-F856FAF4040F}.Debug|Any CPU.ActiveCfg = Debug|Any CPU
		{8880170D-A214-4D24-BB00-F856FAF4040F}.Debug|Any CPU.Build.0 = Debug|Any CPU
		{8880170D-A214-4D24-BB00-F856FAF4040F}.Debug|x64.ActiveCfg = Debug|Any CPU
		{8880170D-A214-4D24-BB00-F856FAF4040F}.Debug|x64.Build.0 = Debug|Any CPU
		{8880170D-A214-4D24-BB00-F856FAF4040F}.Debug|x86.ActiveCfg = Debug|Any CPU
		{8880170D-A214-4D24-BB00-F856FAF4040F}.Debug|x86.Build.0 = Debug|Any CPU
		{8880170D-A214-4D24-BB00-F856FAF4040F}.Release|Any CPU.ActiveCfg = Release|Any CPU
		{8880170D-A214-4D24-BB00-F856FAF4040F}.Release|Any CPU.Build.0 = Release|Any CPU
		{8880170D-A214-4D24-BB00-F856FAF4040F}.Release|x64.ActiveCfg = Release|Any CPU
		{8880170D-A214-4D24-BB00-F856FAF4040F}.Release|x64.Build.0 = Release|Any CPU
		{8880170D-A214-4D24-BB00-F856FAF4040F}.Release|x86.ActiveCfg = Release|Any CPU
		{8880170D-A214-4D24-BB00-F856FAF4040F}.Release|x86.Build.0 = Release|Any CPU
		{1155C9C6-8A81-4111-B9D5-BBA01418B56B}.Debug|Any CPU.ActiveCfg = Debug|Any CPU
		{1155C9C6-8A81-4111-B9D5-BBA01418B56B}.Debug|Any CPU.Build.0 = Debug|Any CPU
		{1155C9C6-8A81-4111-B9D5-BBA01418B56B}.Debug|x64.ActiveCfg = Debug|Any CPU
		{1155C9C6-8A81-4111-B9D5-BBA01418B56B}.Debug|x64.Build.0 = Debug|Any CPU
		{1155C9C6-8A81-4111-B9D5-BBA01418B56B}.Debug|x86.ActiveCfg = Debug|Any CPU
		{1155C9C6-8A81-4111-B9D5-BBA01418B56B}.Debug|x86.Build.0 = Debug|Any CPU
		{1155C9C6-8A81-4111-B9D5-BBA01418B56B}.Release|Any CPU.ActiveCfg = Release|Any CPU
		{1155C9C6-8A81-4111-B9D5-BBA01418B56B}.Release|Any CPU.Build.0 = Release|Any CPU
		{1155C9C6-8A81-4111-B9D5-BBA01418B56B}.Release|x64.ActiveCfg = Release|Any CPU
		{1155C9C6-8A81-4111-B9D5-BBA01418B56B}.Release|x64.Build.0 = Release|Any CPU
		{1155C9C6-8A81-4111-B9D5-BBA01418B56B}.Release|x86.ActiveCfg = Release|Any CPU
		{1155C9C6-8A81-4111-B9D5-BBA01418B56B}.Release|x86.Build.0 = Release|Any CPU
		{C6B0D0E7-2DE3-4555-8440-4D6FD8151FC2}.Debug|Any CPU.ActiveCfg = Debug|Any CPU
		{C6B0D0E7-2DE3-4555-8440-4D6FD8151FC2}.Debug|Any CPU.Build.0 = Debug|Any CPU
		{C6B0D0E7-2DE3-4555-8440-4D6FD8151FC2}.Debug|x64.ActiveCfg = Debug|Any CPU
		{C6B0D0E7-2DE3-4555-8440-4D6FD8151FC2}.Debug|x64.Build.0 = Debug|Any CPU
		{C6B0D0E7-2DE3-4555-8440-4D6FD8151FC2}.Debug|x86.ActiveCfg = Debug|Any CPU
		{C6B0D0E7-2DE3-4555-8440-4D6FD8151FC2}.Debug|x86.Build.0 = Debug|Any CPU
		{C6B0D0E7-2DE3-4555-8440-4D6FD8151FC2}.Release|Any CPU.ActiveCfg = Release|Any CPU
		{C6B0D0E7-2DE3-4555-8440-4D6FD8151FC2}.Release|Any CPU.Build.0 = Release|Any CPU
		{C6B0D0E7-2DE3-4555-8440-4D6FD8151FC2}.Release|x64.ActiveCfg = Release|Any CPU
		{C6B0D0E7-2DE3-4555-8440-4D6FD8151FC2}.Release|x64.Build.0 = Release|Any CPU
		{C6B0D0E7-2DE3-4555-8440-4D6FD8151FC2}.Release|x86.ActiveCfg = Release|Any CPU
		{C6B0D0E7-2DE3-4555-8440-4D6FD8151FC2}.Release|x86.Build.0 = Release|Any CPU
	EndGlobalSection
	GlobalSection(SolutionProperties) = preSolution
		HideSolutionNode = FALSE
	EndGlobalSection
	GlobalSection(NestedProjects) = preSolution
		{48696B02-1DE7-4315-B034-28B6537896EA} = {CD928FE8-A9E0-4352-89AA-DBDBE7AE3203}
		{A8C7DF26-A545-4361-8D50-6ED0D5009AAA} = {CD928FE8-A9E0-4352-89AA-DBDBE7AE3203}
		{01C3AC9D-5C8D-4A8E-9354-F9329793322B} = {CD928FE8-A9E0-4352-89AA-DBDBE7AE3203}
		{06990D14-C36C-467B-A830-853BB76D53D6} = {CD928FE8-A9E0-4352-89AA-DBDBE7AE3203}
		{81FE9038-B6ED-4423-9A72-7591D8CA52E1} = {FD45C50A-5C20-4A1A-B4A4-155C890D021D}
		{E81700B5-D1C5-451D-A308-46AA789E9442} = {FD45C50A-5C20-4A1A-B4A4-155C890D021D}
		{7E1478F7-AA7C-40EC-8C95-9BFD45B4630F} = {FD45C50A-5C20-4A1A-B4A4-155C890D021D}
		{6C606B74-4311-4DAE-9FA4-B3D7BD659345} = {FD45C50A-5C20-4A1A-B4A4-155C890D021D}
		{C85EA180-0BFC-26C4-3C54-D13AF55619A0} = {CA253913-39DE-BFD0-C9A3-4B7EC6FBDF17}
		{BB145CCC-B032-4D57-ACA8-1E4B85F4E237} = {C85EA180-0BFC-26C4-3C54-D13AF55619A0}
		{F5271D48-D638-47EA-A940-180D48FA0A12} = {C85EA180-0BFC-26C4-3C54-D13AF55619A0}
		{5D44949C-41D1-4C89-BFF0-89751620C8CC} = {C85EA180-0BFC-26C4-3C54-D13AF55619A0}
		{3B037E3F-40CC-428D-9FE6-E1077F1C831D} = {C85EA180-0BFC-26C4-3C54-D13AF55619A0}
		{AD2EC51B-67E0-7A23-BB90-F38C2E728003} = {CA253913-39DE-BFD0-C9A3-4B7EC6FBDF17}
		{A85873C9-527B-4D82-A095-2A5095C5AD8E} = {AD2EC51B-67E0-7A23-BB90-F38C2E728003}
		{85A33405-867E-407C-A0B3-AAEF62F483FF} = {AD2EC51B-67E0-7A23-BB90-F38C2E728003}
		{6346923B-0CDD-45B8-B8EA-B74B067D2B84} = {AD2EC51B-67E0-7A23-BB90-F38C2E728003}
		{8CEA24E8-DD6C-425F-BB35-E9482119AFFF} = {AD2EC51B-67E0-7A23-BB90-F38C2E728003}
		{7DE1F934-7CCF-E3EE-A908-C1647228BE54} = {CA253913-39DE-BFD0-C9A3-4B7EC6FBDF17}
		{80857BD6-BEE9-4F3B-8090-E502DDCED0AC} = {7DE1F934-7CCF-E3EE-A908-C1647228BE54}
		{2387897A-E0DF-4FE4-9E81-BEF9B286303D} = {7DE1F934-7CCF-E3EE-A908-C1647228BE54}
		{08569F8B-561F-468A-9E59-21DE0EAF6433} = {7DE1F934-7CCF-E3EE-A908-C1647228BE54}
		{4579F089-3695-4AC7-BC67-DF9C9A547634} = {7DE1F934-7CCF-E3EE-A908-C1647228BE54}
		{142EC8A7-3ED3-F1D5-72C0-B33FD9E7512F} = {CA253913-39DE-BFD0-C9A3-4B7EC6FBDF17}
		{435C1698-3E6B-477E-B49C-E7CFDC49AA61} = {142EC8A7-3ED3-F1D5-72C0-B33FD9E7512F}
		{84AFB7C5-8A1C-4950-946A-A01C80866A3B} = {142EC8A7-3ED3-F1D5-72C0-B33FD9E7512F}
		{56727F32-06CD-4B47-9A2C-27826675B88B} = {142EC8A7-3ED3-F1D5-72C0-B33FD9E7512F}
		{C2E85C83-AAF5-4804-9533-F395B9F4F432} = {142EC8A7-3ED3-F1D5-72C0-B33FD9E7512F}
		{78C93EB0-24DF-82A4-F1B1-96E98AE41D44} = {CA253913-39DE-BFD0-C9A3-4B7EC6FBDF17}
		{EA82E1EF-4888-4C4C-9D20-BFA876025D20} = {78C93EB0-24DF-82A4-F1B1-96E98AE41D44}
		{4B57C887-0402-4AEA-BE74-B6690C3178F8} = {78C93EB0-24DF-82A4-F1B1-96E98AE41D44}
		{4EF03034-5A12-42A9-A126-C711CA3D8EE1} = {78C93EB0-24DF-82A4-F1B1-96E98AE41D44}
		{E82F3206-2E80-435B-B9B5-AB243FDA8C1D} = {78C93EB0-24DF-82A4-F1B1-96E98AE41D44}
		{942087FA-8007-6B91-A3C0-CAD18D66AC9A} = {CA253913-39DE-BFD0-C9A3-4B7EC6FBDF17}
		{569A1966-F823-47C3-B440-5301069B1460} = {942087FA-8007-6B91-A3C0-CAD18D66AC9A}
		{8880170D-A214-4D24-BB00-F856FAF4040F} = {942087FA-8007-6B91-A3C0-CAD18D66AC9A}
		{1155C9C6-8A81-4111-B9D5-BBA01418B56B} = {942087FA-8007-6B91-A3C0-CAD18D66AC9A}
		{C6B0D0E7-2DE3-4555-8440-4D6FD8151FC2} = {942087FA-8007-6B91-A3C0-CAD18D66AC9A}
	EndGlobalSection
EndGlobal
