
Microsoft Visual Studio Solution File, Format Version 12.00
# Visual Studio Version 17
VisualStudioVersion = 17.0.31903.59
MinimumVisualStudioVersion = 10.0.40219.1
Project("{FAE04EC0-301F-11D3-BF4B-00C04F79EFBC}") = "TournamentManager.Api", "TournamentManager.Api\TournamentManager.Api.csproj", "{068D3355-70F7-4710-90E8-E75E5F74BCBE}"
EndProject
Project("{FAE04EC0-301F-11D3-BF4B-00C04F79EFBC}") = "TournamentManager.Application", "TournamentManager.Application\TournamentManager.Application.csproj", "{DC1093C0-C471-4952-A333-8F82FFE9AAD0}"
EndProject
Project("{FAE04EC0-301F-11D3-BF4B-00C04F79EFBC}") = "TournamentManager.Domain", "TournamentManager.Domain\TournamentManager.Domain.csproj", "{9980A864-FCCF-4F7C-8342-83BA3AC56A70}"
EndProject
Project("{FAE04EC0-301F-11D3-BF4B-00C04F79EFBC}") = "TournamentManager.Infrastructure", "TournamentManager.Infrastructure\TournamentManager.Infrastructure.csproj", "{12C87F47-BB59-4EA2-9FAB-61F2DDBF101D}"
EndProject
Project("{FAE04EC0-301F-11D3-BF4B-00C04F79EFBC}") = "TournamentManager.Api.Test", "TournamentManager.Api.Test\TournamentManager.Api.Test.csproj", "{5C539AC1-19D5-43CF-A5D0-440EFDACB30A}"
EndProject
Project("{FAE04EC0-301F-11D3-BF4B-00C04F79EFBC}") = "TournamentManager.Application.Test", "TournamentManager.Application.Test\TournamentManager.Application.Test.csproj", "{D57745CD-2B93-437C-8868-94034FC9D558}"
EndProject
Project("{FAE04EC0-301F-11D3-BF4B-00C04F79EFBC}") = "TournamentManager.Infrastructure.Test", "TournamentManager.Infrastructure.Test\TournamentManager.Infrastructure.Test.csproj", "{3E799EE3-4183-4447-B6DC-079B962A1312}"
EndProject
Project("{FAE04EC0-301F-11D3-BF4B-00C04F79EFBC}") = "TournamentManager.Domain.Test", "TournamentManager.Domain.Test\TournamentManager.Domain.Test.csproj", "{1F9BC8F9-876F-4D88-84B4-285E3C12ACB2}"
EndProject
Project("{FAE04EC0-301F-11D3-BF4B-00C04F79EFBC}") = "TournamentManager.TestHelper", "TournamentManager.TestHelper\TournamentManager.TestHelper.csproj", "{85FA7D93-E71E-46E5-9514-DA87831D8210}"
EndProject
Project("{FAE04EC0-301F-11D3-BF4B-00C04F79EFBC}") = "EventBus", "EventBus\EventBus.csproj", "{F7B13377-C768-4A85-BAF6-E916D80AB44D}"
EndProject
Project("{2150E333-8FDC-42A3-9474-1A3956D46DE8}") = "Modules", "Modules", "{CA253913-39DE-BFD0-C9A3-4B7EC6FBDF17}"
EndProject
Project("{2150E333-8FDC-42A3-9474-1A3956D46DE8}") = "Templates", "Templates", "{C85EA180-0BFC-26C4-3C54-D13AF55619A0}"
EndProject
Project("{FAE04EC0-301F-11D3-BF4B-00C04F79EFBC}") = "Templates.Api", "Modules\Templates\Templates.Api\Templates.Api.csproj", "{BB145CCC-B032-4D57-ACA8-1E4B85F4E237}"
EndProject
Project("{FAE04EC0-301F-11D3-BF4B-00C04F79EFBC}") = "Templates.Application", "Modules\Templates\Templates.Application\Templates.Application.csproj", "{F5271D48-D638-47EA-A940-180D48FA0A12}"
EndProject
Project("{FAE04EC0-301F-11D3-BF4B-00C04F79EFBC}") = "Templates.Domain", "Modules\Templates\Templates.Domain\Templates.Domain.csproj", "{5D44949C-41D1-4C89-BFF0-89751620C8CC}"
EndProject
Project("{2150E333-8FDC-42A3-9474-1A3956D46DE8}") = "Design", "Design", "{AD2EC51B-67E0-7A23-BB90-F38C2E728003}"
EndProject
Project("{FAE04EC0-301F-11D3-BF4B-00C04F79EFBC}") = "Design.Api", "Modules\Design\Design.Api\Design.Api.csproj", "{A85873C9-527B-4D82-A095-2A5095C5AD8E}"
EndProject
Project("{FAE04EC0-301F-11D3-BF4B-00C04F79EFBC}") = "Design.Application", "Modules\Design\Design.Application\Design.Application.csproj", "{85A33405-867E-407C-A0B3-AAEF62F483FF}"
EndProject
Project("{FAE04EC0-301F-11D3-BF4B-00C04F79EFBC}") = "Design.Domain", "Modules\Design\Design.Domain\Design.Domain.csproj", "{6346923B-0CDD-45B8-B8EA-B74B067D2B84}"
EndProject
Project("{2150E333-8FDC-42A3-9474-1A3956D46DE8}") = "Generation", "Generation", "{7DE1F934-7CCF-E3EE-A908-C1647228BE54}"
EndProject
Project("{FAE04EC0-301F-11D3-BF4B-00C04F79EFBC}") = "Generation.Api", "Modules\Generation\Generation.Api\Generation.Api.csproj", "{80857BD6-BEE9-4F3B-8090-E502DDCED0AC}"
EndProject
Project("{FAE04EC0-301F-11D3-BF4B-00C04F79EFBC}") = "Generation.Application", "Modules\Generation\Generation.Application\Generation.Application.csproj", "{2387897A-E0DF-4FE4-9E81-BEF9B286303D}"
EndProject
Project("{FAE04EC0-301F-11D3-BF4B-00C04F79EFBC}") = "Generation.Domain", "Modules\Generation\Generation.Domain\Generation.Domain.csproj", "{08569F8B-561F-468A-9E59-21DE0EAF6433}"
EndProject
Project("{2150E333-8FDC-42A3-9474-1A3956D46DE8}") = "Competition", "Competition", "{142EC8A7-3ED3-F1D5-72C0-B33FD9E7512F}"
EndProject
Project("{FAE04EC0-301F-11D3-BF4B-00C04F79EFBC}") = "Competition.Api", "Modules\Competition\Competition.Api\Competition.Api.csproj", "{435C1698-3E6B-477E-B49C-E7CFDC49AA61}"
EndProject
Project("{FAE04EC0-301F-11D3-BF4B-00C04F79EFBC}") = "Competition.Application", "Modules\Competition\Competition.Application\Competition.Application.csproj", "{84AFB7C5-8A1C-4950-946A-A01C80866A3B}"
EndProject
Project("{FAE04EC0-301F-11D3-BF4B-00C04F79EFBC}") = "Competition.Domain", "Modules\Competition\Competition.Domain\Competition.Domain.csproj", "{56727F32-06CD-4B47-9A2C-27826675B88B}"
EndProject
Project("{2150E333-8FDC-42A3-9474-1A3956D46DE8}") = "Sports.TableTennis", "Sports.TableTennis", "{78C93EB0-24DF-82A4-F1B1-96E98AE41D44}"
EndProject
Project("{FAE04EC0-301F-11D3-BF4B-00C04F79EFBC}") = "Sports.TableTennis.Api", "Modules\Sports.TableTennis\Sports.TableTennis.Api\Sports.TableTennis.Api.csproj", "{EA82E1EF-4888-4C4C-9D20-BFA876025D20}"
EndProject
Project("{FAE04EC0-301F-11D3-BF4B-00C04F79EFBC}") = "Sports.TableTennis.Application", "Modules\Sports.TableTennis\Sports.TableTennis.Application\Sports.TableTennis.Application.csproj", "{4B57C887-0402-4AEA-BE74-B6690C3178F8}"
EndProject
Project("{FAE04EC0-301F-11D3-BF4B-00C04F79EFBC}") = "Sports.TableTennis.Domain", "Modules\Sports.TableTennis\Sports.TableTennis.Domain\Sports.TableTennis.Domain.csproj", "{4EF03034-5A12-42A9-A126-C711CA3D8EE1}"
EndProject
Project("{2150E333-8FDC-42A3-9474-1A3956D46DE8}") = "Watch", "Watch", "{942087FA-8007-6B91-A3C0-CAD18D66AC9A}"
EndProject
Project("{FAE04EC0-301F-11D3-BF4B-00C04F79EFBC}") = "Watch.Api", "Modules\Watch\Watch.Api\Watch.Api.csproj", "{569A1966-F823-47C3-B440-5301069B1460}"
EndProject
Project("{FAE04EC0-301F-11D3-BF4B-00C04F79EFBC}") = "Watch.Application", "Modules\Watch\Watch.Application\Watch.Application.csproj", "{8880170D-A214-4D24-BB00-F856FAF4040F}"
EndProject
Project("{FAE04EC0-301F-11D3-BF4B-00C04F79EFBC}") = "Watch.Domain", "Modules\Watch\Watch.Domain\Watch.Domain.csproj", "{1155C9C6-8A81-4111-B9D5-BBA01418B56B}"
EndProject
Project("{2150E333-8FDC-42A3-9474-1A3956D46DE8}") = "Templates.Test", "Templates.Test", "{79E2CFCF-76A6-C0E6-7EB9-1F2F9A036AA9}"
EndProject
Project("{FAE04EC0-301F-11D3-BF4B-00C04F79EFBC}") = "Test.Templates.Api", "Modules\Templates\Templates.Test\Test.Templates.Api\Test.Templates.Api.csproj", "{77424425-1910-4066-9C3D-5E61CD77F312}"
EndProject
Project("{FAE04EC0-301F-11D3-BF4B-00C04F79EFBC}") = "Test.Templates.Application", "Modules\Templates\Templates.Test\Test.Templates.Application\Test.Templates.Application.csproj", "{64C42B68-3200-48A0-9FF8-BCE5C588D104}"
EndProject
Project("{FAE04EC0-301F-11D3-BF4B-00C04F79EFBC}") = "Test.Templates.Domain", "Modules\Templates\Templates.Test\Test.Templates.Domain\Test.Templates.Domain.csproj", "{A00EED19-CA12-4F1A-92A5-25AF24BAF304}"
EndProject
Project("{FAE04EC0-301F-11D3-BF4B-00C04F79EFBC}") = "Templates.Infrastructure", "Modules\Templates\Templates.Infrastructure\Templates.Infrastructure.csproj", "{C9D0E1F2-A3B4-5678-2345-789012345678}"
EndProject
Project("{FAE04EC0-301F-11D3-BF4B-00C04F79EFBC}") = "Test.Templates.Infrastructure", "Modules\Templates\Templates.Test\Test.Templates.Infrastructure\Test.Templates.Infrastructure.csproj", "{D0E1F2A3-B4C5-6789-3456-890123456789}"
EndProject
Project("{2150E333-8FDC-42A3-9474-1A3956D46DE8}") = "Design.Test", "Design.Test", "{462DE1E5-D8EA-8C4E-D16C-6B704977D019}"
EndProject
Project("{FAE04EC0-301F-11D3-BF4B-00C04F79EFBC}") = "Test.Design.Api", "Modules\Design\Design.Test\Test.Design.Api\Test.Design.Api.csproj", "{B54FE80F-131E-4609-95B0-5D0CE59F9C5A}"
EndProject
Project("{FAE04EC0-301F-11D3-BF4B-00C04F79EFBC}") = "Test.Design.Application", "Modules\Design\Design.Test\Test.Design.Application\Test.Design.Application.csproj", "{E56407B6-5D02-4AB3-AA3E-52A803EF7DCD}"
EndProject
Project("{FAE04EC0-301F-11D3-BF4B-00C04F79EFBC}") = "Test.Design.Domain", "Modules\Design\Design.Test\Test.Design.Domain\Test.Design.Domain.csproj", "{30AD21F1-248C-4A35-9087-0F1F75EE62B5}"
EndProject
Project("{FAE04EC0-301F-11D3-BF4B-00C04F79EFBC}") = "Design.Infrastructure", "Modules\Design\Design.Infrastructure\Design.Infrastructure.csproj", "{A1B2C3D4-E5F6-7890-ABCD-EF1234567890}"
EndProject
Project("{FAE04EC0-301F-11D3-BF4B-00C04F79EFBC}") = "Test.Design.Infrastructure", "Modules\Design\Design.Test\Test.Design.Infrastructure\Test.Design.Infrastructure.csproj", "{B2C3D4E5-F6A7-8901-BCDE-F12345678901}"
EndProject
Project("{2150E333-8FDC-42A3-9474-1A3956D46DE8}") = "Generation.Test", "Generation.Test", "{D8F47482-2892-CD0B-E93A-24D345865960}"
EndProject
Project("{FAE04EC0-301F-11D3-BF4B-00C04F79EFBC}") = "Test.Generation.Api", "Modules\Generation\Generation.Test\Test.Generation.Api\Test.Generation.Api.csproj", "{EEDA90B7-6460-4201-A6A9-DBD62CB784BF}"
EndProject
Project("{FAE04EC0-301F-11D3-BF4B-00C04F79EFBC}") = "Test.Generation.Application", "Modules\Generation\Generation.Test\Test.Generation.Application\Test.Generation.Application.csproj", "{171CF3B9-3982-4FCD-A947-5061A704574F}"
EndProject
Project("{FAE04EC0-301F-11D3-BF4B-00C04F79EFBC}") = "Test.Generation.Domain", "Modules\Generation\Generation.Test\Test.Generation.Domain\Test.Generation.Domain.csproj", "{D3C859F5-5FF2-4696-95FD-51434C5F143F}"
EndProject
Project("{FAE04EC0-301F-11D3-BF4B-00C04F79EFBC}") = "Generation.Infrastructure", "Modules\Generation\Generation.Infrastructure\Generation.Infrastructure.csproj", "{E5F6A7B8-C9D0-1234-EF01-345678901234}"
EndProject
Project("{FAE04EC0-301F-11D3-BF4B-00C04F79EFBC}") = "Test.Generation.Infrastructure", "Modules\Generation\Generation.Test\Test.Generation.Infrastructure\Test.Generation.Infrastructure.csproj", "{F6A7B8C9-D0E1-2345-F012-456789012345}"
EndProject
Project("{2150E333-8FDC-42A3-9474-1A3956D46DE8}") = "Competition.Test", "Competition.Test", "{7B7FD79D-8DE9-7BA0-A791-C691DD0CA939}"
EndProject
Project("{FAE04EC0-301F-11D3-BF4B-00C04F79EFBC}") = "Test.Competition.Api", "Modules\Competition\Competition.Test\Test.Competition.Api\Test.Competition.Api.csproj", "{F08D2AD4-400F-4720-9A5E-A3A036C1197E}"
EndProject
Project("{FAE04EC0-301F-11D3-BF4B-00C04F79EFBC}") = "Test.Competition.Application", "Modules\Competition\Competition.Test\Test.Competition.Application\Test.Competition.Application.csproj", "{1679CED4-8534-4FF7-A197-D5CA23898494}"
EndProject
Project("{FAE04EC0-301F-11D3-BF4B-00C04F79EFBC}") = "Test.Competition.Domain", "Modules\Competition\Competition.Test\Test.Competition.Domain\Test.Competition.Domain.csproj", "{BBD976BE-F211-4072-90B0-7EC102412EC1}"
EndProject
Project("{FAE04EC0-301F-11D3-BF4B-00C04F79EFBC}") = "Competition.Infrastructure", "Modules\Competition\Competition.Infrastructure\Competition.Infrastructure.csproj", "{C3D4E5F6-A7B8-9012-CDEF-123456789012}"
EndProject
Project("{FAE04EC0-301F-11D3-BF4B-00C04F79EFBC}") = "Test.Competition.Infrastructure", "Modules\Competition\Competition.Test\Test.Competition.Infrastructure\Test.Competition.Infrastructure.csproj", "{D4E5F6A7-B8C9-0123-DEF0-234567890123}"
EndProject
Project("{2150E333-8FDC-42A3-9474-1A3956D46DE8}") = "Sports.TableTennis.Test", "Sports.TableTennis.Test", "{F8741562-C8B6-73CE-F87A-2E7F7A96BC24}"
EndProject
Project("{FAE04EC0-301F-11D3-BF4B-00C04F79EFBC}") = "Test.Sports.TableTennis.Api", "Modules\Sports.TableTennis\Sports.TableTennis.Test\Test.Sports.TableTennis.Api\Test.Sports.TableTennis.Api.csproj", "{09F5344C-C4C7-49ED-B4E2-98FFEC2DF434}"
EndProject
Project("{FAE04EC0-301F-11D3-BF4B-00C04F79EFBC}") = "Test.Sports.TableTennis.Application", "Modules\Sports.TableTennis\Sports.TableTennis.Test\Test.Sports.TableTennis.Application\Test.Sports.TableTennis.Application.csproj", "{BB1DB748-3444-4CC8-8E18-53FE18E70C8E}"
EndProject
Project("{FAE04EC0-301F-11D3-BF4B-00C04F79EFBC}") = "Test.Sports.TableTennis.Domain", "Modules\Sports.TableTennis\Sports.TableTennis.Test\Test.Sports.TableTennis.Domain\Test.Sports.TableTennis.Domain.csproj", "{23642E65-648A-48A4-8B95-BEAFA113F2D5}"
EndProject
Project("{FAE04EC0-301F-11D3-BF4B-00C04F79EFBC}") = "Sports.TableTennis.Infrastructure", "Modules\Sports.TableTennis\Sports.TableTennis.Infrastructure\Sports.TableTennis.Infrastructure.csproj", "{A7B8C9D0-E1F2-3456-0123-567890123456}"
EndProject
Project("{FAE04EC0-301F-11D3-BF4B-00C04F79EFBC}") = "Test.Sports.TableTennis.Infrastructure", "Modules\Sports.TableTennis\Sports.TableTennis.Test\Test.Sports.TableTennis.Infrastructure\Test.Sports.TableTennis.Infrastructure.csproj", "{B8C9D0E1-F2A3-4567-1234-678901234567}"
EndProject
Project("{2150E333-8FDC-42A3-9474-1A3956D46DE8}") = "Watch.Test", "Watch.Test", "{AD024D33-1863-E62A-2599-1798AC70C871}"
EndProject
Project("{FAE04EC0-301F-11D3-BF4B-00C04F79EFBC}") = "Test.Watch.Api", "Modules\Watch\Watch.Test\Test.Watch.Api\Test.Watch.Api.csproj", "{3BC9BDEC-E476-4052-9032-11C9E406551B}"
EndProject
Project("{FAE04EC0-301F-11D3-BF4B-00C04F79EFBC}") = "Test.Watch.Application", "Modules\Watch\Watch.Test\Test.Watch.Application\Test.Watch.Application.csproj", "{6C44FE3B-03B2-4C91-9823-1209649AB02C}"
EndProject
Project("{FAE04EC0-301F-11D3-BF4B-00C04F79EFBC}") = "Test.Watch.Domain", "Modules\Watch\Watch.Test\Test.Watch.Domain\Test.Watch.Domain.csproj", "{CC5AEE01-82B5-4762-9906-A1939D90DCE7}"
EndProject
Project("{FAE04EC0-301F-11D3-BF4B-00C04F79EFBC}") = "Watch.Infrastructure", "Modules\Watch\Watch.Infrastructure\Watch.Infrastructure.csproj", "{E1F2A3B4-C5D6-7890-4567-901234567890}"
EndProject
Project("{FAE04EC0-301F-11D3-BF4B-00C04F79EFBC}") = "Test.Watch.Infrastructure", "Modules\Watch\Watch.Test\Test.Watch.Infrastructure\Test.Watch.Infrastructure.csproj", "{F2A3B4C5-D6E7-8901-5678-012345678901}"
EndProject
Project("{FAE04EC0-301F-11D3-BF4B-00C04F79EFBC}") = "Platform.Api", "Platform.Api\Platform.Api.csproj", "{26DADA2E-991C-4647-B822-7D7E56A26D2C}"
EndProject
Global
	GlobalSection(SolutionConfigurationPlatforms) = preSolution
		Debug|Any CPU = Debug|Any CPU
		Debug|x64 = Debug|x64
		Debug|x86 = Debug|x86
		Release|Any CPU = Release|Any CPU
		Release|x64 = Release|x64
		Release|x86 = Release|x86
	EndGlobalSection
	GlobalSection(ProjectConfigurationPlatforms) = postSolution
		{068D3355-70F7-4710-90E8-E75E5F74BCBE}.Debug|Any CPU.ActiveCfg = Debug|Any CPU
		{068D3355-70F7-4710-90E8-E75E5F74BCBE}.Debug|Any CPU.Build.0 = Debug|Any CPU
		{068D3355-70F7-4710-90E8-E75E5F74BCBE}.Debug|x64.ActiveCfg = Debug|Any CPU
		{068D3355-70F7-4710-90E8-E75E5F74BCBE}.Debug|x64.Build.0 = Debug|Any CPU
		{068D3355-70F7-4710-90E8-E75E5F74BCBE}.Debug|x86.ActiveCfg = Debug|Any CPU
		{068D3355-70F7-4710-90E8-E75E5F74BCBE}.Debug|x86.Build.0 = Debug|Any CPU
		{068D3355-70F7-4710-90E8-E75E5F74BCBE}.Release|Any CPU.ActiveCfg = Release|Any CPU
		{068D3355-70F7-4710-90E8-E75E5F74BCBE}.Release|Any CPU.Build.0 = Release|Any CPU
		{068D3355-70F7-4710-90E8-E75E5F74BCBE}.Release|x64.ActiveCfg = Release|Any CPU
		{068D3355-70F7-4710-90E8-E75E5F74BCBE}.Release|x64.Build.0 = Release|Any CPU
		{068D3355-70F7-4710-90E8-E75E5F74BCBE}.Release|x86.ActiveCfg = Release|Any CPU
		{068D3355-70F7-4710-90E8-E75E5F74BCBE}.Release|x86.Build.0 = Release|Any CPU
		{DC1093C0-C471-4952-A333-8F82FFE9AAD0}.Debug|Any CPU.ActiveCfg = Debug|Any CPU
		{DC1093C0-C471-4952-A333-8F82FFE9AAD0}.Debug|Any CPU.Build.0 = Debug|Any CPU
		{DC1093C0-C471-4952-A333-8F82FFE9AAD0}.Debug|x64.ActiveCfg = Debug|Any CPU
		{DC1093C0-C471-4952-A333-8F82FFE9AAD0}.Debug|x64.Build.0 = Debug|Any CPU
		{DC1093C0-C471-4952-A333-8F82FFE9AAD0}.Debug|x86.ActiveCfg = Debug|Any CPU
		{DC1093C0-C471-4952-A333-8F82FFE9AAD0}.Debug|x86.Build.0 = Debug|Any CPU
		{DC1093C0-C471-4952-A333-8F82FFE9AAD0}.Release|Any CPU.ActiveCfg = Release|Any CPU
		{DC1093C0-C471-4952-A333-8F82FFE9AAD0}.Release|Any CPU.Build.0 = Release|Any CPU
		{DC1093C0-C471-4952-A333-8F82FFE9AAD0}.Release|x64.ActiveCfg = Release|Any CPU
		{DC1093C0-C471-4952-A333-8F82FFE9AAD0}.Release|x64.Build.0 = Release|Any CPU
		{DC1093C0-C471-4952-A333-8F82FFE9AAD0}.Release|x86.ActiveCfg = Release|Any CPU
		{DC1093C0-C471-4952-A333-8F82FFE9AAD0}.Release|x86.Build.0 = Release|Any CPU
		{9980A864-FCCF-4F7C-8342-83BA3AC56A70}.Debug|Any CPU.ActiveCfg = Debug|Any CPU
		{9980A864-FCCF-4F7C-8342-83BA3AC56A70}.Debug|Any CPU.Build.0 = Debug|Any CPU
		{9980A864-FCCF-4F7C-8342-83BA3AC56A70}.Debug|x64.ActiveCfg = Debug|Any CPU
		{9980A864-FCCF-4F7C-8342-83BA3AC56A70}.Debug|x64.Build.0 = Debug|Any CPU
		{9980A864-FCCF-4F7C-8342-83BA3AC56A70}.Debug|x86.ActiveCfg = Debug|Any CPU
		{9980A864-FCCF-4F7C-8342-83BA3AC56A70}.Debug|x86.Build.0 = Debug|Any CPU
		{9980A864-FCCF-4F7C-8342-83BA3AC56A70}.Release|Any CPU.ActiveCfg = Release|Any CPU
		{9980A864-FCCF-4F7C-8342-83BA3AC56A70}.Release|Any CPU.Build.0 = Release|Any CPU
		{9980A864-FCCF-4F7C-8342-83BA3AC56A70}.Release|x64.ActiveCfg = Release|Any CPU
		{9980A864-FCCF-4F7C-8342-83BA3AC56A70}.Release|x64.Build.0 = Release|Any CPU
		{9980A864-FCCF-4F7C-8342-83BA3AC56A70}.Release|x86.ActiveCfg = Release|Any CPU
		{9980A864-FCCF-4F7C-8342-83BA3AC56A70}.Release|x86.Build.0 = Release|Any CPU
		{12C87F47-BB59-4EA2-9FAB-61F2DDBF101D}.Debug|Any CPU.ActiveCfg = Debug|Any CPU
		{12C87F47-BB59-4EA2-9FAB-61F2DDBF101D}.Debug|Any CPU.Build.0 = Debug|Any CPU
		{12C87F47-BB59-4EA2-9FAB-61F2DDBF101D}.Debug|x64.ActiveCfg = Debug|Any CPU
		{12C87F47-BB59-4EA2-9FAB-61F2DDBF101D}.Debug|x64.Build.0 = Debug|Any CPU
		{12C87F47-BB59-4EA2-9FAB-61F2DDBF101D}.Debug|x86.ActiveCfg = Debug|Any CPU
		{12C87F47-BB59-4EA2-9FAB-61F2DDBF101D}.Debug|x86.Build.0 = Debug|Any CPU
		{12C87F47-BB59-4EA2-9FAB-61F2DDBF101D}.Release|Any CPU.ActiveCfg = Release|Any CPU
		{12C87F47-BB59-4EA2-9FAB-61F2DDBF101D}.Release|Any CPU.Build.0 = Release|Any CPU
		{12C87F47-BB59-4EA2-9FAB-61F2DDBF101D}.Release|x64.ActiveCfg = Release|Any CPU
		{12C87F47-BB59-4EA2-9FAB-61F2DDBF101D}.Release|x64.Build.0 = Release|Any CPU
		{12C87F47-BB59-4EA2-9FAB-61F2DDBF101D}.Release|x86.ActiveCfg = Release|Any CPU
		{12C87F47-BB59-4EA2-9FAB-61F2DDBF101D}.Release|x86.Build.0 = Release|Any CPU
		{5C539AC1-19D5-43CF-A5D0-440EFDACB30A}.Debug|Any CPU.ActiveCfg = Debug|Any CPU
		{5C539AC1-19D5-43CF-A5D0-440EFDACB30A}.Debug|Any CPU.Build.0 = Debug|Any CPU
		{5C539AC1-19D5-43CF-A5D0-440EFDACB30A}.Debug|x64.ActiveCfg = Debug|Any CPU
		{5C539AC1-19D5-43CF-A5D0-440EFDACB30A}.Debug|x64.Build.0 = Debug|Any CPU
		{5C539AC1-19D5-43CF-A5D0-440EFDACB30A}.Debug|x86.ActiveCfg = Debug|Any CPU
		{5C539AC1-19D5-43CF-A5D0-440EFDACB30A}.Debug|x86.Build.0 = Debug|Any CPU
		{5C539AC1-19D5-43CF-A5D0-440EFDACB30A}.Release|Any CPU.ActiveCfg = Release|Any CPU
		{5C539AC1-19D5-43CF-A5D0-440EFDACB30A}.Release|Any CPU.Build.0 = Release|Any CPU
		{5C539AC1-19D5-43CF-A5D0-440EFDACB30A}.Release|x64.ActiveCfg = Release|Any CPU
		{5C539AC1-19D5-43CF-A5D0-440EFDACB30A}.Release|x64.Build.0 = Release|Any CPU
		{5C539AC1-19D5-43CF-A5D0-440EFDACB30A}.Release|x86.ActiveCfg = Release|Any CPU
		{5C539AC1-19D5-43CF-A5D0-440EFDACB30A}.Release|x86.Build.0 = Release|Any CPU
		{D57745CD-2B93-437C-8868-94034FC9D558}.Debug|Any CPU.ActiveCfg = Debug|Any CPU
		{D57745CD-2B93-437C-8868-94034FC9D558}.Debug|Any CPU.Build.0 = Debug|Any CPU
		{D57745CD-2B93-437C-8868-94034FC9D558}.Debug|x64.ActiveCfg = Debug|Any CPU
		{D57745CD-2B93-437C-8868-94034FC9D558}.Debug|x64.Build.0 = Debug|Any CPU
		{D57745CD-2B93-437C-8868-94034FC9D558}.Debug|x86.ActiveCfg = Debug|Any CPU
		{D57745CD-2B93-437C-8868-94034FC9D558}.Debug|x86.Build.0 = Debug|Any CPU
		{D57745CD-2B93-437C-8868-94034FC9D558}.Release|Any CPU.ActiveCfg = Release|Any CPU
		{D57745CD-2B93-437C-8868-94034FC9D558}.Release|Any CPU.Build.0 = Release|Any CPU
		{D57745CD-2B93-437C-8868-94034FC9D558}.Release|x64.ActiveCfg = Release|Any CPU
		{D57745CD-2B93-437C-8868-94034FC9D558}.Release|x64.Build.0 = Release|Any CPU
		{D57745CD-2B93-437C-8868-94034FC9D558}.Release|x86.ActiveCfg = Release|Any CPU
		{D57745CD-2B93-437C-8868-94034FC9D558}.Release|x86.Build.0 = Release|Any CPU
		{3E799EE3-4183-4447-B6DC-079B962A1312}.Debug|Any CPU.ActiveCfg = Debug|Any CPU
		{3E799EE3-4183-4447-B6DC-079B962A1312}.Debug|Any CPU.Build.0 = Debug|Any CPU
		{3E799EE3-4183-4447-B6DC-079B962A1312}.Debug|x64.ActiveCfg = Debug|Any CPU
		{3E799EE3-4183-4447-B6DC-079B962A1312}.Debug|x64.Build.0 = Debug|Any CPU
		{3E799EE3-4183-4447-B6DC-079B962A1312}.Debug|x86.ActiveCfg = Debug|Any CPU
		{3E799EE3-4183-4447-B6DC-079B962A1312}.Debug|x86.Build.0 = Debug|Any CPU
		{3E799EE3-4183-4447-B6DC-079B962A1312}.Release|Any CPU.ActiveCfg = Release|Any CPU
		{3E799EE3-4183-4447-B6DC-079B962A1312}.Release|Any CPU.Build.0 = Release|Any CPU
		{3E799EE3-4183-4447-B6DC-079B962A1312}.Release|x64.ActiveCfg = Release|Any CPU
		{3E799EE3-4183-4447-B6DC-079B962A1312}.Release|x64.Build.0 = Release|Any CPU
		{3E799EE3-4183-4447-B6DC-079B962A1312}.Release|x86.ActiveCfg = Release|Any CPU
		{3E799EE3-4183-4447-B6DC-079B962A1312}.Release|x86.Build.0 = Release|Any CPU
		{1F9BC8F9-876F-4D88-84B4-285E3C12ACB2}.Debug|Any CPU.ActiveCfg = Debug|Any CPU
		{1F9BC8F9-876F-4D88-84B4-285E3C12ACB2}.Debug|Any CPU.Build.0 = Debug|Any CPU
		{1F9BC8F9-876F-4D88-84B4-285E3C12ACB2}.Debug|x64.ActiveCfg = Debug|Any CPU
		{1F9BC8F9-876F-4D88-84B4-285E3C12ACB2}.Debug|x64.Build.0 = Debug|Any CPU
		{1F9BC8F9-876F-4D88-84B4-285E3C12ACB2}.Debug|x86.ActiveCfg = Debug|Any CPU
		{1F9BC8F9-876F-4D88-84B4-285E3C12ACB2}.Debug|x86.Build.0 = Debug|Any CPU
		{1F9BC8F9-876F-4D88-84B4-285E3C12ACB2}.Release|Any CPU.ActiveCfg = Release|Any CPU
		{1F9BC8F9-876F-4D88-84B4-285E3C12ACB2}.Release|Any CPU.Build.0 = Release|Any CPU
		{1F9BC8F9-876F-4D88-84B4-285E3C12ACB2}.Release|x64.ActiveCfg = Release|Any CPU
		{1F9BC8F9-876F-4D88-84B4-285E3C12ACB2}.Release|x64.Build.0 = Release|Any CPU
		{1F9BC8F9-876F-4D88-84B4-285E3C12ACB2}.Release|x86.ActiveCfg = Release|Any CPU
		{1F9BC8F9-876F-4D88-84B4-285E3C12ACB2}.Release|x86.Build.0 = Release|Any CPU
		{85FA7D93-E71E-46E5-9514-DA87831D8210}.Debug|Any CPU.ActiveCfg = Debug|Any CPU
		{85FA7D93-E71E-46E5-9514-DA87831D8210}.Debug|Any CPU.Build.0 = Debug|Any CPU
		{85FA7D93-E71E-46E5-9514-DA87831D8210}.Debug|x64.ActiveCfg = Debug|Any CPU
		{85FA7D93-E71E-46E5-9514-DA87831D8210}.Debug|x64.Build.0 = Debug|Any CPU
		{85FA7D93-E71E-46E5-9514-DA87831D8210}.Debug|x86.ActiveCfg = Debug|Any CPU
		{85FA7D93-E71E-46E5-9514-DA87831D8210}.Debug|x86.Build.0 = Debug|Any CPU
		{85FA7D93-E71E-46E5-9514-DA87831D8210}.Release|Any CPU.ActiveCfg = Release|Any CPU
		{85FA7D93-E71E-46E5-9514-DA87831D8210}.Release|Any CPU.Build.0 = Release|Any CPU
		{85FA7D93-E71E-46E5-9514-DA87831D8210}.Release|x64.ActiveCfg = Release|Any CPU
		{85FA7D93-E71E-46E5-9514-DA87831D8210}.Release|x64.Build.0 = Release|Any CPU
		{85FA7D93-E71E-46E5-9514-DA87831D8210}.Release|x86.ActiveCfg = Release|Any CPU
		{85FA7D93-E71E-46E5-9514-DA87831D8210}.Release|x86.Build.0 = Release|Any CPU
		{F7B13377-C768-4A85-BAF6-E916D80AB44D}.Debug|Any CPU.ActiveCfg = Debug|Any CPU
		{F7B13377-C768-4A85-BAF6-E916D80AB44D}.Debug|Any CPU.Build.0 = Debug|Any CPU
		{F7B13377-C768-4A85-BAF6-E916D80AB44D}.Debug|x64.ActiveCfg = Debug|Any CPU
		{F7B13377-C768-4A85-BAF6-E916D80AB44D}.Debug|x64.Build.0 = Debug|Any CPU
		{F7B13377-C768-4A85-BAF6-E916D80AB44D}.Debug|x86.ActiveCfg = Debug|Any CPU
		{F7B13377-C768-4A85-BAF6-E916D80AB44D}.Debug|x86.Build.0 = Debug|Any CPU
		{F7B13377-C768-4A85-BAF6-E916D80AB44D}.Release|Any CPU.ActiveCfg = Release|Any CPU
		{F7B13377-C768-4A85-BAF6-E916D80AB44D}.Release|Any CPU.Build.0 = Release|Any CPU
		{F7B13377-C768-4A85-BAF6-E916D80AB44D}.Release|x64.ActiveCfg = Release|Any CPU
		{F7B13377-C768-4A85-BAF6-E916D80AB44D}.Release|x64.Build.0 = Release|Any CPU
		{F7B13377-C768-4A85-BAF6-E916D80AB44D}.Release|x86.ActiveCfg = Release|Any CPU
		{F7B13377-C768-4A85-BAF6-E916D80AB44D}.Release|x86.Build.0 = Release|Any CPU
		{BB145CCC-B032-4D57-ACA8-1E4B85F4E237}.Debug|Any CPU.ActiveCfg = Debug|Any CPU
		{BB145CCC-B032-4D57-ACA8-1E4B85F4E237}.Debug|Any CPU.Build.0 = Debug|Any CPU
		{BB145CCC-B032-4D57-ACA8-1E4B85F4E237}.Debug|x64.ActiveCfg = Debug|Any CPU
		{BB145CCC-B032-4D57-ACA8-1E4B85F4E237}.Debug|x64.Build.0 = Debug|Any CPU
		{BB145CCC-B032-4D57-ACA8-1E4B85F4E237}.Debug|x86.ActiveCfg = Debug|Any CPU
		{BB145CCC-B032-4D57-ACA8-1E4B85F4E237}.Debug|x86.Build.0 = Debug|Any CPU
		{BB145CCC-B032-4D57-ACA8-1E4B85F4E237}.Release|Any CPU.ActiveCfg = Release|Any CPU
		{BB145CCC-B032-4D57-ACA8-1E4B85F4E237}.Release|Any CPU.Build.0 = Release|Any CPU
		{BB145CCC-B032-4D57-ACA8-1E4B85F4E237}.Release|x64.ActiveCfg = Release|Any CPU
		{BB145CCC-B032-4D57-ACA8-1E4B85F4E237}.Release|x64.Build.0 = Release|Any CPU
		{BB145CCC-B032-4D57-ACA8-1E4B85F4E237}.Release|x86.ActiveCfg = Release|Any CPU
		{BB145CCC-B032-4D57-ACA8-1E4B85F4E237}.Release|x86.Build.0 = Release|Any CPU
		{F5271D48-D638-47EA-A940-180D48FA0A12}.Debug|Any CPU.ActiveCfg = Debug|Any CPU
		{F5271D48-D638-47EA-A940-180D48FA0A12}.Debug|Any CPU.Build.0 = Debug|Any CPU
		{F5271D48-D638-47EA-A940-180D48FA0A12}.Debug|x64.ActiveCfg = Debug|Any CPU
		{F5271D48-D638-47EA-A940-180D48FA0A12}.Debug|x64.Build.0 = Debug|Any CPU
		{F5271D48-D638-47EA-A940-180D48FA0A12}.Debug|x86.ActiveCfg = Debug|Any CPU
		{F5271D48-D638-47EA-A940-180D48FA0A12}.Debug|x86.Build.0 = Debug|Any CPU
		{F5271D48-D638-47EA-A940-180D48FA0A12}.Release|Any CPU.ActiveCfg = Release|Any CPU
		{F5271D48-D638-47EA-A940-180D48FA0A12}.Release|Any CPU.Build.0 = Release|Any CPU
		{F5271D48-D638-47EA-A940-180D48FA0A12}.Release|x64.ActiveCfg = Release|Any CPU
		{F5271D48-D638-47EA-A940-180D48FA0A12}.Release|x64.Build.0 = Release|Any CPU
		{F5271D48-D638-47EA-A940-180D48FA0A12}.Release|x86.ActiveCfg = Release|Any CPU
		{F5271D48-D638-47EA-A940-180D48FA0A12}.Release|x86.Build.0 = Release|Any CPU
		{5D44949C-41D1-4C89-BFF0-89751620C8CC}.Debug|Any CPU.ActiveCfg = Debug|Any CPU
		{5D44949C-41D1-4C89-BFF0-89751620C8CC}.Debug|Any CPU.Build.0 = Debug|Any CPU
		{5D44949C-41D1-4C89-BFF0-89751620C8CC}.Debug|x64.ActiveCfg = Debug|Any CPU
		{5D44949C-41D1-4C89-BFF0-89751620C8CC}.Debug|x64.Build.0 = Debug|Any CPU
		{5D44949C-41D1-4C89-BFF0-89751620C8CC}.Debug|x86.ActiveCfg = Debug|Any CPU
		{5D44949C-41D1-4C89-BFF0-89751620C8CC}.Debug|x86.Build.0 = Debug|Any CPU
		{5D44949C-41D1-4C89-BFF0-89751620C8CC}.Release|Any CPU.ActiveCfg = Release|Any CPU
		{5D44949C-41D1-4C89-BFF0-89751620C8CC}.Release|Any CPU.Build.0 = Release|Any CPU
		{5D44949C-41D1-4C89-BFF0-89751620C8CC}.Release|x64.ActiveCfg = Release|Any CPU
		{5D44949C-41D1-4C89-BFF0-89751620C8CC}.Release|x64.Build.0 = Release|Any CPU
		{5D44949C-41D1-4C89-BFF0-89751620C8CC}.Release|x86.ActiveCfg = Release|Any CPU
		{5D44949C-41D1-4C89-BFF0-89751620C8CC}.Release|x86.Build.0 = Release|Any CPU
		{A85873C9-527B-4D82-A095-2A5095C5AD8E}.Debug|Any CPU.ActiveCfg = Debug|Any CPU
		{A85873C9-527B-4D82-A095-2A5095C5AD8E}.Debug|Any CPU.Build.0 = Debug|Any CPU
		{A85873C9-527B-4D82-A095-2A5095C5AD8E}.Debug|x64.ActiveCfg = Debug|Any CPU
		{A85873C9-527B-4D82-A095-2A5095C5AD8E}.Debug|x64.Build.0 = Debug|Any CPU
		{A85873C9-527B-4D82-A095-2A5095C5AD8E}.Debug|x86.ActiveCfg = Debug|Any CPU
		{A85873C9-527B-4D82-A095-2A5095C5AD8E}.Debug|x86.Build.0 = Debug|Any CPU
		{A85873C9-527B-4D82-A095-2A5095C5AD8E}.Release|Any CPU.ActiveCfg = Release|Any CPU
		{A85873C9-527B-4D82-A095-2A5095C5AD8E}.Release|Any CPU.Build.0 = Release|Any CPU
		{A85873C9-527B-4D82-A095-2A5095C5AD8E}.Release|x64.ActiveCfg = Release|Any CPU
		{A85873C9-527B-4D82-A095-2A5095C5AD8E}.Release|x64.Build.0 = Release|Any CPU
		{A85873C9-527B-4D82-A095-2A5095C5AD8E}.Release|x86.ActiveCfg = Release|Any CPU
		{A85873C9-527B-4D82-A095-2A5095C5AD8E}.Release|x86.Build.0 = Release|Any CPU
		{85A33405-867E-407C-A0B3-AAEF62F483FF}.Debug|Any CPU.ActiveCfg = Debug|Any CPU
		{85A33405-867E-407C-A0B3-AAEF62F483FF}.Debug|Any CPU.Build.0 = Debug|Any CPU
		{85A33405-867E-407C-A0B3-AAEF62F483FF}.Debug|x64.ActiveCfg = Debug|Any CPU
		{85A33405-867E-407C-A0B3-AAEF62F483FF}.Debug|x64.Build.0 = Debug|Any CPU
		{85A33405-867E-407C-A0B3-AAEF62F483FF}.Debug|x86.ActiveCfg = Debug|Any CPU
		{85A33405-867E-407C-A0B3-AAEF62F483FF}.Debug|x86.Build.0 = Debug|Any CPU
		{85A33405-867E-407C-A0B3-AAEF62F483FF}.Release|Any CPU.ActiveCfg = Release|Any CPU
		{85A33405-867E-407C-A0B3-AAEF62F483FF}.Release|Any CPU.Build.0 = Release|Any CPU
		{85A33405-867E-407C-A0B3-AAEF62F483FF}.Release|x64.ActiveCfg = Release|Any CPU
		{85A33405-867E-407C-A0B3-AAEF62F483FF}.Release|x64.Build.0 = Release|Any CPU
		{85A33405-867E-407C-A0B3-AAEF62F483FF}.Release|x86.ActiveCfg = Release|Any CPU
		{85A33405-867E-407C-A0B3-AAEF62F483FF}.Release|x86.Build.0 = Release|Any CPU
		{6346923B-0CDD-45B8-B8EA-B74B067D2B84}.Debug|Any CPU.ActiveCfg = Debug|Any CPU
		{6346923B-0CDD-45B8-B8EA-B74B067D2B84}.Debug|Any CPU.Build.0 = Debug|Any CPU
		{6346923B-0CDD-45B8-B8EA-B74B067D2B84}.Debug|x64.ActiveCfg = Debug|Any CPU
		{6346923B-0CDD-45B8-B8EA-B74B067D2B84}.Debug|x64.Build.0 = Debug|Any CPU
		{6346923B-0CDD-45B8-B8EA-B74B067D2B84}.Debug|x86.ActiveCfg = Debug|Any CPU
		{6346923B-0CDD-45B8-B8EA-B74B067D2B84}.Debug|x86.Build.0 = Debug|Any CPU
		{6346923B-0CDD-45B8-B8EA-B74B067D2B84}.Release|Any CPU.ActiveCfg = Release|Any CPU
		{6346923B-0CDD-45B8-B8EA-B74B067D2B84}.Release|Any CPU.Build.0 = Release|Any CPU
		{6346923B-0CDD-45B8-B8EA-B74B067D2B84}.Release|x64.ActiveCfg = Release|Any CPU
		{6346923B-0CDD-45B8-B8EA-B74B067D2B84}.Release|x64.Build.0 = Release|Any CPU
		{6346923B-0CDD-45B8-B8EA-B74B067D2B84}.Release|x86.ActiveCfg = Release|Any CPU
		{6346923B-0CDD-45B8-B8EA-B74B067D2B84}.Release|x86.Build.0 = Release|Any CPU
		{80857BD6-BEE9-4F3B-8090-E502DDCED0AC}.Debug|Any CPU.ActiveCfg = Debug|Any CPU
		{80857BD6-BEE9-4F3B-8090-E502DDCED0AC}.Debug|Any CPU.Build.0 = Debug|Any CPU
		{80857BD6-BEE9-4F3B-8090-E502DDCED0AC}.Debug|x64.ActiveCfg = Debug|Any CPU
		{80857BD6-BEE9-4F3B-8090-E502DDCED0AC}.Debug|x64.Build.0 = Debug|Any CPU
		{80857BD6-BEE9-4F3B-8090-E502DDCED0AC}.Debug|x86.ActiveCfg = Debug|Any CPU
		{80857BD6-BEE9-4F3B-8090-E502DDCED0AC}.Debug|x86.Build.0 = Debug|Any CPU
		{80857BD6-BEE9-4F3B-8090-E502DDCED0AC}.Release|Any CPU.ActiveCfg = Release|Any CPU
		{80857BD6-BEE9-4F3B-8090-E502DDCED0AC}.Release|Any CPU.Build.0 = Release|Any CPU
		{80857BD6-BEE9-4F3B-8090-E502DDCED0AC}.Release|x64.ActiveCfg = Release|Any CPU
		{80857BD6-BEE9-4F3B-8090-E502DDCED0AC}.Release|x64.Build.0 = Release|Any CPU
		{80857BD6-BEE9-4F3B-8090-E502DDCED0AC}.Release|x86.ActiveCfg = Release|Any CPU
		{80857BD6-BEE9-4F3B-8090-E502DDCED0AC}.Release|x86.Build.0 = Release|Any CPU
		{2387897A-E0DF-4FE4-9E81-BEF9B286303D}.Debug|Any CPU.ActiveCfg = Debug|Any CPU
		{2387897A-E0DF-4FE4-9E81-BEF9B286303D}.Debug|Any CPU.Build.0 = Debug|Any CPU
		{2387897A-E0DF-4FE4-9E81-BEF9B286303D}.Debug|x64.ActiveCfg = Debug|Any CPU
		{2387897A-E0DF-4FE4-9E81-BEF9B286303D}.Debug|x64.Build.0 = Debug|Any CPU
		{2387897A-E0DF-4FE4-9E81-BEF9B286303D}.Debug|x86.ActiveCfg = Debug|Any CPU
		{2387897A-E0DF-4FE4-9E81-BEF9B286303D}.Debug|x86.Build.0 = Debug|Any CPU
		{2387897A-E0DF-4FE4-9E81-BEF9B286303D}.Release|Any CPU.ActiveCfg = Release|Any CPU
		{2387897A-E0DF-4FE4-9E81-BEF9B286303D}.Release|Any CPU.Build.0 = Release|Any CPU
		{2387897A-E0DF-4FE4-9E81-BEF9B286303D}.Release|x64.ActiveCfg = Release|Any CPU
		{2387897A-E0DF-4FE4-9E81-BEF9B286303D}.Release|x64.Build.0 = Release|Any CPU
		{2387897A-E0DF-4FE4-9E81-BEF9B286303D}.Release|x86.ActiveCfg = Release|Any CPU
		{2387897A-E0DF-4FE4-9E81-BEF9B286303D}.Release|x86.Build.0 = Release|Any CPU
		{08569F8B-561F-468A-9E59-21DE0EAF6433}.Debug|Any CPU.ActiveCfg = Debug|Any CPU
		{08569F8B-561F-468A-9E59-21DE0EAF6433}.Debug|Any CPU.Build.0 = Debug|Any CPU
		{08569F8B-561F-468A-9E59-21DE0EAF6433}.Debug|x64.ActiveCfg = Debug|Any CPU
		{08569F8B-561F-468A-9E59-21DE0EAF6433}.Debug|x64.Build.0 = Debug|Any CPU
		{08569F8B-561F-468A-9E59-21DE0EAF6433}.Debug|x86.ActiveCfg = Debug|Any CPU
		{08569F8B-561F-468A-9E59-21DE0EAF6433}.Debug|x86.Build.0 = Debug|Any CPU
		{08569F8B-561F-468A-9E59-21DE0EAF6433}.Release|Any CPU.ActiveCfg = Release|Any CPU
		{08569F8B-561F-468A-9E59-21DE0EAF6433}.Release|Any CPU.Build.0 = Release|Any CPU
		{08569F8B-561F-468A-9E59-21DE0EAF6433}.Release|x64.ActiveCfg = Release|Any CPU
		{08569F8B-561F-468A-9E59-21DE0EAF6433}.Release|x64.Build.0 = Release|Any CPU
		{08569F8B-561F-468A-9E59-21DE0EAF6433}.Release|x86.ActiveCfg = Release|Any CPU
		{08569F8B-561F-468A-9E59-21DE0EAF6433}.Release|x86.Build.0 = Release|Any CPU
		{435C1698-3E6B-477E-B49C-E7CFDC49AA61}.Debug|Any CPU.ActiveCfg = Debug|Any CPU
		{435C1698-3E6B-477E-B49C-E7CFDC49AA61}.Debug|Any CPU.Build.0 = Debug|Any CPU
		{435C1698-3E6B-477E-B49C-E7CFDC49AA61}.Debug|x64.ActiveCfg = Debug|Any CPU
		{435C1698-3E6B-477E-B49C-E7CFDC49AA61}.Debug|x64.Build.0 = Debug|Any CPU
		{435C1698-3E6B-477E-B49C-E7CFDC49AA61}.Debug|x86.ActiveCfg = Debug|Any CPU
		{435C1698-3E6B-477E-B49C-E7CFDC49AA61}.Debug|x86.Build.0 = Debug|Any CPU
		{435C1698-3E6B-477E-B49C-E7CFDC49AA61}.Release|Any CPU.ActiveCfg = Release|Any CPU
		{435C1698-3E6B-477E-B49C-E7CFDC49AA61}.Release|Any CPU.Build.0 = Release|Any CPU
		{435C1698-3E6B-477E-B49C-E7CFDC49AA61}.Release|x64.ActiveCfg = Release|Any CPU
		{435C1698-3E6B-477E-B49C-E7CFDC49AA61}.Release|x64.Build.0 = Release|Any CPU
		{435C1698-3E6B-477E-B49C-E7CFDC49AA61}.Release|x86.ActiveCfg = Release|Any CPU
		{435C1698-3E6B-477E-B49C-E7CFDC49AA61}.Release|x86.Build.0 = Release|Any CPU
		{84AFB7C5-8A1C-4950-946A-A01C80866A3B}.Debug|Any CPU.ActiveCfg = Debug|Any CPU
		{84AFB7C5-8A1C-4950-946A-A01C80866A3B}.Debug|Any CPU.Build.0 = Debug|Any CPU
		{84AFB7C5-8A1C-4950-946A-A01C80866A3B}.Debug|x64.ActiveCfg = Debug|Any CPU
		{84AFB7C5-8A1C-4950-946A-A01C80866A3B}.Debug|x64.Build.0 = Debug|Any CPU
		{84AFB7C5-8A1C-4950-946A-A01C80866A3B}.Debug|x86.ActiveCfg = Debug|Any CPU
		{84AFB7C5-8A1C-4950-946A-A01C80866A3B}.Debug|x86.Build.0 = Debug|Any CPU
		{84AFB7C5-8A1C-4950-946A-A01C80866A3B}.Release|Any CPU.ActiveCfg = Release|Any CPU
		{84AFB7C5-8A1C-4950-946A-A01C80866A3B}.Release|Any CPU.Build.0 = Release|Any CPU
		{84AFB7C5-8A1C-4950-946A-A01C80866A3B}.Release|x64.ActiveCfg = Release|Any CPU
		{84AFB7C5-8A1C-4950-946A-A01C80866A3B}.Release|x64.Build.0 = Release|Any CPU
		{84AFB7C5-8A1C-4950-946A-A01C80866A3B}.Release|x86.ActiveCfg = Release|Any CPU
		{84AFB7C5-8A1C-4950-946A-A01C80866A3B}.Release|x86.Build.0 = Release|Any CPU
		{56727F32-06CD-4B47-9A2C-27826675B88B}.Debug|Any CPU.ActiveCfg = Debug|Any CPU
		{56727F32-06CD-4B47-9A2C-27826675B88B}.Debug|Any CPU.Build.0 = Debug|Any CPU
		{56727F32-06CD-4B47-9A2C-27826675B88B}.Debug|x64.ActiveCfg = Debug|Any CPU
		{56727F32-06CD-4B47-9A2C-27826675B88B}.Debug|x64.Build.0 = Debug|Any CPU
		{56727F32-06CD-4B47-9A2C-27826675B88B}.Debug|x86.ActiveCfg = Debug|Any CPU
		{56727F32-06CD-4B47-9A2C-27826675B88B}.Debug|x86.Build.0 = Debug|Any CPU
		{56727F32-06CD-4B47-9A2C-27826675B88B}.Release|Any CPU.ActiveCfg = Release|Any CPU
		{56727F32-06CD-4B47-9A2C-27826675B88B}.Release|Any CPU.Build.0 = Release|Any CPU
		{56727F32-06CD-4B47-9A2C-27826675B88B}.Release|x64.ActiveCfg = Release|Any CPU
		{56727F32-06CD-4B47-9A2C-27826675B88B}.Release|x64.Build.0 = Release|Any CPU
		{56727F32-06CD-4B47-9A2C-27826675B88B}.Release|x86.ActiveCfg = Release|Any CPU
		{56727F32-06CD-4B47-9A2C-27826675B88B}.Release|x86.Build.0 = Release|Any CPU
		{EA82E1EF-4888-4C4C-9D20-BFA876025D20}.Debug|Any CPU.ActiveCfg = Debug|Any CPU
		{EA82E1EF-4888-4C4C-9D20-BFA876025D20}.Debug|Any CPU.Build.0 = Debug|Any CPU
		{EA82E1EF-4888-4C4C-9D20-BFA876025D20}.Debug|x64.ActiveCfg = Debug|Any CPU
		{EA82E1EF-4888-4C4C-9D20-BFA876025D20}.Debug|x64.Build.0 = Debug|Any CPU
		{EA82E1EF-4888-4C4C-9D20-BFA876025D20}.Debug|x86.ActiveCfg = Debug|Any CPU
		{EA82E1EF-4888-4C4C-9D20-BFA876025D20}.Debug|x86.Build.0 = Debug|Any CPU
		{EA82E1EF-4888-4C4C-9D20-BFA876025D20}.Release|Any CPU.ActiveCfg = Release|Any CPU
		{EA82E1EF-4888-4C4C-9D20-BFA876025D20}.Release|Any CPU.Build.0 = Release|Any CPU
		{EA82E1EF-4888-4C4C-9D20-BFA876025D20}.Release|x64.ActiveCfg = Release|Any CPU
		{EA82E1EF-4888-4C4C-9D20-BFA876025D20}.Release|x64.Build.0 = Release|Any CPU
		{EA82E1EF-4888-4C4C-9D20-BFA876025D20}.Release|x86.ActiveCfg = Release|Any CPU
		{EA82E1EF-4888-4C4C-9D20-BFA876025D20}.Release|x86.Build.0 = Release|Any CPU
		{4B57C887-0402-4AEA-BE74-B6690C3178F8}.Debug|Any CPU.ActiveCfg = Debug|Any CPU
		{4B57C887-0402-4AEA-BE74-B6690C3178F8}.Debug|Any CPU.Build.0 = Debug|Any CPU
		{4B57C887-0402-4AEA-BE74-B6690C3178F8}.Debug|x64.ActiveCfg = Debug|Any CPU
		{4B57C887-0402-4AEA-BE74-B6690C3178F8}.Debug|x64.Build.0 = Debug|Any CPU
		{4B57C887-0402-4AEA-BE74-B6690C3178F8}.Debug|x86.ActiveCfg = Debug|Any CPU
		{4B57C887-0402-4AEA-BE74-B6690C3178F8}.Debug|x86.Build.0 = Debug|Any CPU
		{4B57C887-0402-4AEA-BE74-B6690C3178F8}.Release|Any CPU.ActiveCfg = Release|Any CPU
		{4B57C887-0402-4AEA-BE74-B6690C3178F8}.Release|Any CPU.Build.0 = Release|Any CPU
		{4B57C887-0402-4AEA-BE74-B6690C3178F8}.Release|x64.ActiveCfg = Release|Any CPU
		{4B57C887-0402-4AEA-BE74-B6690C3178F8}.Release|x64.Build.0 = Release|Any CPU
		{4B57C887-0402-4AEA-BE74-B6690C3178F8}.Release|x86.ActiveCfg = Release|Any CPU
		{4B57C887-0402-4AEA-BE74-B6690C3178F8}.Release|x86.Build.0 = Release|Any CPU
		{4EF03034-5A12-42A9-A126-C711CA3D8EE1}.Debug|Any CPU.ActiveCfg = Debug|Any CPU
		{4EF03034-5A12-42A9-A126-C711CA3D8EE1}.Debug|Any CPU.Build.0 = Debug|Any CPU
		{4EF03034-5A12-42A9-A126-C711CA3D8EE1}.Debug|x64.ActiveCfg = Debug|Any CPU
		{4EF03034-5A12-42A9-A126-C711CA3D8EE1}.Debug|x64.Build.0 = Debug|Any CPU
		{4EF03034-5A12-42A9-A126-C711CA3D8EE1}.Debug|x86.ActiveCfg = Debug|Any CPU
		{4EF03034-5A12-42A9-A126-C711CA3D8EE1}.Debug|x86.Build.0 = Debug|Any CPU
		{4EF03034-5A12-42A9-A126-C711CA3D8EE1}.Release|Any CPU.ActiveCfg = Release|Any CPU
		{4EF03034-5A12-42A9-A126-C711CA3D8EE1}.Release|Any CPU.Build.0 = Release|Any CPU
		{4EF03034-5A12-42A9-A126-C711CA3D8EE1}.Release|x64.ActiveCfg = Release|Any CPU
		{4EF03034-5A12-42A9-A126-C711CA3D8EE1}.Release|x64.Build.0 = Release|Any CPU
		{4EF03034-5A12-42A9-A126-C711CA3D8EE1}.Release|x86.ActiveCfg = Release|Any CPU
		{4EF03034-5A12-42A9-A126-C711CA3D8EE1}.Release|x86.Build.0 = Release|Any CPU
		{569A1966-F823-47C3-B440-5301069B1460}.Debug|Any CPU.ActiveCfg = Debug|Any CPU
		{569A1966-F823-47C3-B440-5301069B1460}.Debug|Any CPU.Build.0 = Debug|Any CPU
		{569A1966-F823-47C3-B440-5301069B1460}.Debug|x64.ActiveCfg = Debug|Any CPU
		{569A1966-F823-47C3-B440-5301069B1460}.Debug|x64.Build.0 = Debug|Any CPU
		{569A1966-F823-47C3-B440-5301069B1460}.Debug|x86.ActiveCfg = Debug|Any CPU
		{569A1966-F823-47C3-B440-5301069B1460}.Debug|x86.Build.0 = Debug|Any CPU
		{569A1966-F823-47C3-B440-5301069B1460}.Release|Any CPU.ActiveCfg = Release|Any CPU
		{569A1966-F823-47C3-B440-5301069B1460}.Release|Any CPU.Build.0 = Release|Any CPU
		{569A1966-F823-47C3-B440-5301069B1460}.Release|x64.ActiveCfg = Release|Any CPU
		{569A1966-F823-47C3-B440-5301069B1460}.Release|x64.Build.0 = Release|Any CPU
		{569A1966-F823-47C3-B440-5301069B1460}.Release|x86.ActiveCfg = Release|Any CPU
		{569A1966-F823-47C3-B440-5301069B1460}.Release|x86.Build.0 = Release|Any CPU
		{8880170D-A214-4D24-BB00-F856FAF4040F}.Debug|Any CPU.ActiveCfg = Debug|Any CPU
		{8880170D-A214-4D24-BB00-F856FAF4040F}.Debug|Any CPU.Build.0 = Debug|Any CPU
		{8880170D-A214-4D24-BB00-F856FAF4040F}.Debug|x64.ActiveCfg = Debug|Any CPU
		{8880170D-A214-4D24-BB00-F856FAF4040F}.Debug|x64.Build.0 = Debug|Any CPU
		{8880170D-A214-4D24-BB00-F856FAF4040F}.Debug|x86.ActiveCfg = Debug|Any CPU
		{8880170D-A214-4D24-BB00-F856FAF4040F}.Debug|x86.Build.0 = Debug|Any CPU
		{8880170D-A214-4D24-BB00-F856FAF4040F}.Release|Any CPU.ActiveCfg = Release|Any CPU
		{8880170D-A214-4D24-BB00-F856FAF4040F}.Release|Any CPU.Build.0 = Release|Any CPU
		{8880170D-A214-4D24-BB00-F856FAF4040F}.Release|x64.ActiveCfg = Release|Any CPU
		{8880170D-A214-4D24-BB00-F856FAF4040F}.Release|x64.Build.0 = Release|Any CPU
		{8880170D-A214-4D24-BB00-F856FAF4040F}.Release|x86.ActiveCfg = Release|Any CPU
		{8880170D-A214-4D24-BB00-F856FAF4040F}.Release|x86.Build.0 = Release|Any CPU
		{1155C9C6-8A81-4111-B9D5-BBA01418B56B}.Debug|Any CPU.ActiveCfg = Debug|Any CPU
		{1155C9C6-8A81-4111-B9D5-BBA01418B56B}.Debug|Any CPU.Build.0 = Debug|Any CPU
		{1155C9C6-8A81-4111-B9D5-BBA01418B56B}.Debug|x64.ActiveCfg = Debug|Any CPU
		{1155C9C6-8A81-4111-B9D5-BBA01418B56B}.Debug|x64.Build.0 = Debug|Any CPU
		{1155C9C6-8A81-4111-B9D5-BBA01418B56B}.Debug|x86.ActiveCfg = Debug|Any CPU
		{1155C9C6-8A81-4111-B9D5-BBA01418B56B}.Debug|x86.Build.0 = Debug|Any CPU
		{1155C9C6-8A81-4111-B9D5-BBA01418B56B}.Release|Any CPU.ActiveCfg = Release|Any CPU
		{1155C9C6-8A81-4111-B9D5-BBA01418B56B}.Release|Any CPU.Build.0 = Release|Any CPU
		{1155C9C6-8A81-4111-B9D5-BBA01418B56B}.Release|x64.ActiveCfg = Release|Any CPU
		{1155C9C6-8A81-4111-B9D5-BBA01418B56B}.Release|x64.Build.0 = Release|Any CPU
		{1155C9C6-8A81-4111-B9D5-BBA01418B56B}.Release|x86.ActiveCfg = Release|Any CPU
		{1155C9C6-8A81-4111-B9D5-BBA01418B56B}.Release|x86.Build.0 = Release|Any CPU
		{77424425-1910-4066-9C3D-5E61CD77F312}.Debug|Any CPU.ActiveCfg = Debug|Any CPU
		{77424425-1910-4066-9C3D-5E61CD77F312}.Debug|Any CPU.Build.0 = Debug|Any CPU
		{77424425-1910-4066-9C3D-5E61CD77F312}.Debug|x64.ActiveCfg = Debug|Any CPU
		{77424425-1910-4066-9C3D-5E61CD77F312}.Debug|x64.Build.0 = Debug|Any CPU
		{77424425-1910-4066-9C3D-5E61CD77F312}.Debug|x86.ActiveCfg = Debug|Any CPU
		{77424425-1910-4066-9C3D-5E61CD77F312}.Debug|x86.Build.0 = Debug|Any CPU
		{77424425-1910-4066-9C3D-5E61CD77F312}.Release|Any CPU.ActiveCfg = Release|Any CPU
		{77424425-1910-4066-9C3D-5E61CD77F312}.Release|Any CPU.Build.0 = Release|Any CPU
		{77424425-1910-4066-9C3D-5E61CD77F312}.Release|x64.ActiveCfg = Release|Any CPU
		{77424425-1910-4066-9C3D-5E61CD77F312}.Release|x64.Build.0 = Release|Any CPU
		{77424425-1910-4066-9C3D-5E61CD77F312}.Release|x86.ActiveCfg = Release|Any CPU
		{77424425-1910-4066-9C3D-5E61CD77F312}.Release|x86.Build.0 = Release|Any CPU
		{64C42B68-3200-48A0-9FF8-BCE5C588D104}.Debug|Any CPU.ActiveCfg = Debug|Any CPU
		{64C42B68-3200-48A0-9FF8-BCE5C588D104}.Debug|Any CPU.Build.0 = Debug|Any CPU
		{64C42B68-3200-48A0-9FF8-BCE5C588D104}.Debug|x64.ActiveCfg = Debug|Any CPU
		{64C42B68-3200-48A0-9FF8-BCE5C588D104}.Debug|x64.Build.0 = Debug|Any CPU
		{64C42B68-3200-48A0-9FF8-BCE5C588D104}.Debug|x86.ActiveCfg = Debug|Any CPU
		{64C42B68-3200-48A0-9FF8-BCE5C588D104}.Debug|x86.Build.0 = Debug|Any CPU
		{64C42B68-3200-48A0-9FF8-BCE5C588D104}.Release|Any CPU.ActiveCfg = Release|Any CPU
		{64C42B68-3200-48A0-9FF8-BCE5C588D104}.Release|Any CPU.Build.0 = Release|Any CPU
		{64C42B68-3200-48A0-9FF8-BCE5C588D104}.Release|x64.ActiveCfg = Release|Any CPU
		{64C42B68-3200-48A0-9FF8-BCE5C588D104}.Release|x64.Build.0 = Release|Any CPU
		{64C42B68-3200-48A0-9FF8-BCE5C588D104}.Release|x86.ActiveCfg = Release|Any CPU
		{64C42B68-3200-48A0-9FF8-BCE5C588D104}.Release|x86.Build.0 = Release|Any CPU
		{A00EED19-CA12-4F1A-92A5-25AF24BAF304}.Debug|Any CPU.ActiveCfg = Debug|Any CPU
		{A00EED19-CA12-4F1A-92A5-25AF24BAF304}.Debug|Any CPU.Build.0 = Debug|Any CPU
		{A00EED19-CA12-4F1A-92A5-25AF24BAF304}.Debug|x64.ActiveCfg = Debug|Any CPU
		{A00EED19-CA12-4F1A-92A5-25AF24BAF304}.Debug|x64.Build.0 = Debug|Any CPU
		{A00EED19-CA12-4F1A-92A5-25AF24BAF304}.Debug|x86.ActiveCfg = Debug|Any CPU
		{A00EED19-CA12-4F1A-92A5-25AF24BAF304}.Debug|x86.Build.0 = Debug|Any CPU
		{A00EED19-CA12-4F1A-92A5-25AF24BAF304}.Release|Any CPU.ActiveCfg = Release|Any CPU
		{A00EED19-CA12-4F1A-92A5-25AF24BAF304}.Release|Any CPU.Build.0 = Release|Any CPU
		{A00EED19-CA12-4F1A-92A5-25AF24BAF304}.Release|x64.ActiveCfg = Release|Any CPU
		{A00EED19-CA12-4F1A-92A5-25AF24BAF304}.Release|x64.Build.0 = Release|Any CPU
		{A00EED19-CA12-4F1A-92A5-25AF24BAF304}.Release|x86.ActiveCfg = Release|Any CPU
		{A00EED19-CA12-4F1A-92A5-25AF24BAF304}.Release|x86.Build.0 = Release|Any CPU
		{C9D0E1F2-A3B4-5678-2345-789012345678}.Debug|Any CPU.ActiveCfg = Debug|Any CPU
		{C9D0E1F2-A3B4-5678-2345-789012345678}.Debug|Any CPU.Build.0 = Debug|Any CPU
		{C9D0E1F2-A3B4-5678-2345-789012345678}.Debug|x64.ActiveCfg = Debug|Any CPU
		{C9D0E1F2-A3B4-5678-2345-789012345678}.Debug|x64.Build.0 = Debug|Any CPU
		{C9D0E1F2-A3B4-5678-2345-789012345678}.Debug|x86.ActiveCfg = Debug|Any CPU
		{C9D0E1F2-A3B4-5678-2345-789012345678}.Debug|x86.Build.0 = Debug|Any CPU
		{C9D0E1F2-A3B4-5678-2345-789012345678}.Release|Any CPU.ActiveCfg = Release|Any CPU
		{C9D0E1F2-A3B4-5678-2345-789012345678}.Release|Any CPU.Build.0 = Release|Any CPU
		{C9D0E1F2-A3B4-5678-2345-789012345678}.Release|x64.ActiveCfg = Release|Any CPU
		{C9D0E1F2-A3B4-5678-2345-789012345678}.Release|x64.Build.0 = Release|Any CPU
		{C9D0E1F2-A3B4-5678-2345-789012345678}.Release|x86.ActiveCfg = Release|Any CPU
		{C9D0E1F2-A3B4-5678-2345-789012345678}.Release|x86.Build.0 = Release|Any CPU
		{D0E1F2A3-B4C5-6789-3456-890123456789}.Debug|Any CPU.ActiveCfg = Debug|Any CPU
		{D0E1F2A3-B4C5-6789-3456-890123456789}.Debug|Any CPU.Build.0 = Debug|Any CPU
		{D0E1F2A3-B4C5-6789-3456-890123456789}.Debug|x64.ActiveCfg = Debug|Any CPU
		{D0E1F2A3-B4C5-6789-3456-890123456789}.Debug|x64.Build.0 = Debug|Any CPU
		{D0E1F2A3-B4C5-6789-3456-890123456789}.Debug|x86.ActiveCfg = Debug|Any CPU
		{D0E1F2A3-B4C5-6789-3456-890123456789}.Debug|x86.Build.0 = Debug|Any CPU
		{D0E1F2A3-B4C5-6789-3456-890123456789}.Release|Any CPU.ActiveCfg = Release|Any CPU
		{D0E1F2A3-B4C5-6789-3456-890123456789}.Release|Any CPU.Build.0 = Release|Any CPU
		{D0E1F2A3-B4C5-6789-3456-890123456789}.Release|x64.ActiveCfg = Release|Any CPU
		{D0E1F2A3-B4C5-6789-3456-890123456789}.Release|x64.Build.0 = Release|Any CPU
		{D0E1F2A3-B4C5-6789-3456-890123456789}.Release|x86.ActiveCfg = Release|Any CPU
		{D0E1F2A3-B4C5-6789-3456-890123456789}.Release|x86.Build.0 = Release|Any CPU
		{B54FE80F-131E-4609-95B0-5D0CE59F9C5A}.Debug|Any CPU.ActiveCfg = Debug|Any CPU
		{B54FE80F-131E-4609-95B0-5D0CE59F9C5A}.Debug|Any CPU.Build.0 = Debug|Any CPU
		{B54FE80F-131E-4609-95B0-5D0CE59F9C5A}.Debug|x64.ActiveCfg = Debug|Any CPU
		{B54FE80F-131E-4609-95B0-5D0CE59F9C5A}.Debug|x64.Build.0 = Debug|Any CPU
		{B54FE80F-131E-4609-95B0-5D0CE59F9C5A}.Debug|x86.ActiveCfg = Debug|Any CPU
		{B54FE80F-131E-4609-95B0-5D0CE59F9C5A}.Debug|x86.Build.0 = Debug|Any CPU
		{B54FE80F-131E-4609-95B0-5D0CE59F9C5A}.Release|Any CPU.ActiveCfg = Release|Any CPU
		{B54FE80F-131E-4609-95B0-5D0CE59F9C5A}.Release|Any CPU.Build.0 = Release|Any CPU
		{B54FE80F-131E-4609-95B0-5D0CE59F9C5A}.Release|x64.ActiveCfg = Release|Any CPU
		{B54FE80F-131E-4609-95B0-5D0CE59F9C5A}.Release|x64.Build.0 = Release|Any CPU
		{B54FE80F-131E-4609-95B0-5D0CE59F9C5A}.Release|x86.ActiveCfg = Release|Any CPU
		{B54FE80F-131E-4609-95B0-5D0CE59F9C5A}.Release|x86.Build.0 = Release|Any CPU
		{E56407B6-5D02-4AB3-AA3E-52A803EF7DCD}.Debug|Any CPU.ActiveCfg = Debug|Any CPU
		{E56407B6-5D02-4AB3-AA3E-52A803EF7DCD}.Debug|Any CPU.Build.0 = Debug|Any CPU
		{E56407B6-5D02-4AB3-AA3E-52A803EF7DCD}.Debug|x64.ActiveCfg = Debug|Any CPU
		{E56407B6-5D02-4AB3-AA3E-52A803EF7DCD}.Debug|x64.Build.0 = Debug|Any CPU
		{E56407B6-5D02-4AB3-AA3E-52A803EF7DCD}.Debug|x86.ActiveCfg = Debug|Any CPU
		{E56407B6-5D02-4AB3-AA3E-52A803EF7DCD}.Debug|x86.Build.0 = Debug|Any CPU
		{E56407B6-5D02-4AB3-AA3E-52A803EF7DCD}.Release|Any CPU.ActiveCfg = Release|Any CPU
		{E56407B6-5D02-4AB3-AA3E-52A803EF7DCD}.Release|Any CPU.Build.0 = Release|Any CPU
		{E56407B6-5D02-4AB3-AA3E-52A803EF7DCD}.Release|x64.ActiveCfg = Release|Any CPU
		{E56407B6-5D02-4AB3-AA3E-52A803EF7DCD}.Release|x64.Build.0 = Release|Any CPU
		{E56407B6-5D02-4AB3-AA3E-52A803EF7DCD}.Release|x86.ActiveCfg = Release|Any CPU
		{E56407B6-5D02-4AB3-AA3E-52A803EF7DCD}.Release|x86.Build.0 = Release|Any CPU
		{30AD21F1-248C-4A35-9087-0F1F75EE62B5}.Debug|Any CPU.ActiveCfg = Debug|Any CPU
		{30AD21F1-248C-4A35-9087-0F1F75EE62B5}.Debug|Any CPU.Build.0 = Debug|Any CPU
		{30AD21F1-248C-4A35-9087-0F1F75EE62B5}.Debug|x64.ActiveCfg = Debug|Any CPU
		{30AD21F1-248C-4A35-9087-0F1F75EE62B5}.Debug|x64.Build.0 = Debug|Any CPU
		{30AD21F1-248C-4A35-9087-0F1F75EE62B5}.Debug|x86.ActiveCfg = Debug|Any CPU
		{30AD21F1-248C-4A35-9087-0F1F75EE62B5}.Debug|x86.Build.0 = Debug|Any CPU
		{30AD21F1-248C-4A35-9087-0F1F75EE62B5}.Release|Any CPU.ActiveCfg = Release|Any CPU
		{30AD21F1-248C-4A35-9087-0F1F75EE62B5}.Release|Any CPU.Build.0 = Release|Any CPU
		{30AD21F1-248C-4A35-9087-0F1F75EE62B5}.Release|x64.ActiveCfg = Release|Any CPU
		{30AD21F1-248C-4A35-9087-0F1F75EE62B5}.Release|x64.Build.0 = Release|Any CPU
		{30AD21F1-248C-4A35-9087-0F1F75EE62B5}.Release|x86.ActiveCfg = Release|Any CPU
		{30AD21F1-248C-4A35-9087-0F1F75EE62B5}.Release|x86.Build.0 = Release|Any CPU
		{A1B2C3D4-E5F6-7890-ABCD-EF1234567890}.Debug|Any CPU.ActiveCfg = Debug|Any CPU
		{A1B2C3D4-E5F6-7890-ABCD-EF1234567890}.Debug|Any CPU.Build.0 = Debug|Any CPU
		{A1B2C3D4-E5F6-7890-ABCD-EF1234567890}.Debug|x64.ActiveCfg = Debug|Any CPU
		{A1B2C3D4-E5F6-7890-ABCD-EF1234567890}.Debug|x64.Build.0 = Debug|Any CPU
		{A1B2C3D4-E5F6-7890-ABCD-EF1234567890}.Debug|x86.ActiveCfg = Debug|Any CPU
		{A1B2C3D4-E5F6-7890-ABCD-EF1234567890}.Debug|x86.Build.0 = Debug|Any CPU
		{A1B2C3D4-E5F6-7890-ABCD-EF1234567890}.Release|Any CPU.ActiveCfg = Release|Any CPU
		{A1B2C3D4-E5F6-7890-ABCD-EF1234567890}.Release|Any CPU.Build.0 = Release|Any CPU
		{A1B2C3D4-E5F6-7890-ABCD-EF1234567890}.Release|x64.ActiveCfg = Release|Any CPU
		{A1B2C3D4-E5F6-7890-ABCD-EF1234567890}.Release|x64.Build.0 = Release|Any CPU
		{A1B2C3D4-E5F6-7890-ABCD-EF1234567890}.Release|x86.ActiveCfg = Release|Any CPU
		{A1B2C3D4-E5F6-7890-ABCD-EF1234567890}.Release|x86.Build.0 = Release|Any CPU
		{B2C3D4E5-F6A7-8901-BCDE-F12345678901}.Debug|Any CPU.ActiveCfg = Debug|Any CPU
		{B2C3D4E5-F6A7-8901-BCDE-F12345678901}.Debug|Any CPU.Build.0 = Debug|Any CPU
		{B2C3D4E5-F6A7-8901-BCDE-F12345678901}.Debug|x64.ActiveCfg = Debug|Any CPU
		{B2C3D4E5-F6A7-8901-BCDE-F12345678901}.Debug|x64.Build.0 = Debug|Any CPU
		{B2C3D4E5-F6A7-8901-BCDE-F12345678901}.Debug|x86.ActiveCfg = Debug|Any CPU
		{B2C3D4E5-F6A7-8901-BCDE-F12345678901}.Debug|x86.Build.0 = Debug|Any CPU
		{B2C3D4E5-F6A7-8901-BCDE-F12345678901}.Release|Any CPU.ActiveCfg = Release|Any CPU
		{B2C3D4E5-F6A7-8901-BCDE-F12345678901}.Release|Any CPU.Build.0 = Release|Any CPU
		{B2C3D4E5-F6A7-8901-BCDE-F12345678901}.Release|x64.ActiveCfg = Release|Any CPU
		{B2C3D4E5-F6A7-8901-BCDE-F12345678901}.Release|x64.Build.0 = Release|Any CPU
		{B2C3D4E5-F6A7-8901-BCDE-F12345678901}.Release|x86.ActiveCfg = Release|Any CPU
		{B2C3D4E5-F6A7-8901-BCDE-F12345678901}.Release|x86.Build.0 = Release|Any CPU
		{EEDA90B7-6460-4201-A6A9-DBD62CB784BF}.Debug|Any CPU.ActiveCfg = Debug|Any CPU
		{EEDA90B7-6460-4201-A6A9-DBD62CB784BF}.Debug|Any CPU.Build.0 = Debug|Any CPU
		{EEDA90B7-6460-4201-A6A9-DBD62CB784BF}.Debug|x64.ActiveCfg = Debug|Any CPU
		{EEDA90B7-6460-4201-A6A9-DBD62CB784BF}.Debug|x64.Build.0 = Debug|Any CPU
		{EEDA90B7-6460-4201-A6A9-DBD62CB784BF}.Debug|x86.ActiveCfg = Debug|Any CPU
		{EEDA90B7-6460-4201-A6A9-DBD62CB784BF}.Debug|x86.Build.0 = Debug|Any CPU
		{EEDA90B7-6460-4201-A6A9-DBD62CB784BF}.Release|Any CPU.ActiveCfg = Release|Any CPU
		{EEDA90B7-6460-4201-A6A9-DBD62CB784BF}.Release|Any CPU.Build.0 = Release|Any CPU
		{EEDA90B7-6460-4201-A6A9-DBD62CB784BF}.Release|x64.ActiveCfg = Release|Any CPU
		{EEDA90B7-6460-4201-A6A9-DBD62CB784BF}.Release|x64.Build.0 = Release|Any CPU
		{EEDA90B7-6460-4201-A6A9-DBD62CB784BF}.Release|x86.ActiveCfg = Release|Any CPU
		{EEDA90B7-6460-4201-A6A9-DBD62CB784BF}.Release|x86.Build.0 = Release|Any CPU
		{171CF3B9-3982-4FCD-A947-5061A704574F}.Debug|Any CPU.ActiveCfg = Debug|Any CPU
		{171CF3B9-3982-4FCD-A947-5061A704574F}.Debug|Any CPU.Build.0 = Debug|Any CPU
		{171CF3B9-3982-4FCD-A947-5061A704574F}.Debug|x64.ActiveCfg = Debug|Any CPU
		{171CF3B9-3982-4FCD-A947-5061A704574F}.Debug|x64.Build.0 = Debug|Any CPU
		{171CF3B9-3982-4FCD-A947-5061A704574F}.Debug|x86.ActiveCfg = Debug|Any CPU
		{171CF3B9-3982-4FCD-A947-5061A704574F}.Debug|x86.Build.0 = Debug|Any CPU
		{171CF3B9-3982-4FCD-A947-5061A704574F}.Release|Any CPU.ActiveCfg = Release|Any CPU
		{171CF3B9-3982-4FCD-A947-5061A704574F}.Release|Any CPU.Build.0 = Release|Any CPU
		{171CF3B9-3982-4FCD-A947-5061A704574F}.Release|x64.ActiveCfg = Release|Any CPU
		{171CF3B9-3982-4FCD-A947-5061A704574F}.Release|x64.Build.0 = Release|Any CPU
		{171CF3B9-3982-4FCD-A947-5061A704574F}.Release|x86.ActiveCfg = Release|Any CPU
		{171CF3B9-3982-4FCD-A947-5061A704574F}.Release|x86.Build.0 = Release|Any CPU
		{D3C859F5-5FF2-4696-95FD-51434C5F143F}.Debug|Any CPU.ActiveCfg = Debug|Any CPU
		{D3C859F5-5FF2-4696-95FD-51434C5F143F}.Debug|Any CPU.Build.0 = Debug|Any CPU
		{D3C859F5-5FF2-4696-95FD-51434C5F143F}.Debug|x64.ActiveCfg = Debug|Any CPU
		{D3C859F5-5FF2-4696-95FD-51434C5F143F}.Debug|x64.Build.0 = Debug|Any CPU
		{D3C859F5-5FF2-4696-95FD-51434C5F143F}.Debug|x86.ActiveCfg = Debug|Any CPU
		{D3C859F5-5FF2-4696-95FD-51434C5F143F}.Debug|x86.Build.0 = Debug|Any CPU
		{D3C859F5-5FF2-4696-95FD-51434C5F143F}.Release|Any CPU.ActiveCfg = Release|Any CPU
		{D3C859F5-5FF2-4696-95FD-51434C5F143F}.Release|Any CPU.Build.0 = Release|Any CPU
		{D3C859F5-5FF2-4696-95FD-51434C5F143F}.Release|x64.ActiveCfg = Release|Any CPU
		{D3C859F5-5FF2-4696-95FD-51434C5F143F}.Release|x64.Build.0 = Release|Any CPU
		{D3C859F5-5FF2-4696-95FD-51434C5F143F}.Release|x86.ActiveCfg = Release|Any CPU
		{D3C859F5-5FF2-4696-95FD-51434C5F143F}.Release|x86.Build.0 = Release|Any CPU
		{E5F6A7B8-C9D0-1234-EF01-345678901234}.Debug|Any CPU.ActiveCfg = Debug|Any CPU
		{E5F6A7B8-C9D0-1234-EF01-345678901234}.Debug|Any CPU.Build.0 = Debug|Any CPU
		{E5F6A7B8-C9D0-1234-EF01-345678901234}.Debug|x64.ActiveCfg = Debug|Any CPU
		{E5F6A7B8-C9D0-1234-EF01-345678901234}.Debug|x64.Build.0 = Debug|Any CPU
		{E5F6A7B8-C9D0-1234-EF01-345678901234}.Debug|x86.ActiveCfg = Debug|Any CPU
		{E5F6A7B8-C9D0-1234-EF01-345678901234}.Debug|x86.Build.0 = Debug|Any CPU
		{E5F6A7B8-C9D0-1234-EF01-345678901234}.Release|Any CPU.ActiveCfg = Release|Any CPU
		{E5F6A7B8-C9D0-1234-EF01-345678901234}.Release|Any CPU.Build.0 = Release|Any CPU
		{E5F6A7B8-C9D0-1234-EF01-345678901234}.Release|x64.ActiveCfg = Release|Any CPU
		{E5F6A7B8-C9D0-1234-EF01-345678901234}.Release|x64.Build.0 = Release|Any CPU
		{E5F6A7B8-C9D0-1234-EF01-345678901234}.Release|x86.ActiveCfg = Release|Any CPU
		{E5F6A7B8-C9D0-1234-EF01-345678901234}.Release|x86.Build.0 = Release|Any CPU
		{F6A7B8C9-D0E1-2345-F012-456789012345}.Debug|Any CPU.ActiveCfg = Debug|Any CPU
		{F6A7B8C9-D0E1-2345-F012-456789012345}.Debug|Any CPU.Build.0 = Debug|Any CPU
		{F6A7B8C9-D0E1-2345-F012-456789012345}.Debug|x64.ActiveCfg = Debug|Any CPU
		{F6A7B8C9-D0E1-2345-F012-456789012345}.Debug|x64.Build.0 = Debug|Any CPU
		{F6A7B8C9-D0E1-2345-F012-456789012345}.Debug|x86.ActiveCfg = Debug|Any CPU
		{F6A7B8C9-D0E1-2345-F012-456789012345}.Debug|x86.Build.0 = Debug|Any CPU
		{F6A7B8C9-D0E1-2345-F012-456789012345}.Release|Any CPU.ActiveCfg = Release|Any CPU
		{F6A7B8C9-D0E1-2345-F012-456789012345}.Release|Any CPU.Build.0 = Release|Any CPU
		{F6A7B8C9-D0E1-2345-F012-456789012345}.Release|x64.ActiveCfg = Release|Any CPU
		{F6A7B8C9-D0E1-2345-F012-456789012345}.Release|x64.Build.0 = Release|Any CPU
		{F6A7B8C9-D0E1-2345-F012-456789012345}.Release|x86.ActiveCfg = Release|Any CPU
		{F6A7B8C9-D0E1-2345-F012-456789012345}.Release|x86.Build.0 = Release|Any CPU
		{F08D2AD4-400F-4720-9A5E-A3A036C1197E}.Debug|Any CPU.ActiveCfg = Debug|Any CPU
		{F08D2AD4-400F-4720-9A5E-A3A036C1197E}.Debug|Any CPU.Build.0 = Debug|Any CPU
		{F08D2AD4-400F-4720-9A5E-A3A036C1197E}.Debug|x64.ActiveCfg = Debug|Any CPU
		{F08D2AD4-400F-4720-9A5E-A3A036C1197E}.Debug|x64.Build.0 = Debug|Any CPU
		{F08D2AD4-400F-4720-9A5E-A3A036C1197E}.Debug|x86.ActiveCfg = Debug|Any CPU
		{F08D2AD4-400F-4720-9A5E-A3A036C1197E}.Debug|x86.Build.0 = Debug|Any CPU
		{F08D2AD4-400F-4720-9A5E-A3A036C1197E}.Release|Any CPU.ActiveCfg = Release|Any CPU
		{F08D2AD4-400F-4720-9A5E-A3A036C1197E}.Release|Any CPU.Build.0 = Release|Any CPU
		{F08D2AD4-400F-4720-9A5E-A3A036C1197E}.Release|x64.ActiveCfg = Release|Any CPU
		{F08D2AD4-400F-4720-9A5E-A3A036C1197E}.Release|x64.Build.0 = Release|Any CPU
		{F08D2AD4-400F-4720-9A5E-A3A036C1197E}.Release|x86.ActiveCfg = Release|Any CPU
		{F08D2AD4-400F-4720-9A5E-A3A036C1197E}.Release|x86.Build.0 = Release|Any CPU
		{1679CED4-8534-4FF7-A197-D5CA23898494}.Debug|Any CPU.ActiveCfg = Debug|Any CPU
		{1679CED4-8534-4FF7-A197-D5CA23898494}.Debug|Any CPU.Build.0 = Debug|Any CPU
		{1679CED4-8534-4FF7-A197-D5CA23898494}.Debug|x64.ActiveCfg = Debug|Any CPU
		{1679CED4-8534-4FF7-A197-D5CA23898494}.Debug|x64.Build.0 = Debug|Any CPU
		{1679CED4-8534-4FF7-A197-D5CA23898494}.Debug|x86.ActiveCfg = Debug|Any CPU
		{1679CED4-8534-4FF7-A197-D5CA23898494}.Debug|x86.Build.0 = Debug|Any CPU
		{1679CED4-8534-4FF7-A197-D5CA23898494}.Release|Any CPU.ActiveCfg = Release|Any CPU
		{1679CED4-8534-4FF7-A197-D5CA23898494}.Release|Any CPU.Build.0 = Release|Any CPU
		{1679CED4-8534-4FF7-A197-D5CA23898494}.Release|x64.ActiveCfg = Release|Any CPU
		{1679CED4-8534-4FF7-A197-D5CA23898494}.Release|x64.Build.0 = Release|Any CPU
		{1679CED4-8534-4FF7-A197-D5CA23898494}.Release|x86.ActiveCfg = Release|Any CPU
		{1679CED4-8534-4FF7-A197-D5CA23898494}.Release|x86.Build.0 = Release|Any CPU
		{BBD976BE-F211-4072-90B0-7EC102412EC1}.Debug|Any CPU.ActiveCfg = Debug|Any CPU
		{BBD976BE-F211-4072-90B0-7EC102412EC1}.Debug|Any CPU.Build.0 = Debug|Any CPU
		{BBD976BE-F211-4072-90B0-7EC102412EC1}.Debug|x64.ActiveCfg = Debug|Any CPU
		{BBD976BE-F211-4072-90B0-7EC102412EC1}.Debug|x64.Build.0 = Debug|Any CPU
		{BBD976BE-F211-4072-90B0-7EC102412EC1}.Debug|x86.ActiveCfg = Debug|Any CPU
		{BBD976BE-F211-4072-90B0-7EC102412EC1}.Debug|x86.Build.0 = Debug|Any CPU
		{BBD976BE-F211-4072-90B0-7EC102412EC1}.Release|Any CPU.ActiveCfg = Release|Any CPU
		{BBD976BE-F211-4072-90B0-7EC102412EC1}.Release|Any CPU.Build.0 = Release|Any CPU
		{BBD976BE-F211-4072-90B0-7EC102412EC1}.Release|x64.ActiveCfg = Release|Any CPU
		{BBD976BE-F211-4072-90B0-7EC102412EC1}.Release|x64.Build.0 = Release|Any CPU
		{BBD976BE-F211-4072-90B0-7EC102412EC1}.Release|x86.ActiveCfg = Release|Any CPU
		{BBD976BE-F211-4072-90B0-7EC102412EC1}.Release|x86.Build.0 = Release|Any CPU
		{C3D4E5F6-A7B8-9012-CDEF-123456789012}.Debug|Any CPU.ActiveCfg = Debug|Any CPU
		{C3D4E5F6-A7B8-9012-CDEF-123456789012}.Debug|Any CPU.Build.0 = Debug|Any CPU
		{C3D4E5F6-A7B8-9012-CDEF-123456789012}.Debug|x64.ActiveCfg = Debug|Any CPU
		{C3D4E5F6-A7B8-9012-CDEF-123456789012}.Debug|x64.Build.0 = Debug|Any CPU
		{C3D4E5F6-A7B8-9012-CDEF-123456789012}.Debug|x86.ActiveCfg = Debug|Any CPU
		{C3D4E5F6-A7B8-9012-CDEF-123456789012}.Debug|x86.Build.0 = Debug|Any CPU
		{C3D4E5F6-A7B8-9012-CDEF-123456789012}.Release|Any CPU.ActiveCfg = Release|Any CPU
		{C3D4E5F6-A7B8-9012-CDEF-123456789012}.Release|Any CPU.Build.0 = Release|Any CPU
		{C3D4E5F6-A7B8-9012-CDEF-123456789012}.Release|x64.ActiveCfg = Release|Any CPU
		{C3D4E5F6-A7B8-9012-CDEF-123456789012}.Release|x64.Build.0 = Release|Any CPU
		{C3D4E5F6-A7B8-9012-CDEF-123456789012}.Release|x86.ActiveCfg = Release|Any CPU
		{C3D4E5F6-A7B8-9012-CDEF-123456789012}.Release|x86.Build.0 = Release|Any CPU
		{D4E5F6A7-B8C9-0123-DEF0-234567890123}.Debug|Any CPU.ActiveCfg = Debug|Any CPU
		{D4E5F6A7-B8C9-0123-DEF0-234567890123}.Debug|Any CPU.Build.0 = Debug|Any CPU
		{D4E5F6A7-B8C9-0123-DEF0-234567890123}.Debug|x64.ActiveCfg = Debug|Any CPU
		{D4E5F6A7-B8C9-0123-DEF0-234567890123}.Debug|x64.Build.0 = Debug|Any CPU
		{D4E5F6A7-B8C9-0123-DEF0-234567890123}.Debug|x86.ActiveCfg = Debug|Any CPU
		{D4E5F6A7-B8C9-0123-DEF0-234567890123}.Debug|x86.Build.0 = Debug|Any CPU
		{D4E5F6A7-B8C9-0123-DEF0-234567890123}.Release|Any CPU.ActiveCfg = Release|Any CPU
		{D4E5F6A7-B8C9-0123-DEF0-234567890123}.Release|Any CPU.Build.0 = Release|Any CPU
		{D4E5F6A7-B8C9-0123-DEF0-234567890123}.Release|x64.ActiveCfg = Release|Any CPU
		{D4E5F6A7-B8C9-0123-DEF0-234567890123}.Release|x64.Build.0 = Release|Any CPU
		{D4E5F6A7-B8C9-0123-DEF0-234567890123}.Release|x86.ActiveCfg = Release|Any CPU
		{D4E5F6A7-B8C9-0123-DEF0-234567890123}.Release|x86.Build.0 = Release|Any CPU
		{09F5344C-C4C7-49ED-B4E2-98FFEC2DF434}.Debug|Any CPU.ActiveCfg = Debug|Any CPU
		{09F5344C-C4C7-49ED-B4E2-98FFEC2DF434}.Debug|Any CPU.Build.0 = Debug|Any CPU
		{09F5344C-C4C7-49ED-B4E2-98FFEC2DF434}.Debug|x64.ActiveCfg = Debug|Any CPU
		{09F5344C-C4C7-49ED-B4E2-98FFEC2DF434}.Debug|x64.Build.0 = Debug|Any CPU
		{09F5344C-C4C7-49ED-B4E2-98FFEC2DF434}.Debug|x86.ActiveCfg = Debug|Any CPU
		{09F5344C-C4C7-49ED-B4E2-98FFEC2DF434}.Debug|x86.Build.0 = Debug|Any CPU
		{09F5344C-C4C7-49ED-B4E2-98FFEC2DF434}.Release|Any CPU.ActiveCfg = Release|Any CPU
		{09F5344C-C4C7-49ED-B4E2-98FFEC2DF434}.Release|Any CPU.Build.0 = Release|Any CPU
		{09F5344C-C4C7-49ED-B4E2-98FFEC2DF434}.Release|x64.ActiveCfg = Release|Any CPU
		{09F5344C-C4C7-49ED-B4E2-98FFEC2DF434}.Release|x64.Build.0 = Release|Any CPU
		{09F5344C-C4C7-49ED-B4E2-98FFEC2DF434}.Release|x86.ActiveCfg = Release|Any CPU
		{09F5344C-C4C7-49ED-B4E2-98FFEC2DF434}.Release|x86.Build.0 = Release|Any CPU
		{BB1DB748-3444-4CC8-8E18-53FE18E70C8E}.Debug|Any CPU.ActiveCfg = Debug|Any CPU
		{BB1DB748-3444-4CC8-8E18-53FE18E70C8E}.Debug|Any CPU.Build.0 = Debug|Any CPU
		{BB1DB748-3444-4CC8-8E18-53FE18E70C8E}.Debug|x64.ActiveCfg = Debug|Any CPU
		{BB1DB748-3444-4CC8-8E18-53FE18E70C8E}.Debug|x64.Build.0 = Debug|Any CPU
		{BB1DB748-3444-4CC8-8E18-53FE18E70C8E}.Debug|x86.ActiveCfg = Debug|Any CPU
		{BB1DB748-3444-4CC8-8E18-53FE18E70C8E}.Debug|x86.Build.0 = Debug|Any CPU
		{BB1DB748-3444-4CC8-8E18-53FE18E70C8E}.Release|Any CPU.ActiveCfg = Release|Any CPU
		{BB1DB748-3444-4CC8-8E18-53FE18E70C8E}.Release|Any CPU.Build.0 = Release|Any CPU
		{BB1DB748-3444-4CC8-8E18-53FE18E70C8E}.Release|x64.ActiveCfg = Release|Any CPU
		{BB1DB748-3444-4CC8-8E18-53FE18E70C8E}.Release|x64.Build.0 = Release|Any CPU
		{BB1DB748-3444-4CC8-8E18-53FE18E70C8E}.Release|x86.ActiveCfg = Release|Any CPU
		{BB1DB748-3444-4CC8-8E18-53FE18E70C8E}.Release|x86.Build.0 = Release|Any CPU
		{23642E65-648A-48A4-8B95-BEAFA113F2D5}.Debug|Any CPU.ActiveCfg = Debug|Any CPU
		{23642E65-648A-48A4-8B95-BEAFA113F2D5}.Debug|Any CPU.Build.0 = Debug|Any CPU
		{23642E65-648A-48A4-8B95-BEAFA113F2D5}.Debug|x64.ActiveCfg = Debug|Any CPU
		{23642E65-648A-48A4-8B95-BEAFA113F2D5}.Debug|x64.Build.0 = Debug|Any CPU
		{23642E65-648A-48A4-8B95-BEAFA113F2D5}.Debug|x86.ActiveCfg = Debug|Any CPU
		{23642E65-648A-48A4-8B95-BEAFA113F2D5}.Debug|x86.Build.0 = Debug|Any CPU
		{23642E65-648A-48A4-8B95-BEAFA113F2D5}.Release|Any CPU.ActiveCfg = Release|Any CPU
		{23642E65-648A-48A4-8B95-BEAFA113F2D5}.Release|Any CPU.Build.0 = Release|Any CPU
		{23642E65-648A-48A4-8B95-BEAFA113F2D5}.Release|x64.ActiveCfg = Release|Any CPU
		{23642E65-648A-48A4-8B95-BEAFA113F2D5}.Release|x64.Build.0 = Release|Any CPU
		{23642E65-648A-48A4-8B95-BEAFA113F2D5}.Release|x86.ActiveCfg = Release|Any CPU
		{23642E65-648A-48A4-8B95-BEAFA113F2D5}.Release|x86.Build.0 = Release|Any CPU
		{A7B8C9D0-E1F2-3456-0123-567890123456}.Debug|Any CPU.ActiveCfg = Debug|Any CPU
		{A7B8C9D0-E1F2-3456-0123-567890123456}.Debug|Any CPU.Build.0 = Debug|Any CPU
		{A7B8C9D0-E1F2-3456-0123-567890123456}.Debug|x64.ActiveCfg = Debug|Any CPU
		{A7B8C9D0-E1F2-3456-0123-567890123456}.Debug|x64.Build.0 = Debug|Any CPU
		{A7B8C9D0-E1F2-3456-0123-567890123456}.Debug|x86.ActiveCfg = Debug|Any CPU
		{A7B8C9D0-E1F2-3456-0123-567890123456}.Debug|x86.Build.0 = Debug|Any CPU
		{A7B8C9D0-E1F2-3456-0123-567890123456}.Release|Any CPU.ActiveCfg = Release|Any CPU
		{A7B8C9D0-E1F2-3456-0123-567890123456}.Release|Any CPU.Build.0 = Release|Any CPU
		{A7B8C9D0-E1F2-3456-0123-567890123456}.Release|x64.ActiveCfg = Release|Any CPU
		{A7B8C9D0-E1F2-3456-0123-567890123456}.Release|x64.Build.0 = Release|Any CPU
		{A7B8C9D0-E1F2-3456-0123-567890123456}.Release|x86.ActiveCfg = Release|Any CPU
		{A7B8C9D0-E1F2-3456-0123-567890123456}.Release|x86.Build.0 = Release|Any CPU
		{B8C9D0E1-F2A3-4567-1234-678901234567}.Debug|Any CPU.ActiveCfg = Debug|Any CPU
		{B8C9D0E1-F2A3-4567-1234-678901234567}.Debug|Any CPU.Build.0 = Debug|Any CPU
		{B8C9D0E1-F2A3-4567-1234-678901234567}.Debug|x64.ActiveCfg = Debug|Any CPU
		{B8C9D0E1-F2A3-4567-1234-678901234567}.Debug|x64.Build.0 = Debug|Any CPU
		{B8C9D0E1-F2A3-4567-1234-678901234567}.Debug|x86.ActiveCfg = Debug|Any CPU
		{B8C9D0E1-F2A3-4567-1234-678901234567}.Debug|x86.Build.0 = Debug|Any CPU
		{B8C9D0E1-F2A3-4567-1234-678901234567}.Release|Any CPU.ActiveCfg = Release|Any CPU
		{B8C9D0E1-F2A3-4567-1234-678901234567}.Release|Any CPU.Build.0 = Release|Any CPU
		{B8C9D0E1-F2A3-4567-1234-678901234567}.Release|x64.ActiveCfg = Release|Any CPU
		{B8C9D0E1-F2A3-4567-1234-678901234567}.Release|x64.Build.0 = Release|Any CPU
		{B8C9D0E1-F2A3-4567-1234-678901234567}.Release|x86.ActiveCfg = Release|Any CPU
		{B8C9D0E1-F2A3-4567-1234-678901234567}.Release|x86.Build.0 = Release|Any CPU
		{3BC9BDEC-E476-4052-9032-11C9E406551B}.Debug|Any CPU.ActiveCfg = Debug|Any CPU
		{3BC9BDEC-E476-4052-9032-11C9E406551B}.Debug|Any CPU.Build.0 = Debug|Any CPU
		{3BC9BDEC-E476-4052-9032-11C9E406551B}.Debug|x64.ActiveCfg = Debug|Any CPU
		{3BC9BDEC-E476-4052-9032-11C9E406551B}.Debug|x64.Build.0 = Debug|Any CPU
		{3BC9BDEC-E476-4052-9032-11C9E406551B}.Debug|x86.ActiveCfg = Debug|Any CPU
		{3BC9BDEC-E476-4052-9032-11C9E406551B}.Debug|x86.Build.0 = Debug|Any CPU
		{3BC9BDEC-E476-4052-9032-11C9E406551B}.Release|Any CPU.ActiveCfg = Release|Any CPU
		{3BC9BDEC-E476-4052-9032-11C9E406551B}.Release|Any CPU.Build.0 = Release|Any CPU
		{3BC9BDEC-E476-4052-9032-11C9E406551B}.Release|x64.ActiveCfg = Release|Any CPU
		{3BC9BDEC-E476-4052-9032-11C9E406551B}.Release|x64.Build.0 = Release|Any CPU
		{3BC9BDEC-E476-4052-9032-11C9E406551B}.Release|x86.ActiveCfg = Release|Any CPU
		{3BC9BDEC-E476-4052-9032-11C9E406551B}.Release|x86.Build.0 = Release|Any CPU
		{6C44FE3B-03B2-4C91-9823-1209649AB02C}.Debug|Any CPU.ActiveCfg = Debug|Any CPU
		{6C44FE3B-03B2-4C91-9823-1209649AB02C}.Debug|Any CPU.Build.0 = Debug|Any CPU
		{6C44FE3B-03B2-4C91-9823-1209649AB02C}.Debug|x64.ActiveCfg = Debug|Any CPU
		{6C44FE3B-03B2-4C91-9823-1209649AB02C}.Debug|x64.Build.0 = Debug|Any CPU
		{6C44FE3B-03B2-4C91-9823-1209649AB02C}.Debug|x86.ActiveCfg = Debug|Any CPU
		{6C44FE3B-03B2-4C91-9823-1209649AB02C}.Debug|x86.Build.0 = Debug|Any CPU
		{6C44FE3B-03B2-4C91-9823-1209649AB02C}.Release|Any CPU.ActiveCfg = Release|Any CPU
		{6C44FE3B-03B2-4C91-9823-1209649AB02C}.Release|Any CPU.Build.0 = Release|Any CPU
		{6C44FE3B-03B2-4C91-9823-1209649AB02C}.Release|x64.ActiveCfg = Release|Any CPU
		{6C44FE3B-03B2-4C91-9823-1209649AB02C}.Release|x64.Build.0 = Release|Any CPU
		{6C44FE3B-03B2-4C91-9823-1209649AB02C}.Release|x86.ActiveCfg = Release|Any CPU
		{6C44FE3B-03B2-4C91-9823-1209649AB02C}.Release|x86.Build.0 = Release|Any CPU
		{CC5AEE01-82B5-4762-9906-A1939D90DCE7}.Debug|Any CPU.ActiveCfg = Debug|Any CPU
		{CC5AEE01-82B5-4762-9906-A1939D90DCE7}.Debug|Any CPU.Build.0 = Debug|Any CPU
		{CC5AEE01-82B5-4762-9906-A1939D90DCE7}.Debug|x64.ActiveCfg = Debug|Any CPU
		{CC5AEE01-82B5-4762-9906-A1939D90DCE7}.Debug|x64.Build.0 = Debug|Any CPU
		{CC5AEE01-82B5-4762-9906-A1939D90DCE7}.Debug|x86.ActiveCfg = Debug|Any CPU
		{CC5AEE01-82B5-4762-9906-A1939D90DCE7}.Debug|x86.Build.0 = Debug|Any CPU
		{CC5AEE01-82B5-4762-9906-A1939D90DCE7}.Release|Any CPU.ActiveCfg = Release|Any CPU
		{CC5AEE01-82B5-4762-9906-A1939D90DCE7}.Release|Any CPU.Build.0 = Release|Any CPU
		{CC5AEE01-82B5-4762-9906-A1939D90DCE7}.Release|x64.ActiveCfg = Release|Any CPU
		{CC5AEE01-82B5-4762-9906-A1939D90DCE7}.Release|x64.Build.0 = Release|Any CPU
		{CC5AEE01-82B5-4762-9906-A1939D90DCE7}.Release|x86.ActiveCfg = Release|Any CPU
		{CC5AEE01-82B5-4762-9906-A1939D90DCE7}.Release|x86.Build.0 = Release|Any CPU
		{E1F2A3B4-C5D6-7890-4567-901234567890}.Debug|Any CPU.ActiveCfg = Debug|Any CPU
		{E1F2A3B4-C5D6-7890-4567-901234567890}.Debug|Any CPU.Build.0 = Debug|Any CPU
		{E1F2A3B4-C5D6-7890-4567-901234567890}.Debug|x64.ActiveCfg = Debug|Any CPU
		{E1F2A3B4-C5D6-7890-4567-901234567890}.Debug|x64.Build.0 = Debug|Any CPU
		{E1F2A3B4-C5D6-7890-4567-901234567890}.Debug|x86.ActiveCfg = Debug|Any CPU
		{E1F2A3B4-C5D6-7890-4567-901234567890}.Debug|x86.Build.0 = Debug|Any CPU
		{E1F2A3B4-C5D6-7890-4567-901234567890}.Release|Any CPU.ActiveCfg = Release|Any CPU
		{E1F2A3B4-C5D6-7890-4567-901234567890}.Release|Any CPU.Build.0 = Release|Any CPU
		{E1F2A3B4-C5D6-7890-4567-901234567890}.Release|x64.ActiveCfg = Release|Any CPU
		{E1F2A3B4-C5D6-7890-4567-901234567890}.Release|x64.Build.0 = Release|Any CPU
		{E1F2A3B4-C5D6-7890-4567-901234567890}.Release|x86.ActiveCfg = Release|Any CPU
		{E1F2A3B4-C5D6-7890-4567-901234567890}.Release|x86.Build.0 = Release|Any CPU
		{F2A3B4C5-D6E7-8901-5678-012345678901}.Debug|Any CPU.ActiveCfg = Debug|Any CPU
		{F2A3B4C5-D6E7-8901-5678-012345678901}.Debug|Any CPU.Build.0 = Debug|Any CPU
		{F2A3B4C5-D6E7-8901-5678-012345678901}.Debug|x64.ActiveCfg = Debug|Any CPU
		{F2A3B4C5-D6E7-8901-5678-012345678901}.Debug|x64.Build.0 = Debug|Any CPU
		{F2A3B4C5-D6E7-8901-5678-012345678901}.Debug|x86.ActiveCfg = Debug|Any CPU
		{F2A3B4C5-D6E7-8901-5678-012345678901}.Debug|x86.Build.0 = Debug|Any CPU
		{F2A3B4C5-D6E7-8901-5678-012345678901}.Release|Any CPU.ActiveCfg = Release|Any CPU
		{F2A3B4C5-D6E7-8901-5678-012345678901}.Release|Any CPU.Build.0 = Release|Any CPU
		{F2A3B4C5-D6E7-8901-5678-012345678901}.Release|x64.ActiveCfg = Release|Any CPU
		{F2A3B4C5-D6E7-8901-5678-012345678901}.Release|x64.Build.0 = Release|Any CPU
		{F2A3B4C5-D6E7-8901-5678-012345678901}.Release|x86.ActiveCfg = Release|Any CPU
		{F2A3B4C5-D6E7-8901-5678-012345678901}.Release|x86.Build.0 = Release|Any CPU
		{26DADA2E-991C-4647-B822-7D7E56A26D2C}.Debug|Any CPU.ActiveCfg = Debug|Any CPU
		{26DADA2E-991C-4647-B822-7D7E56A26D2C}.Debug|Any CPU.Build.0 = Debug|Any CPU
		{26DADA2E-991C-4647-B822-7D7E56A26D2C}.Debug|x64.ActiveCfg = Debug|Any CPU
		{26DADA2E-991C-4647-B822-7D7E56A26D2C}.Debug|x64.Build.0 = Debug|Any CPU
		{26DADA2E-991C-4647-B822-7D7E56A26D2C}.Debug|x86.ActiveCfg = Debug|Any CPU
		{26DADA2E-991C-4647-B822-7D7E56A26D2C}.Debug|x86.Build.0 = Debug|Any CPU
		{26DADA2E-991C-4647-B822-7D7E56A26D2C}.Release|Any CPU.ActiveCfg = Release|Any CPU
		{26DADA2E-991C-4647-B822-7D7E56A26D2C}.Release|Any CPU.Build.0 = Release|Any CPU
		{26DADA2E-991C-4647-B822-7D7E56A26D2C}.Release|x64.ActiveCfg = Release|Any CPU
		{26DADA2E-991C-4647-B822-7D7E56A26D2C}.Release|x64.Build.0 = Release|Any CPU
		{26DADA2E-991C-4647-B822-7D7E56A26D2C}.Release|x86.ActiveCfg = Release|Any CPU
		{26DADA2E-991C-4647-B822-7D7E56A26D2C}.Release|x86.Build.0 = Release|Any CPU
	EndGlobalSection
	GlobalSection(SolutionProperties) = preSolution
		HideSolutionNode = FALSE
	EndGlobalSection
	GlobalSection(NestedProjects) = preSolution
		{C85EA180-0BFC-26C4-3C54-D13AF55619A0} = {CA253913-39DE-BFD0-C9A3-4B7EC6FBDF17}
		{BB145CCC-B032-4D57-ACA8-1E4B85F4E237} = {C85EA180-0BFC-26C4-3C54-D13AF55619A0}
		{F5271D48-D638-47EA-A940-180D48FA0A12} = {C85EA180-0BFC-26C4-3C54-D13AF55619A0}
		{5D44949C-41D1-4C89-BFF0-89751620C8CC} = {C85EA180-0BFC-26C4-3C54-D13AF55619A0}
		{AD2EC51B-67E0-7A23-BB90-F38C2E728003} = {CA253913-39DE-BFD0-C9A3-4B7EC6FBDF17}
		{A85873C9-527B-4D82-A095-2A5095C5AD8E} = {AD2EC51B-67E0-7A23-BB90-F38C2E728003}
		{85A33405-867E-407C-A0B3-AAEF62F483FF} = {AD2EC51B-67E0-7A23-BB90-F38C2E728003}
		{6346923B-0CDD-45B8-B8EA-B74B067D2B84} = {AD2EC51B-67E0-7A23-BB90-F38C2E728003}
		{7DE1F934-7CCF-E3EE-A908-C1647228BE54} = {CA253913-39DE-BFD0-C9A3-4B7EC6FBDF17}
		{80857BD6-BEE9-4F3B-8090-E502DDCED0AC} = {7DE1F934-7CCF-E3EE-A908-C1647228BE54}
		{2387897A-E0DF-4FE4-9E81-BEF9B286303D} = {7DE1F934-7CCF-E3EE-A908-C1647228BE54}
		{08569F8B-561F-468A-9E59-21DE0EAF6433} = {7DE1F934-7CCF-E3EE-A908-C1647228BE54}
		{142EC8A7-3ED3-F1D5-72C0-B33FD9E7512F} = {CA253913-39DE-BFD0-C9A3-4B7EC6FBDF17}
		{435C1698-3E6B-477E-B49C-E7CFDC49AA61} = {142EC8A7-3ED3-F1D5-72C0-B33FD9E7512F}
		{84AFB7C5-8A1C-4950-946A-A01C80866A3B} = {142EC8A7-3ED3-F1D5-72C0-B33FD9E7512F}
		{56727F32-06CD-4B47-9A2C-27826675B88B} = {142EC8A7-3ED3-F1D5-72C0-B33FD9E7512F}
		{78C93EB0-24DF-82A4-F1B1-96E98AE41D44} = {CA253913-39DE-BFD0-C9A3-4B7EC6FBDF17}
		{EA82E1EF-4888-4C4C-9D20-BFA876025D20} = {78C93EB0-24DF-82A4-F1B1-96E98AE41D44}
		{4B57C887-0402-4AEA-BE74-B6690C3178F8} = {78C93EB0-24DF-82A4-F1B1-96E98AE41D44}
		{4EF03034-5A12-42A9-A126-C711CA3D8EE1} = {78C93EB0-24DF-82A4-F1B1-96E98AE41D44}
		{942087FA-8007-6B91-A3C0-CAD18D66AC9A} = {CA253913-39DE-BFD0-C9A3-4B7EC6FBDF17}
		{569A1966-F823-47C3-B440-5301069B1460} = {942087FA-8007-6B91-A3C0-CAD18D66AC9A}
		{8880170D-A214-4D24-BB00-F856FAF4040F} = {942087FA-8007-6B91-A3C0-CAD18D66AC9A}
		{1155C9C6-8A81-4111-B9D5-BBA01418B56B} = {942087FA-8007-6B91-A3C0-CAD18D66AC9A}
		{79E2CFCF-76A6-C0E6-7EB9-1F2F9A036AA9} = {C85EA180-0BFC-26C4-3C54-D13AF55619A0}
		{77424425-1910-4066-9C3D-5E61CD77F312} = {79E2CFCF-76A6-C0E6-7EB9-1F2F9A036AA9}
		{64C42B68-3200-48A0-9FF8-BCE5C588D104} = {79E2CFCF-76A6-C0E6-7EB9-1F2F9A036AA9}
		{A00EED19-CA12-4F1A-92A5-25AF24BAF304} = {79E2CFCF-76A6-C0E6-7EB9-1F2F9A036AA9}
		{C9D0E1F2-A3B4-5678-2345-789012345678} = {C85EA180-0BFC-26C4-3C54-D13AF55619A0}
		{D0E1F2A3-B4C5-6789-3456-890123456789} = {79E2CFCF-76A6-C0E6-7EB9-1F2F9A036AA9}
		{462DE1E5-D8EA-8C4E-D16C-6B704977D019} = {AD2EC51B-67E0-7A23-BB90-F38C2E728003}
		{B54FE80F-131E-4609-95B0-5D0CE59F9C5A} = {462DE1E5-D8EA-8C4E-D16C-6B704977D019}
		{E56407B6-5D02-4AB3-AA3E-52A803EF7DCD} = {462DE1E5-D8EA-8C4E-D16C-6B704977D019}
		{30AD21F1-248C-4A35-9087-0F1F75EE62B5} = {462DE1E5-D8EA-8C4E-D16C-6B704977D019}
		{A1B2C3D4-E5F6-7890-ABCD-EF1234567890} = {AD2EC51B-67E0-7A23-BB90-F38C2E728003}
		{B2C3D4E5-F6A7-8901-BCDE-F12345678901} = {462DE1E5-D8EA-8C4E-D16C-6B704977D019}
		{D8F47482-2892-CD0B-E93A-24D345865960} = {7DE1F934-7CCF-E3EE-A908-C1647228BE54}
		{EEDA90B7-6460-4201-A6A9-DBD62CB784BF} = {D8F47482-2892-CD0B-E93A-24D345865960}
		{171CF3B9-3982-4FCD-A947-5061A704574F} = {D8F47482-2892-CD0B-E93A-24D345865960}
		{D3C859F5-5FF2-4696-95FD-51434C5F143F} = {D8F47482-2892-CD0B-E93A-24D345865960}
		{E5F6A7B8-C9D0-1234-EF01-345678901234} = {7DE1F934-7CCF-E3EE-A908-C1647228BE54}
		{F6A7B8C9-D0E1-2345-F012-456789012345} = {D8F47482-2892-CD0B-E93A-24D345865960}
		{7B7FD79D-8DE9-7BA0-A791-C691DD0CA939} = {142EC8A7-3ED3-F1D5-72C0-B33FD9E7512F}
		{F08D2AD4-400F-4720-9A5E-A3A036C1197E} = {7B7FD79D-8DE9-7BA0-A791-C691DD0CA939}
		{1679CED4-8534-4FF7-A197-D5CA23898494} = {7B7FD79D-8DE9-7BA0-A791-C691DD0CA939}
		{BBD976BE-F211-4072-90B0-7EC102412EC1} = {7B7FD79D-8DE9-7BA0-A791-C691DD0CA939}
		{C3D4E5F6-A7B8-9012-CDEF-123456789012} = {142EC8A7-3ED3-F1D5-72C0-B33FD9E7512F}
		{D4E5F6A7-B8C9-0123-DEF0-234567890123} = {7B7FD79D-8DE9-7BA0-A791-C691DD0CA939}
		{F8741562-C8B6-73CE-F87A-2E7F7A96BC24} = {78C93EB0-24DF-82A4-F1B1-96E98AE41D44}
		{09F5344C-C4C7-49ED-B4E2-98FFEC2DF434} = {F8741562-C8B6-73CE-F87A-2E7F7A96BC24}
		{BB1DB748-3444-4CC8-8E18-53FE18E70C8E} = {F8741562-C8B6-73CE-F87A-2E7F7A96BC24}
		{23642E65-648A-48A4-8B95-BEAFA113F2D5} = {F8741562-C8B6-73CE-F87A-2E7F7A96BC24}
		{A7B8C9D0-E1F2-3456-0123-567890123456} = {78C93EB0-24DF-82A4-F1B1-96E98AE41D44}
		{B8C9D0E1-F2A3-4567-1234-678901234567} = {F8741562-C8B6-73CE-F87A-2E7F7A96BC24}
		{AD024D33-1863-E62A-2599-1798AC70C871} = {942087FA-8007-6B91-A3C0-CAD18D66AC9A}
		{3BC9BDEC-E476-4052-9032-11C9E406551B} = {AD024D33-1863-E62A-2599-1798AC70C871}
		{6C44FE3B-03B2-4C91-9823-1209649AB02C} = {AD024D33-1863-E62A-2599-1798AC70C871}
		{CC5AEE01-82B5-4762-9906-A1939D90DCE7} = {AD024D33-1863-E62A-2599-1798AC70C871}
		{E1F2A3B4-C5D6-7890-4567-901234567890} = {942087FA-8007-6B91-A3C0-CAD18D66AC9A}
		{F2A3B4C5-D6E7-8901-5678-012345678901} = {AD024D33-1863-E62A-2599-1798AC70C871}
	EndGlobalSection
EndGlobal
